{
  "version": 4,
  "terraform_version": "1.1.4",
  "serial": 85,
  "lineage": "c1042f28-c112-0751-96a1-7f8c40c728be",
  "outputs": {
    "cloudfront_domain_name": {
      "value": "d2p47ivfotn6y1.cloudfront.net",
      "type": "string"
    }
  },
  "resources": [
    {
      "module": "module.tf_next",
      "mode": "data",
      "type": "aws_cloudfront_cache_policy",
      "name": "managed_caching_optimized",
      "provider": "provider[\"registry.terraform.io/hashicorp/aws\"]",
      "instances": [
        {
          "schema_version": 0,
          "attributes": {
            "comment": "Default policy when CF compression is enabled",
            "default_ttl": 86400,
            "etag": "E23ZP02F085DFQ",
            "id": "658327ea-f89d-4fab-a63d-7e88639e58f6",
            "max_ttl": 31536000,
            "min_ttl": 1,
            "name": "Managed-CachingOptimized",
            "parameters_in_cache_key_and_forwarded_to_origin": [
              {
                "cookies_config": [
                  {
                    "cookie_behavior": "none",
                    "cookies": []
                  }
                ],
                "enable_accept_encoding_brotli": true,
                "enable_accept_encoding_gzip": true,
                "headers_config": [
                  {
                    "header_behavior": "none",
                    "headers": []
                  }
                ],
                "query_strings_config": [
                  {
                    "query_string_behavior": "none",
                    "query_strings": []
                  }
                ]
              }
            ]
          },
          "sensitive_attributes": []
        }
      ]
    },
    {
      "module": "module.tf_next",
      "mode": "data",
      "type": "aws_cloudfront_origin_request_policy",
      "name": "managed_all_viewer",
      "provider": "provider[\"registry.terraform.io/hashicorp/aws\"]",
      "instances": [
        {
          "schema_version": 0,
          "attributes": {
            "comment": "Policy with forward all parameters in viewer requests",
            "cookies_config": [
              {
                "cookie_behavior": "all",
                "cookies": []
              }
            ],
            "etag": "E23ZP02F085DFQ",
            "headers_config": [
              {
                "header_behavior": "allViewer",
                "headers": []
              }
            ],
            "id": "216adef6-5c7f-47e4-b989-5492eafa07d3",
            "name": "Managed-AllViewer",
            "query_strings_config": [
              {
                "query_string_behavior": "all",
                "query_strings": []
              }
            ]
          },
          "sensitive_attributes": []
        }
      ]
    },
    {
      "module": "module.tf_next",
      "mode": "data",
      "type": "aws_cloudfront_origin_request_policy",
      "name": "managed_cors_s3_origin",
      "provider": "provider[\"registry.terraform.io/hashicorp/aws\"]",
      "instances": [
        {
          "schema_version": 0,
          "attributes": {
            "comment": "Policy for S3 origin with CORS",
            "cookies_config": [
              {
                "cookie_behavior": "none",
                "cookies": []
              }
            ],
            "etag": "E23ZP02F085DFQ",
            "headers_config": [
              {
                "header_behavior": "whitelist",
                "headers": [
                  {
                    "items": [
                      "access-control-request-headers",
                      "access-control-request-method",
                      "origin"
                    ]
                  }
                ]
              }
            ],
            "id": "88a5eaf4-2fd4-4709-b370-b4c650ea3fcf",
            "name": "Managed-CORS-S3Origin",
            "query_strings_config": [
              {
                "query_string_behavior": "none",
                "query_strings": []
              }
            ]
          },
          "sensitive_attributes": []
        }
      ]
    },
    {
      "module": "module.tf_next",
      "mode": "data",
      "type": "aws_iam_policy_document",
      "name": "access_static_deployment",
      "provider": "provider[\"registry.terraform.io/hashicorp/aws\"]",
      "instances": [
        {
          "schema_version": 0,
          "attributes": {
            "id": "3382473832",
            "json": "{\n  \"Version\": \"2012-10-17\",\n  \"Statement\": [\n    {\n      \"Sid\": \"\",\n      \"Effect\": \"Allow\",\n      \"Action\": \"s3:GetObject\",\n      \"Resource\": \"arn:aws:s3:::tf-next-tfn-static20220201020130192500000007/*\"\n    }\n  ]\n}",
            "override_json": null,
            "override_policy_documents": null,
            "policy_id": null,
            "source_json": null,
            "source_policy_documents": null,
            "statement": [
              {
                "actions": [
                  "s3:GetObject"
                ],
                "condition": [],
                "effect": "Allow",
                "not_actions": [],
                "not_principals": [],
                "not_resources": [],
                "principals": [],
                "resources": [
                  "arn:aws:s3:::tf-next-tfn-static20220201020130192500000007/*"
                ],
                "sid": ""
              }
            ],
            "version": "2012-10-17"
          },
          "sensitive_attributes": []
        }
      ]
    },
    {
      "module": "module.tf_next",
      "mode": "data",
      "type": "aws_iam_policy_document",
      "name": "assume_role",
      "provider": "provider[\"registry.terraform.io/hashicorp/aws\"]",
      "instances": [
        {
          "schema_version": 0,
          "attributes": {
            "id": "3693445097",
            "json": "{\n  \"Version\": \"2012-10-17\",\n  \"Statement\": [\n    {\n      \"Sid\": \"\",\n      \"Effect\": \"Allow\",\n      \"Action\": \"sts:AssumeRole\",\n      \"Principal\": {\n        \"Service\": \"lambda.amazonaws.com\"\n      }\n    }\n  ]\n}",
            "override_json": null,
            "override_policy_documents": null,
            "policy_id": null,
            "source_json": null,
            "source_policy_documents": null,
            "statement": [
              {
                "actions": [
                  "sts:AssumeRole"
                ],
                "condition": [],
                "effect": "Allow",
                "not_actions": [],
                "not_principals": [],
                "not_resources": [],
                "principals": [
                  {
                    "identifiers": [
                      "lambda.amazonaws.com"
                    ],
                    "type": "Service"
                  }
                ],
                "resources": [],
                "sid": ""
              }
            ],
            "version": "2012-10-17"
          },
          "sensitive_attributes": []
        }
      ]
    },
    {
      "module": "module.tf_next",
      "mode": "data",
      "type": "aws_iam_policy_document",
      "name": "lambda_logging",
      "provider": "provider[\"registry.terraform.io/hashicorp/aws\"]",
      "instances": [
        {
          "schema_version": 0,
          "attributes": {
            "id": "4063422367",
            "json": "{\n  \"Version\": \"2012-10-17\",\n  \"Statement\": [\n    {\n      \"Sid\": \"\",\n      \"Effect\": \"Allow\",\n      \"Action\": [\n        \"logs:PutLogEvents\",\n        \"logs:CreateLogStream\",\n        \"logs:CreateLogGroup\"\n      ],\n      \"Resource\": \"arn:aws:logs:*:*:*\"\n    }\n  ]\n}",
            "override_json": null,
            "override_policy_documents": null,
            "policy_id": null,
            "source_json": null,
            "source_policy_documents": null,
            "statement": [
              {
                "actions": [
                  "logs:CreateLogGroup",
                  "logs:CreateLogStream",
                  "logs:PutLogEvents"
                ],
                "condition": [],
                "effect": "Allow",
                "not_actions": [],
                "not_principals": [],
                "not_resources": [],
                "principals": [],
                "resources": [
                  "arn:aws:logs:*:*:*"
                ],
                "sid": ""
              }
            ],
            "version": "2012-10-17"
          },
          "sensitive_attributes": []
        }
      ]
    },
    {
      "module": "module.tf_next",
      "mode": "managed",
      "type": "aws_cloudfront_cache_policy",
      "name": "this",
      "provider": "provider[\"registry.terraform.io/hashicorp/aws\"]",
      "instances": [
        {
          "schema_version": 0,
          "attributes": {
            "comment": "Managed by Terraform Next.js",
            "default_ttl": 0,
            "etag": "E23ZP02F085DFQ",
            "id": "5a4f822b-1ce6-41b2-b2a2-7f3de5394462",
            "max_ttl": 31536000,
            "min_ttl": 0,
            "name": "tf-next_tfn-cache",
            "parameters_in_cache_key_and_forwarded_to_origin": [
              {
                "cookies_config": [
                  {
                    "cookie_behavior": "all",
                    "cookies": []
                  }
                ],
                "enable_accept_encoding_brotli": true,
                "enable_accept_encoding_gzip": true,
                "headers_config": [
                  {
                    "header_behavior": "whitelist",
                    "headers": [
                      {
                        "items": [
                          "Authorization",
                          "host"
                        ]
                      }
                    ]
                  }
                ],
                "query_strings_config": [
                  {
                    "query_string_behavior": "all",
                    "query_strings": []
                  }
                ]
              }
            ]
          },
          "sensitive_attributes": [],
          "private": "bnVsbA=="
        }
      ]
    },
    {
      "module": "module.tf_next",
      "mode": "managed",
      "type": "aws_cloudwatch_log_group",
      "name": "this",
      "provider": "provider[\"registry.terraform.io/hashicorp/aws\"]",
      "instances": [
        {
          "index_key": "__NEXT_PAGE_LAMBDA_0",
          "schema_version": 0,
          "attributes": {
            "arn": "arn:aws:logs:us-east-1:380739962837:log-group:/aws/lambda/tf-next___NEXT_PAGE_LAMBDA_0",
            "id": "/aws/lambda/tf-next___NEXT_PAGE_LAMBDA_0",
            "kms_key_id": "",
            "name": "/aws/lambda/tf-next___NEXT_PAGE_LAMBDA_0",
            "name_prefix": null,
            "retention_in_days": 14,
            "tags": {},
            "tags_all": {}
          },
          "sensitive_attributes": [],
          "private": "bnVsbA=="
        }
      ]
    },
    {
      "module": "module.tf_next",
      "mode": "managed",
      "type": "aws_iam_policy",
      "name": "lambda_logging",
      "provider": "provider[\"registry.terraform.io/hashicorp/aws\"]",
      "instances": [
        {
          "schema_version": 0,
          "attributes": {
            "arn": "arn:aws:iam::380739962837:policy/terraform-20220201020130182500000006",
            "description": "Managed by Terraform Next.js",
            "id": "arn:aws:iam::380739962837:policy/terraform-20220201020130182500000006",
            "name": "terraform-20220201020130182500000006",
            "name_prefix": null,
            "path": "/",
            "policy": "{\"Statement\":[{\"Action\":[\"logs:PutLogEvents\",\"logs:CreateLogStream\",\"logs:CreateLogGroup\"],\"Effect\":\"Allow\",\"Resource\":\"arn:aws:logs:*:*:*\",\"Sid\":\"\"}],\"Version\":\"2012-10-17\"}",
            "policy_id": "ANPAVRJO6Y7K23PHRUXKU",
            "tags": {},
            "tags_all": {}
          },
          "sensitive_attributes": [],
          "private": "bnVsbA==",
          "dependencies": [
            "module.tf_next.data.aws_iam_policy_document.lambda_logging"
          ]
        }
      ]
    },
    {
      "module": "module.tf_next",
      "mode": "managed",
      "type": "aws_iam_role",
      "name": "lambda",
      "provider": "provider[\"registry.terraform.io/hashicorp/aws\"]",
      "instances": [
        {
          "index_key": "__NEXT_PAGE_LAMBDA_0",
          "schema_version": 0,
          "attributes": {
            "arn": "arn:aws:iam::380739962837:role/tf-next___NEXT_PAGE_LAMBDA_0",
            "assume_role_policy": "{\"Version\":\"2012-10-17\",\"Statement\":[{\"Sid\":\"\",\"Effect\":\"Allow\",\"Principal\":{\"Service\":\"lambda.amazonaws.com\"},\"Action\":\"sts:AssumeRole\"}]}",
            "create_date": "2022-02-01T02:01:30Z",
            "description": "Managed by Terraform Next.js",
            "force_detach_policies": false,
            "id": "tf-next___NEXT_PAGE_LAMBDA_0",
            "inline_policy": [
              {
                "name": "",
                "policy": ""
              }
            ],
            "managed_policy_arns": [
              "arn:aws:iam::380739962837:policy/terraform-20220201020130182500000006"
            ],
            "max_session_duration": 3600,
            "name": "tf-next___NEXT_PAGE_LAMBDA_0",
            "name_prefix": "",
            "path": "/",
            "permissions_boundary": null,
            "tags": {},
            "tags_all": {},
            "unique_id": "AROAVRJO6Y7KRBYKAMXVJ"
          },
          "sensitive_attributes": [],
          "private": "bnVsbA==",
          "dependencies": [
            "module.tf_next.data.aws_iam_policy_document.assume_role"
          ]
        }
      ]
    },
    {
      "module": "module.tf_next",
      "mode": "managed",
      "type": "aws_iam_role_policy_attachment",
      "name": "lambda_logs",
      "provider": "provider[\"registry.terraform.io/hashicorp/aws\"]",
      "instances": [
        {
          "index_key": "__NEXT_PAGE_LAMBDA_0",
          "schema_version": 0,
          "attributes": {
            "id": "tf-next___NEXT_PAGE_LAMBDA_0-20220201020131437900000009",
            "policy_arn": "arn:aws:iam::380739962837:policy/terraform-20220201020130182500000006",
            "role": "tf-next___NEXT_PAGE_LAMBDA_0"
          },
          "sensitive_attributes": [],
          "private": "bnVsbA==",
          "dependencies": [
            "module.tf_next.aws_iam_policy.lambda_logging",
            "module.tf_next.aws_iam_role.lambda",
            "module.tf_next.data.aws_iam_policy_document.assume_role",
            "module.tf_next.data.aws_iam_policy_document.lambda_logging"
          ]
        }
      ]
    },
    {
      "module": "module.tf_next",
      "mode": "managed",
      "type": "aws_lambda_function",
      "name": "this",
      "provider": "provider[\"registry.terraform.io/hashicorp/aws\"]",
      "instances": [
        {
          "index_key": "__NEXT_PAGE_LAMBDA_0",
          "schema_version": 0,
          "attributes": {
            "architectures": [
              "x86_64"
            ],
            "arn": "arn:aws:lambda:us-east-1:380739962837:function:tf-next___NEXT_PAGE_LAMBDA_0",
            "code_signing_config_arn": "",
            "dead_letter_config": [],
            "description": "Managed by Terraform Next.js",
            "environment": [],
            "file_system_config": [],
            "filename": "./.next-tf/lambdas/__NEXT_PAGE_LAMBDA_0.zip",
            "function_name": "tf-next___NEXT_PAGE_LAMBDA_0",
            "handler": "now__launcher.launcher",
            "id": "tf-next___NEXT_PAGE_LAMBDA_0",
            "image_config": [],
            "image_uri": "",
            "invoke_arn": "arn:aws:apigateway:us-east-1:lambda:path/2015-03-31/functions/arn:aws:lambda:us-east-1:380739962837:function:tf-next___NEXT_PAGE_LAMBDA_0/invocations",
            "kms_key_arn": "",
            "last_modified": "2022-02-01T06:53:53.000+0000",
            "layers": [],
            "memory_size": 1024,
            "package_type": "Zip",
            "publish": false,
            "qualified_arn": "arn:aws:lambda:us-east-1:380739962837:function:tf-next___NEXT_PAGE_LAMBDA_0:$LATEST",
            "reserved_concurrent_executions": -1,
            "role": "arn:aws:iam::380739962837:role/tf-next___NEXT_PAGE_LAMBDA_0",
            "runtime": "nodejs14.x",
            "s3_bucket": null,
            "s3_key": null,
            "s3_object_version": null,
            "signing_job_arn": "",
            "signing_profile_version_arn": "",
            "source_code_hash": "jqIGozlw0Fb46Xi07OwcKOdwXfGdyMWOrAvrGdXtohU=",
            "source_code_size": 26815303,
            "tags": {},
            "tags_all": {},
            "timeout": 10,
            "timeouts": null,
            "tracing_config": [
              {
                "mode": "PassThrough"
              }
            ],
            "version": "$LATEST",
            "vpc_config": []
          },
          "sensitive_attributes": [],
          "private": "eyJlMmJmYjczMC1lY2FhLTExZTYtOGY4OC0zNDM2M2JjN2M0YzAiOnsiY3JlYXRlIjo2MDAwMDAwMDAwMDB9fQ==",
          "dependencies": [
            "module.tf_next.aws_cloudwatch_log_group.this",
            "module.tf_next.aws_iam_role.lambda",
            "module.tf_next.aws_iam_role_policy_attachment.lambda_logs"
          ]
        }
      ]
    },
    {
      "module": "module.tf_next",
      "mode": "managed",
      "type": "aws_lambda_permission",
      "name": "current_version_triggers",
      "provider": "provider[\"registry.terraform.io/hashicorp/aws\"]",
      "instances": [
        {
          "index_key": "__NEXT_PAGE_LAMBDA_0",
          "schema_version": 0,
          "attributes": {
            "action": "lambda:InvokeFunction",
            "event_source_token": null,
            "function_name": "tf-next___NEXT_PAGE_LAMBDA_0",
            "id": "AllowInvokeFromApiGateway",
            "principal": "apigateway.amazonaws.com",
            "qualifier": "",
            "source_account": null,
            "source_arn": "arn:aws:execute-api:us-east-1:380739962837:ufqt640pn6/*/*/*",
            "statement_id": "AllowInvokeFromApiGateway",
            "statement_id_prefix": null
          },
          "sensitive_attributes": [],
          "private": "bnVsbA==",
          "dependencies": [
            "module.tf_next.module.api_gateway.aws_apigatewayv2_api.this"
          ]
        }
      ]
    },
    {
      "module": "module.tf_next.module.api_gateway",
      "mode": "managed",
      "type": "aws_apigatewayv2_api",
      "name": "this",
      "provider": "provider[\"registry.terraform.io/hashicorp/aws\"]",
      "instances": [
        {
          "index_key": 0,
          "schema_version": 0,
          "attributes": {
            "api_endpoint": "https://ufqt640pn6.execute-api.us-east-1.amazonaws.com",
            "api_key_selection_expression": "$request.header.x-api-key",
            "arn": "arn:aws:apigateway:us-east-1::/apis/ufqt640pn6",
            "body": null,
            "cors_configuration": [],
            "credentials_arn": null,
            "description": "Managed by Terraform Next.js",
            "disable_execute_api_endpoint": false,
            "execution_arn": "arn:aws:execute-api:us-east-1:380739962837:ufqt640pn6",
            "fail_on_warnings": null,
            "id": "ufqt640pn6",
            "name": "tf-next",
            "protocol_type": "HTTP",
            "route_key": null,
            "route_selection_expression": "$request.method $request.path",
            "tags": {},
            "tags_all": {},
            "target": null,
            "version": ""
          },
          "sensitive_attributes": [],
          "private": "bnVsbA=="
        }
      ]
    },
    {
      "module": "module.tf_next.module.api_gateway",
      "mode": "managed",
      "type": "aws_apigatewayv2_integration",
      "name": "this",
      "provider": "provider[\"registry.terraform.io/hashicorp/aws\"]",
      "instances": [
        {
          "index_key": "ANY /__NEXT_PAGE_LAMBDA_0/{proxy+}",
          "schema_version": 0,
          "attributes": {
            "api_id": "ufqt640pn6",
            "connection_id": "",
            "connection_type": "INTERNET",
            "content_handling_strategy": "",
            "credentials_arn": "",
            "description": "",
            "id": "vfh6ye2",
            "integration_method": "POST",
            "integration_response_selection_expression": "",
            "integration_subtype": "",
            "integration_type": "AWS_PROXY",
            "integration_uri": "arn:aws:lambda:us-east-1:380739962837:function:tf-next___NEXT_PAGE_LAMBDA_0",
            "passthrough_behavior": "",
            "payload_format_version": "2.0",
            "request_parameters": {},
            "request_templates": {},
            "response_parameters": [],
            "template_selection_expression": "",
            "timeout_milliseconds": 10000,
            "tls_config": []
          },
          "sensitive_attributes": [],
          "private": "bnVsbA==",
          "dependencies": [
            "module.tf_next.aws_cloudwatch_log_group.this",
            "module.tf_next.aws_iam_policy.lambda_logging",
            "module.tf_next.aws_iam_role.lambda",
            "module.tf_next.aws_iam_role_policy_attachment.lambda_logs",
            "module.tf_next.aws_lambda_function.this",
            "module.tf_next.data.aws_iam_policy_document.assume_role",
            "module.tf_next.data.aws_iam_policy_document.lambda_logging",
            "module.tf_next.module.api_gateway.aws_apigatewayv2_api.this",
            "module.tf_next.module.api_gateway.aws_apigatewayv2_vpc_link.this"
          ]
        }
      ]
    },
    {
      "module": "module.tf_next.module.api_gateway",
      "mode": "managed",
      "type": "aws_apigatewayv2_route",
      "name": "this",
      "provider": "provider[\"registry.terraform.io/hashicorp/aws\"]",
      "instances": [
        {
          "index_key": "ANY /__NEXT_PAGE_LAMBDA_0/{proxy+}",
          "schema_version": 0,
          "attributes": {
            "api_id": "ufqt640pn6",
            "api_key_required": false,
            "authorization_scopes": [],
            "authorization_type": "NONE",
            "authorizer_id": "",
            "id": "u0o9wy1",
            "model_selection_expression": "",
            "operation_name": "",
            "request_models": {},
            "request_parameter": [],
            "route_key": "ANY /__NEXT_PAGE_LAMBDA_0/{proxy+}",
            "route_response_selection_expression": "",
            "target": "integrations/vfh6ye2"
          },
          "sensitive_attributes": [],
          "private": "bnVsbA==",
          "dependencies": [
            "module.tf_next.aws_cloudwatch_log_group.this",
            "module.tf_next.aws_iam_policy.lambda_logging",
            "module.tf_next.aws_iam_role.lambda",
            "module.tf_next.aws_iam_role_policy_attachment.lambda_logs",
            "module.tf_next.aws_lambda_function.this",
            "module.tf_next.data.aws_iam_policy_document.assume_role",
            "module.tf_next.data.aws_iam_policy_document.lambda_logging",
            "module.tf_next.module.api_gateway.aws_apigatewayv2_api.this",
            "module.tf_next.module.api_gateway.aws_apigatewayv2_integration.this",
            "module.tf_next.module.api_gateway.aws_apigatewayv2_vpc_link.this"
          ]
        }
      ]
    },
    {
      "module": "module.tf_next.module.api_gateway",
      "mode": "managed",
      "type": "aws_apigatewayv2_stage",
      "name": "default",
      "provider": "provider[\"registry.terraform.io/hashicorp/aws\"]",
      "instances": [
        {
          "index_key": 0,
          "schema_version": 0,
          "attributes": {
            "access_log_settings": [],
            "api_id": "ufqt640pn6",
            "arn": "arn:aws:apigateway:us-east-1::/apis/ufqt640pn6/stages/$default",
            "auto_deploy": true,
            "client_certificate_id": "",
            "default_route_settings": [
              {
                "data_trace_enabled": false,
                "detailed_metrics_enabled": false,
                "logging_level": "",
                "throttling_burst_limit": 0,
                "throttling_rate_limit": 0
              }
            ],
            "deployment_id": "een9b9",
            "description": "",
            "execution_arn": "arn:aws:execute-api:us-east-1:380739962837:ufqt640pn6/$default",
            "id": "$default",
            "invoke_url": "https://ufqt640pn6.execute-api.us-east-1.amazonaws.com/",
            "name": "$default",
            "route_settings": [],
            "stage_variables": {},
            "tags": {},
            "tags_all": {}
          },
          "sensitive_attributes": [],
          "private": "bnVsbA==",
          "dependencies": [
            "module.tf_next.module.api_gateway.aws_apigatewayv2_api.this"
          ]
        }
      ]
    },
    {
      "module": "module.tf_next.module.cloudfront_main[0]",
      "mode": "managed",
      "type": "aws_cloudfront_distribution",
      "name": "distribution",
      "provider": "provider[\"registry.terraform.io/hashicorp/aws\"]",
      "instances": [
        {
          "schema_version": 1,
          "attributes": {
            "aliases": [],
            "arn": "arn:aws:cloudfront::380739962837:distribution/E3L1GL1DQ3JA7L",
            "caller_reference": "terraform-2022020102044298810000000f",
            "comment": "tf-next - Main",
            "custom_error_response": [
              {
                "error_caching_min_ttl": 60,
                "error_code": 403,
                "response_code": 404,
                "response_page_path": "/404"
              }
            ],
            "default_cache_behavior": [
              {
                "allowed_methods": [
                  "DELETE",
                  "GET",
                  "HEAD",
                  "OPTIONS",
                  "PATCH",
                  "POST",
                  "PUT"
                ],
                "cache_policy_id": "5a4f822b-1ce6-41b2-b2a2-7f3de5394462",
                "cached_methods": [
                  "GET",
                  "HEAD"
                ],
                "compress": true,
                "default_ttl": 0,
                "field_level_encryption_id": "",
                "forwarded_values": [],
                "function_association": [],
                "lambda_function_association": [
                  {
                    "event_type": "origin-request",
                    "include_body": false,
                    "lambda_arn": "arn:aws:lambda:us-east-1:380739962837:function:tf-next_tfn-proxy:1"
                  }
                ],
                "max_ttl": 0,
                "min_ttl": 0,
                "origin_request_policy_id": "216adef6-5c7f-47e4-b989-5492eafa07d3",
                "realtime_log_config_arn": "",
                "response_headers_policy_id": "",
                "smooth_streaming": false,
                "target_origin_id": "tf-next-s3-static-content",
                "trusted_key_groups": [],
                "trusted_signers": [],
                "viewer_protocol_policy": "redirect-to-https"
              }
            ],
            "default_root_object": "",
            "domain_name": "d2p47ivfotn6y1.cloudfront.net",
            "enabled": true,
            "etag": "E92SL1XSWFDF",
            "hosted_zone_id": "Z2FDTNDATAQYW2",
            "http_version": "http2",
            "id": "E3L1GL1DQ3JA7L",
            "in_progress_validation_batches": 0,
            "is_ipv6_enabled": true,
            "last_modified_time": "2022-02-01 02:04:43.263 +0000 UTC",
            "logging_config": [],
            "ordered_cache_behavior": [
              {
                "allowed_methods": [
                  "GET",
                  "HEAD"
                ],
                "cache_policy_id": "11ffb394-1e49-46ad-8f80-510b8c251ff9",
                "cached_methods": [
                  "GET",
                  "HEAD"
                ],
                "compress": true,
                "default_ttl": 0,
                "field_level_encryption_id": "",
                "forwarded_values": [],
                "function_association": [],
                "lambda_function_association": [],
                "max_ttl": 0,
                "min_ttl": 0,
                "origin_request_policy_id": "6259974c-35b3-42ae-923e-33ab713c0bd6",
                "path_pattern": "/_next/image*",
                "realtime_log_config_arn": "",
                "response_headers_policy_id": "",
                "smooth_streaming": false,
                "target_origin_id": "tf-next-image-optimizer",
                "trusted_key_groups": [],
                "trusted_signers": [],
                "viewer_protocol_policy": "redirect-to-https"
              },
              {
                "allowed_methods": [
                  "GET",
                  "HEAD"
                ],
                "cache_policy_id": "658327ea-f89d-4fab-a63d-7e88639e58f6",
                "cached_methods": [
                  "GET",
                  "HEAD"
                ],
                "compress": true,
                "default_ttl": 0,
                "field_level_encryption_id": "",
                "forwarded_values": [],
                "function_association": [],
                "lambda_function_association": [],
                "max_ttl": 0,
                "min_ttl": 0,
                "origin_request_policy_id": "88a5eaf4-2fd4-4709-b370-b4c650ea3fcf",
                "path_pattern": "/_next/static/*",
                "realtime_log_config_arn": "",
                "response_headers_policy_id": "",
                "smooth_streaming": false,
                "target_origin_id": "tf-next-s3-static-content",
                "trusted_key_groups": [],
                "trusted_signers": [],
                "viewer_protocol_policy": "redirect-to-https"
              }
            ],
            "origin": [
              {
                "connection_attempts": 3,
                "connection_timeout": 10,
                "custom_header": [
                  {
                    "name": "x-env-api-endpoint",
                    "value": "ufqt640pn6.execute-api.us-east-1.amazonaws.com"
                  },
                  {
                    "name": "x-env-config-endpoint",
                    "value": "http://dw3y1dw4sg5kh.cloudfront.net/proxy-config.json"
                  }
                ],
                "custom_origin_config": [],
                "domain_name": "tf-next-tfn-static20220201020130192500000007.s3.amazonaws.com",
                "origin_id": "tf-next-s3-static-content",
                "origin_path": "",
                "origin_shield": [],
                "s3_origin_config": [
                  {
                    "origin_access_identity": "origin-access-identity/cloudfront/E3PSGPREDA04GQ"
                  }
                ]
              },
              {
                "connection_attempts": 3,
                "connection_timeout": 10,
                "custom_header": [],
                "custom_origin_config": [
                  {
                    "http_port": 80,
                    "https_port": 443,
                    "origin_keepalive_timeout": 5,
                    "origin_protocol_policy": "https-only",
                    "origin_read_timeout": 30,
                    "origin_ssl_protocols": [
                      "TLSv1.2"
                    ]
                  }
                ],
                "domain_name": "j7wgp8nlof.execute-api.us-east-1.amazonaws.com",
                "origin_id": "tf-next-image-optimizer",
                "origin_path": "",
                "origin_shield": [
                  {
                    "enabled": true,
                    "origin_shield_region": "us-east-1"
                  }
                ],
                "s3_origin_config": []
              }
            ],
            "origin_group": [],
            "price_class": "PriceClass_100",
            "restrictions": [
              {
                "geo_restriction": [
                  {
                    "locations": [],
                    "restriction_type": "none"
                  }
                ]
              }
            ],
            "retain_on_delete": false,
            "status": "Deployed",
            "tags": {},
            "tags_all": {},
            "trusted_key_groups": [
              {
                "enabled": false,
                "items": []
              }
            ],
            "trusted_signers": [
              {
                "enabled": false,
                "items": []
              }
            ],
            "viewer_certificate": [
              {
                "acm_certificate_arn": "",
                "cloudfront_default_certificate": true,
                "iam_certificate_id": "",
                "minimum_protocol_version": "TLSv1",
                "ssl_support_method": ""
              }
            ],
            "wait_for_deployment": true,
            "web_acl_id": ""
          },
          "sensitive_attributes": [],
          "private": "eyJzY2hlbWFfdmVyc2lvbiI6IjEifQ==",
          "dependencies": [
            "module.tf_next.aws_cloudfront_cache_policy.this",
            "module.tf_next.data.aws_cloudfront_cache_policy.managed_caching_optimized",
            "module.tf_next.data.aws_cloudfront_origin_request_policy.managed_all_viewer",
            "module.tf_next.data.aws_cloudfront_origin_request_policy.managed_cors_s3_origin",
            "module.tf_next.module.api_gateway.aws_apigatewayv2_api.this",
            "module.tf_next.module.next_image.aws_cloudfront_cache_policy.this",
            "module.tf_next.module.next_image.aws_cloudfront_origin_request_policy.this",
            "module.tf_next.module.next_image.data.aws_region.current",
            "module.tf_next.module.next_image.module.api_gateway.aws_apigatewayv2_api.this",
            "module.tf_next.module.proxy.module.edge_proxy.aws_cloudwatch_log_group.lambda",
            "module.tf_next.module.proxy.module.edge_proxy.aws_iam_role.lambda",
            "module.tf_next.module.proxy.module.edge_proxy.aws_lambda_function.this",
            "module.tf_next.module.proxy.module.edge_proxy.aws_s3_bucket_object.lambda_package",
            "module.tf_next.module.proxy.module.edge_proxy.data.aws_iam_policy_document.assume_role",
            "module.tf_next.module.proxy.module.edge_proxy.data.external.archive_prepare",
            "module.tf_next.module.proxy.module.edge_proxy.local_file.archive_plan",
            "module.tf_next.module.proxy.module.edge_proxy.null_resource.archive",
            "module.tf_next.module.proxy.module.proxy_package.data.external.download",
            "module.tf_next.module.proxy.module.proxy_package.data.external.this",
            "module.tf_next.module.proxy_config.aws_cloudfront_distribution.distribution",
            "module.tf_next.module.proxy_config.aws_cloudfront_origin_access_identity.this",
            "module.tf_next.module.proxy_config.aws_s3_bucket.proxy_config_store",
            "module.tf_next.module.proxy_config.data.aws_cloudfront_cache_policy.managed_caching_optimized_for_uncompressed_objects",
            "module.tf_next.module.proxy_config.data.aws_cloudfront_origin_request_policy.managed_cors_s3_origin",
            "module.tf_next.module.statics_deploy.aws_cloudfront_origin_access_identity.this",
            "module.tf_next.module.statics_deploy.aws_s3_bucket.static_deploy"
          ]
        }
      ]
    },
    {
      "module": "module.tf_next.module.next_image[0]",
      "mode": "data",
      "type": "aws_region",
      "name": "current",
      "provider": "provider[\"registry.terraform.io/hashicorp/aws\"]",
      "instances": [
        {
          "schema_version": 0,
          "attributes": {
            "description": "US East (N. Virginia)",
            "endpoint": "ec2.us-east-1.amazonaws.com",
            "id": "us-east-1",
            "name": "us-east-1"
          },
          "sensitive_attributes": []
        }
      ]
    },
    {
      "module": "module.tf_next.module.next_image[0]",
      "mode": "managed",
      "type": "aws_cloudfront_cache_policy",
      "name": "this",
      "provider": "provider[\"registry.terraform.io/hashicorp/aws\"]",
      "instances": [
        {
          "schema_version": 0,
          "attributes": {
            "comment": "Managed by Terraform Next.js image optimizer",
            "default_ttl": 86400,
            "etag": "E23ZP02F085DFQ",
            "id": "11ffb394-1e49-46ad-8f80-510b8c251ff9",
            "max_ttl": 31536000,
            "min_ttl": 0,
            "name": "tf-next_tfn-image_image-cache",
            "parameters_in_cache_key_and_forwarded_to_origin": [
              {
                "cookies_config": [
                  {
                    "cookie_behavior": "none",
                    "cookies": []
                  }
                ],
                "enable_accept_encoding_brotli": true,
                "enable_accept_encoding_gzip": true,
                "headers_config": [
                  {
                    "header_behavior": "whitelist",
                    "headers": [
                      {
                        "items": [
                          "accept"
                        ]
                      }
                    ]
                  }
                ],
                "query_strings_config": [
                  {
                    "query_string_behavior": "whitelist",
                    "query_strings": [
                      {
                        "items": [
                          "q",
                          "url",
                          "w"
                        ]
                      }
                    ]
                  }
                ]
              }
            ]
          },
          "sensitive_attributes": [],
          "private": "bnVsbA==",
          "dependencies": [
            "module.tf_next.module.statics_deploy.aws_s3_bucket.static_deploy"
          ]
        }
      ]
    },
    {
      "module": "module.tf_next.module.next_image[0]",
      "mode": "managed",
      "type": "aws_cloudfront_origin_request_policy",
      "name": "this",
      "provider": "provider[\"registry.terraform.io/hashicorp/aws\"]",
      "instances": [
        {
          "schema_version": 0,
          "attributes": {
            "comment": "Managed by Terraform Next.js image optimizer",
            "cookies_config": [
              {
                "cookie_behavior": "none",
                "cookies": []
              }
            ],
            "etag": "E23ZP02F085DFQ",
            "headers_config": [
              {
                "header_behavior": "whitelist",
                "headers": [
                  {
                    "items": [
                      "accept"
                    ]
                  }
                ]
              }
            ],
            "id": "6259974c-35b3-42ae-923e-33ab713c0bd6",
            "name": "tf-next_tfn-image_request",
            "query_strings_config": [
              {
                "query_string_behavior": "whitelist",
                "query_strings": [
                  {
                    "items": [
                      "q",
                      "url",
                      "w"
                    ]
                  }
                ]
              }
            ]
          },
          "sensitive_attributes": [],
          "private": "bnVsbA==",
          "dependencies": [
            "module.tf_next.module.statics_deploy.aws_s3_bucket.static_deploy"
          ]
        }
      ]
    },
    {
      "module": "module.tf_next.module.next_image[0].module.api_gateway",
      "mode": "managed",
      "type": "aws_apigatewayv2_api",
      "name": "this",
      "provider": "provider[\"registry.terraform.io/hashicorp/aws\"]",
      "instances": [
        {
          "index_key": 0,
          "schema_version": 0,
          "attributes": {
            "api_endpoint": "https://j7wgp8nlof.execute-api.us-east-1.amazonaws.com",
            "api_key_selection_expression": "$request.header.x-api-key",
            "arn": "arn:aws:apigateway:us-east-1::/apis/j7wgp8nlof",
            "body": null,
            "cors_configuration": [],
            "credentials_arn": null,
            "description": "Managed by Terraform Next.js image optimizer",
            "disable_execute_api_endpoint": false,
            "execution_arn": "arn:aws:execute-api:us-east-1:380739962837:j7wgp8nlof",
            "fail_on_warnings": null,
            "id": "j7wgp8nlof",
            "name": "tf-next_tfn-image",
            "protocol_type": "HTTP",
            "route_key": null,
            "route_selection_expression": "$request.method $request.path",
            "tags": {},
            "tags_all": {},
            "target": null,
            "version": ""
          },
          "sensitive_attributes": [],
          "private": "bnVsbA=="
        }
      ]
    },
    {
      "module": "module.tf_next.module.next_image[0].module.api_gateway",
      "mode": "managed",
      "type": "aws_apigatewayv2_integration",
      "name": "this",
      "provider": "provider[\"registry.terraform.io/hashicorp/aws\"]",
      "instances": [
        {
          "index_key": "GET /_next/{proxy+}",
          "schema_version": 0,
          "attributes": {
            "api_id": "j7wgp8nlof",
            "connection_id": "",
            "connection_type": "INTERNET",
            "content_handling_strategy": "",
            "credentials_arn": "",
            "description": "",
            "id": "1zr4idb",
            "integration_method": "POST",
            "integration_response_selection_expression": "",
            "integration_subtype": "",
            "integration_type": "AWS_PROXY",
            "integration_uri": "arn:aws:lambda:us-east-1:380739962837:function:tf-next_tfn-image",
            "passthrough_behavior": "",
            "payload_format_version": "2.0",
            "request_parameters": {},
            "request_templates": {},
            "response_parameters": [],
            "template_selection_expression": "",
            "timeout_milliseconds": 30000,
            "tls_config": []
          },
          "sensitive_attributes": [],
          "private": "bnVsbA==",
          "dependencies": [
            "module.tf_next.module.next_image.module.api_gateway.aws_apigatewayv2_api.this",
            "module.tf_next.module.next_image.module.api_gateway.aws_apigatewayv2_vpc_link.this",
            "module.tf_next.module.next_image.module.image_optimizer.aws_cloudwatch_log_group.lambda",
            "module.tf_next.module.next_image.module.image_optimizer.aws_iam_role.lambda",
            "module.tf_next.module.next_image.module.image_optimizer.aws_lambda_function.this",
            "module.tf_next.module.next_image.module.image_optimizer.aws_s3_bucket_object.lambda_package",
            "module.tf_next.module.next_image.module.image_optimizer.data.aws_iam_policy_document.assume_role",
            "module.tf_next.module.next_image.module.image_optimizer.data.external.archive_prepare",
            "module.tf_next.module.next_image.module.image_optimizer.local_file.archive_plan",
            "module.tf_next.module.next_image.module.image_optimizer.null_resource.archive",
            "module.tf_next.module.next_image.module.lambda_content.data.external.download",
            "module.tf_next.module.next_image.module.lambda_content.data.external.this",
            "module.tf_next.module.statics_deploy.aws_s3_bucket.static_deploy"
          ]
        }
      ]
    },
    {
      "module": "module.tf_next.module.next_image[0].module.api_gateway",
      "mode": "managed",
      "type": "aws_apigatewayv2_route",
      "name": "this",
      "provider": "provider[\"registry.terraform.io/hashicorp/aws\"]",
      "instances": [
        {
          "index_key": "GET /_next/{proxy+}",
          "schema_version": 0,
          "attributes": {
            "api_id": "j7wgp8nlof",
            "api_key_required": false,
            "authorization_scopes": [],
            "authorization_type": "NONE",
            "authorizer_id": "",
            "id": "fbyox5d",
            "model_selection_expression": "",
            "operation_name": "",
            "request_models": {},
            "request_parameter": [],
            "route_key": "GET /_next/{proxy+}",
            "route_response_selection_expression": "",
            "target": "integrations/1zr4idb"
          },
          "sensitive_attributes": [],
          "private": "bnVsbA==",
          "dependencies": [
            "module.tf_next.module.next_image.module.api_gateway.aws_apigatewayv2_api.this",
            "module.tf_next.module.next_image.module.api_gateway.aws_apigatewayv2_integration.this",
            "module.tf_next.module.next_image.module.api_gateway.aws_apigatewayv2_vpc_link.this",
            "module.tf_next.module.next_image.module.image_optimizer.aws_cloudwatch_log_group.lambda",
            "module.tf_next.module.next_image.module.image_optimizer.aws_iam_role.lambda",
            "module.tf_next.module.next_image.module.image_optimizer.aws_lambda_function.this",
            "module.tf_next.module.next_image.module.image_optimizer.aws_s3_bucket_object.lambda_package",
            "module.tf_next.module.next_image.module.image_optimizer.data.aws_iam_policy_document.assume_role",
            "module.tf_next.module.next_image.module.image_optimizer.data.external.archive_prepare",
            "module.tf_next.module.next_image.module.image_optimizer.local_file.archive_plan",
            "module.tf_next.module.next_image.module.image_optimizer.null_resource.archive",
            "module.tf_next.module.next_image.module.lambda_content.data.external.download",
            "module.tf_next.module.next_image.module.lambda_content.data.external.this",
            "module.tf_next.module.statics_deploy.aws_s3_bucket.static_deploy"
          ]
        }
      ]
    },
    {
      "module": "module.tf_next.module.next_image[0].module.api_gateway",
      "mode": "managed",
      "type": "aws_apigatewayv2_stage",
      "name": "default",
      "provider": "provider[\"registry.terraform.io/hashicorp/aws\"]",
      "instances": [
        {
          "index_key": 0,
          "schema_version": 0,
          "attributes": {
            "access_log_settings": [],
            "api_id": "j7wgp8nlof",
            "arn": "arn:aws:apigateway:us-east-1::/apis/j7wgp8nlof/stages/$default",
            "auto_deploy": true,
            "client_certificate_id": "",
            "default_route_settings": [
              {
                "data_trace_enabled": false,
                "detailed_metrics_enabled": false,
                "logging_level": "",
                "throttling_burst_limit": 0,
                "throttling_rate_limit": 0
              }
            ],
            "deployment_id": "t6f90c",
            "description": "",
            "execution_arn": "arn:aws:execute-api:us-east-1:380739962837:j7wgp8nlof/$default",
            "id": "$default",
            "invoke_url": "https://j7wgp8nlof.execute-api.us-east-1.amazonaws.com/",
            "name": "$default",
            "route_settings": [],
            "stage_variables": {},
            "tags": {},
            "tags_all": {}
          },
          "sensitive_attributes": [],
          "private": "bnVsbA==",
          "dependencies": [
            "module.tf_next.module.next_image.module.api_gateway.aws_apigatewayv2_api.this"
          ]
        }
      ]
    },
    {
      "module": "module.tf_next.module.next_image[0].module.image_optimizer",
      "mode": "data",
      "type": "aws_iam_policy_document",
      "name": "assume_role",
      "provider": "provider[\"registry.terraform.io/hashicorp/aws\"]",
      "instances": [
        {
          "index_key": 0,
          "schema_version": 0,
          "attributes": {
            "id": "3693445097",
            "json": "{\n  \"Version\": \"2012-10-17\",\n  \"Statement\": [\n    {\n      \"Sid\": \"\",\n      \"Effect\": \"Allow\",\n      \"Action\": \"sts:AssumeRole\",\n      \"Principal\": {\n        \"Service\": \"lambda.amazonaws.com\"\n      }\n    }\n  ]\n}",
            "override_json": null,
            "override_policy_documents": null,
            "policy_id": null,
            "source_json": null,
            "source_policy_documents": null,
            "statement": [
              {
                "actions": [
                  "sts:AssumeRole"
                ],
                "condition": [],
                "effect": "Allow",
                "not_actions": [],
                "not_principals": [],
                "not_resources": [],
                "principals": [
                  {
                    "identifiers": [
                      "lambda.amazonaws.com"
                    ],
                    "type": "Service"
                  }
                ],
                "resources": [],
                "sid": ""
              }
            ],
            "version": "2012-10-17"
          },
          "sensitive_attributes": []
        }
      ]
    },
    {
      "module": "module.tf_next.module.next_image[0].module.image_optimizer",
      "mode": "data",
      "type": "aws_iam_policy_document",
      "name": "logs",
      "provider": "provider[\"registry.terraform.io/hashicorp/aws\"]",
      "instances": [
        {
          "index_key": 0,
          "schema_version": 0,
          "attributes": {
            "id": "3645634474",
            "json": "{\n  \"Version\": \"2012-10-17\",\n  \"Statement\": [\n    {\n      \"Sid\": \"\",\n      \"Effect\": \"Allow\",\n      \"Action\": [\n        \"logs:PutLogEvents\",\n        \"logs:CreateLogStream\",\n        \"logs:CreateLogGroup\"\n      ],\n      \"Resource\": [\n        \"arn:aws:logs:us-east-1:380739962837:log-group:/aws/lambda/tf-next_tfn-image:*:*\",\n        \"arn:aws:logs:us-east-1:380739962837:log-group:/aws/lambda/tf-next_tfn-image:*\"\n      ]\n    }\n  ]\n}",
            "override_json": null,
            "override_policy_documents": null,
            "policy_id": null,
            "source_json": null,
            "source_policy_documents": null,
            "statement": [
              {
                "actions": [
                  "logs:CreateLogGroup",
                  "logs:CreateLogStream",
                  "logs:PutLogEvents"
                ],
                "condition": [],
                "effect": "Allow",
                "not_actions": [],
                "not_principals": [],
                "not_resources": [],
                "principals": [],
                "resources": [
                  "arn:aws:logs:us-east-1:380739962837:log-group:/aws/lambda/tf-next_tfn-image:*",
                  "arn:aws:logs:us-east-1:380739962837:log-group:/aws/lambda/tf-next_tfn-image:*:*"
                ],
                "sid": ""
              }
            ],
            "version": "2012-10-17"
          },
          "sensitive_attributes": []
        }
      ]
    },
    {
      "module": "module.tf_next.module.next_image[0].module.image_optimizer",
      "mode": "managed",
      "type": "aws_cloudwatch_log_group",
      "name": "lambda",
      "provider": "provider[\"registry.terraform.io/hashicorp/aws\"]",
      "instances": [
        {
          "index_key": 0,
          "schema_version": 0,
          "attributes": {
            "arn": "arn:aws:logs:us-east-1:380739962837:log-group:/aws/lambda/tf-next_tfn-image",
            "id": "/aws/lambda/tf-next_tfn-image",
            "kms_key_id": "",
            "name": "/aws/lambda/tf-next_tfn-image",
            "name_prefix": null,
            "retention_in_days": 30,
            "tags": {},
            "tags_all": {}
          },
          "sensitive_attributes": [],
          "private": "bnVsbA=="
        }
      ]
    },
    {
      "module": "module.tf_next.module.next_image[0].module.image_optimizer",
      "mode": "managed",
      "type": "aws_iam_policy",
      "name": "additional_json",
      "provider": "provider[\"registry.terraform.io/hashicorp/aws\"]",
      "instances": [
        {
          "index_key": 0,
          "schema_version": 0,
          "attributes": {
            "arn": "arn:aws:iam::380739962837:policy/tf-next_tfn-image",
            "description": "",
            "id": "arn:aws:iam::380739962837:policy/tf-next_tfn-image",
            "name": "tf-next_tfn-image",
            "name_prefix": null,
            "path": "/",
            "policy": "{\"Statement\":[{\"Action\":\"s3:GetObject\",\"Effect\":\"Allow\",\"Resource\":\"arn:aws:s3:::tf-next-tfn-static20220201020130192500000007/*\",\"Sid\":\"\"}],\"Version\":\"2012-10-17\"}",
            "policy_id": "ANPAVRJO6Y7KUJW6X37EX",
            "tags": {},
            "tags_all": {}
          },
          "sensitive_attributes": [],
          "private": "bnVsbA==",
          "dependencies": [
            "module.tf_next.data.aws_iam_policy_document.access_static_deployment",
            "module.tf_next.module.statics_deploy.aws_s3_bucket.static_deploy"
          ]
        }
      ]
    },
    {
      "module": "module.tf_next.module.next_image[0].module.image_optimizer",
      "mode": "managed",
      "type": "aws_iam_policy",
      "name": "logs",
      "provider": "provider[\"registry.terraform.io/hashicorp/aws\"]",
      "instances": [
        {
          "index_key": 0,
          "schema_version": 0,
          "attributes": {
            "arn": "arn:aws:iam::380739962837:policy/tf-next_tfn-image-logs",
            "description": "",
            "id": "arn:aws:iam::380739962837:policy/tf-next_tfn-image-logs",
            "name": "tf-next_tfn-image-logs",
            "name_prefix": null,
            "path": "/",
            "policy": "{\"Statement\":[{\"Action\":[\"logs:PutLogEvents\",\"logs:CreateLogStream\",\"logs:CreateLogGroup\"],\"Effect\":\"Allow\",\"Resource\":[\"arn:aws:logs:us-east-1:380739962837:log-group:/aws/lambda/tf-next_tfn-image:*:*\",\"arn:aws:logs:us-east-1:380739962837:log-group:/aws/lambda/tf-next_tfn-image:*\"],\"Sid\":\"\"}],\"Version\":\"2012-10-17\"}",
            "policy_id": "ANPAVRJO6Y7KR6CQOQLS5",
            "tags": {},
            "tags_all": {}
          },
          "sensitive_attributes": [],
          "private": "bnVsbA==",
          "dependencies": [
            "module.tf_next.module.next_image.module.image_optimizer.aws_cloudwatch_log_group.lambda",
            "module.tf_next.module.next_image.module.image_optimizer.data.aws_arn.log_group_arn",
            "module.tf_next.module.next_image.module.image_optimizer.data.aws_cloudwatch_log_group.lambda",
            "module.tf_next.module.next_image.module.image_optimizer.data.aws_iam_policy_document.logs"
          ]
        }
      ]
    },
    {
      "module": "module.tf_next.module.next_image[0].module.image_optimizer",
      "mode": "managed",
      "type": "aws_iam_role",
      "name": "lambda",
      "provider": "provider[\"registry.terraform.io/hashicorp/aws\"]",
      "instances": [
        {
          "index_key": 0,
          "schema_version": 0,
          "attributes": {
            "arn": "arn:aws:iam::380739962837:role/tf-next_tfn-image",
            "assume_role_policy": "{\"Version\":\"2012-10-17\",\"Statement\":[{\"Sid\":\"\",\"Effect\":\"Allow\",\"Principal\":{\"Service\":\"lambda.amazonaws.com\"},\"Action\":\"sts:AssumeRole\"}]}",
            "create_date": "2022-02-01T02:01:29Z",
            "description": "",
            "force_detach_policies": true,
            "id": "tf-next_tfn-image",
            "inline_policy": [
              {
                "name": "",
                "policy": ""
              }
            ],
            "managed_policy_arns": [
              "arn:aws:iam::380739962837:policy/tf-next_tfn-image",
              "arn:aws:iam::380739962837:policy/tf-next_tfn-image-logs"
            ],
            "max_session_duration": 3600,
            "name": "tf-next_tfn-image",
            "name_prefix": "",
            "path": "/",
            "permissions_boundary": null,
            "tags": {},
            "tags_all": {},
            "unique_id": "AROAVRJO6Y7KZY2PG2RPL"
          },
          "sensitive_attributes": [],
          "private": "bnVsbA==",
          "dependencies": [
            "module.tf_next.module.next_image.module.image_optimizer.data.aws_iam_policy_document.assume_role"
          ]
        }
      ]
    },
    {
      "module": "module.tf_next.module.next_image[0].module.image_optimizer",
      "mode": "managed",
      "type": "aws_iam_role_policy_attachment",
      "name": "additional_json",
      "provider": "provider[\"registry.terraform.io/hashicorp/aws\"]",
      "instances": [
        {
          "index_key": 0,
          "schema_version": 0,
          "attributes": {
            "id": "tf-next_tfn-image-2022020102013554990000000e",
            "policy_arn": "arn:aws:iam::380739962837:policy/tf-next_tfn-image",
            "role": "tf-next_tfn-image"
          },
          "sensitive_attributes": [],
          "private": "bnVsbA==",
          "dependencies": [
            "module.tf_next.data.aws_iam_policy_document.access_static_deployment",
            "module.tf_next.module.next_image.module.image_optimizer.aws_iam_policy.additional_json",
            "module.tf_next.module.next_image.module.image_optimizer.aws_iam_role.lambda",
            "module.tf_next.module.next_image.module.image_optimizer.data.aws_iam_policy_document.assume_role",
            "module.tf_next.module.statics_deploy.aws_s3_bucket.static_deploy"
          ]
        }
      ]
    },
    {
      "module": "module.tf_next.module.next_image[0].module.image_optimizer",
      "mode": "managed",
      "type": "aws_iam_role_policy_attachment",
      "name": "logs",
      "provider": "provider[\"registry.terraform.io/hashicorp/aws\"]",
      "instances": [
        {
          "index_key": 0,
          "schema_version": 0,
          "attributes": {
            "id": "tf-next_tfn-image-2022020102013241580000000a",
            "policy_arn": "arn:aws:iam::380739962837:policy/tf-next_tfn-image-logs",
            "role": "tf-next_tfn-image"
          },
          "sensitive_attributes": [],
          "private": "bnVsbA==",
          "dependencies": [
            "module.tf_next.module.next_image.module.image_optimizer.aws_cloudwatch_log_group.lambda",
            "module.tf_next.module.next_image.module.image_optimizer.aws_iam_policy.logs",
            "module.tf_next.module.next_image.module.image_optimizer.aws_iam_role.lambda",
            "module.tf_next.module.next_image.module.image_optimizer.data.aws_arn.log_group_arn",
            "module.tf_next.module.next_image.module.image_optimizer.data.aws_cloudwatch_log_group.lambda",
            "module.tf_next.module.next_image.module.image_optimizer.data.aws_iam_policy_document.assume_role",
            "module.tf_next.module.next_image.module.image_optimizer.data.aws_iam_policy_document.logs"
          ]
        }
      ]
    },
    {
      "module": "module.tf_next.module.next_image[0].module.image_optimizer",
      "mode": "managed",
      "type": "aws_lambda_function",
      "name": "this",
      "provider": "provider[\"registry.terraform.io/hashicorp/aws\"]",
      "instances": [
        {
          "index_key": 0,
          "schema_version": 0,
          "attributes": {
            "architectures": [
              "x86_64"
            ],
            "arn": "arn:aws:lambda:us-east-1:380739962837:function:tf-next_tfn-image",
            "code_signing_config_arn": "",
            "dead_letter_config": [],
            "description": "Managed by Terraform Next.js image optimizer",
            "environment": [
              {
                "variables": {
                  "NODE_ENV": "production",
                  "TF_NEXTIMAGE_DEVICE_SIZES": "[]",
                  "TF_NEXTIMAGE_DOMAINS": "[]",
                  "TF_NEXTIMAGE_FORMATS": "[\"image/webp\"]",
                  "TF_NEXTIMAGE_IMAGE_SIZES": "[640,750,828,1080,1200,1920,2048,3840,16,32,48,64,96,128,256,384]",
                  "TF_NEXTIMAGE_SOURCE_BUCKET": "tf-next-tfn-static20220201020130192500000007"
                }
              }
            ],
            "file_system_config": [],
            "filename": ".terraform/modules/tf_next.next_image.lambda_content/download/@millihq/tf-next-image-optimization/dist.zip",
            "function_name": "tf-next_tfn-image",
            "handler": "handler.handler",
            "id": "tf-next_tfn-image",
            "image_config": [],
            "image_uri": "",
            "invoke_arn": "arn:aws:apigateway:us-east-1:lambda:path/2015-03-31/functions/arn:aws:lambda:us-east-1:380739962837:function:tf-next_tfn-image/invocations",
            "kms_key_arn": "",
            "last_modified": "2022-02-01T02:02:03.579+0000",
            "layers": [],
            "memory_size": 2048,
            "package_type": "Zip",
            "publish": true,
            "qualified_arn": "arn:aws:lambda:us-east-1:380739962837:function:tf-next_tfn-image:1",
            "reserved_concurrent_executions": -1,
            "role": "arn:aws:iam::380739962837:role/tf-next_tfn-image",
            "runtime": "nodejs14.x",
            "s3_bucket": null,
            "s3_key": null,
            "s3_object_version": null,
            "signing_job_arn": "",
            "signing_profile_version_arn": "",
            "source_code_hash": "wKQuoZtKvQiPY3qBI2ZivzxCXmO8CkOx0GkaGwxUUCM=",
            "source_code_size": 8497960,
            "tags": {},
            "tags_all": {},
            "timeout": 30,
            "timeouts": null,
            "tracing_config": [
              {
                "mode": "PassThrough"
              }
            ],
            "version": "1",
            "vpc_config": []
          },
          "sensitive_attributes": [],
          "private": "eyJlMmJmYjczMC1lY2FhLTExZTYtOGY4OC0zNDM2M2JjN2M0YzAiOnsiY3JlYXRlIjo2MDAwMDAwMDAwMDB9fQ==",
          "dependencies": [
            "module.tf_next.module.next_image.module.image_optimizer.aws_cloudwatch_log_group.lambda",
            "module.tf_next.module.next_image.module.image_optimizer.aws_iam_role.lambda",
            "module.tf_next.module.next_image.module.image_optimizer.aws_s3_bucket_object.lambda_package",
            "module.tf_next.module.next_image.module.image_optimizer.data.aws_iam_policy_document.assume_role",
            "module.tf_next.module.next_image.module.image_optimizer.data.external.archive_prepare",
            "module.tf_next.module.next_image.module.image_optimizer.local_file.archive_plan",
            "module.tf_next.module.next_image.module.image_optimizer.null_resource.archive",
            "module.tf_next.module.next_image.module.lambda_content.data.external.download",
            "module.tf_next.module.next_image.module.lambda_content.data.external.this",
            "module.tf_next.module.statics_deploy.aws_s3_bucket.static_deploy"
          ]
        }
      ]
    },
    {
      "module": "module.tf_next.module.next_image[0].module.image_optimizer",
      "mode": "managed",
      "type": "aws_lambda_permission",
      "name": "current_version_triggers",
      "provider": "provider[\"registry.terraform.io/hashicorp/aws\"]",
      "instances": [
        {
          "index_key": "AllowExecutionFromAPIGateway",
          "schema_version": 0,
          "attributes": {
            "action": "lambda:InvokeFunction",
            "event_source_token": null,
            "function_name": "tf-next_tfn-image",
            "id": "AllowExecutionFromAPIGateway",
            "principal": "apigateway.amazonaws.com",
            "qualifier": "1",
            "source_account": null,
            "source_arn": null,
            "statement_id": "AllowExecutionFromAPIGateway",
            "statement_id_prefix": null
          },
          "sensitive_attributes": [],
          "private": "bnVsbA==",
          "dependencies": [
            "module.tf_next.module.next_image.module.api_gateway.aws_apigatewayv2_api.this",
            "module.tf_next.module.next_image.module.image_optimizer.aws_cloudwatch_log_group.lambda",
            "module.tf_next.module.next_image.module.image_optimizer.aws_iam_role.lambda",
            "module.tf_next.module.next_image.module.image_optimizer.aws_lambda_function.this",
            "module.tf_next.module.next_image.module.image_optimizer.aws_s3_bucket_object.lambda_package",
            "module.tf_next.module.next_image.module.image_optimizer.data.aws_iam_policy_document.assume_role",
            "module.tf_next.module.next_image.module.image_optimizer.data.external.archive_prepare",
            "module.tf_next.module.next_image.module.image_optimizer.local_file.archive_plan",
            "module.tf_next.module.next_image.module.image_optimizer.null_resource.archive",
            "module.tf_next.module.next_image.module.lambda_content.data.external.download",
            "module.tf_next.module.next_image.module.lambda_content.data.external.this",
            "module.tf_next.module.statics_deploy.aws_s3_bucket.static_deploy"
          ]
        }
      ]
    },
    {
      "module": "module.tf_next.module.next_image[0].module.image_optimizer",
      "mode": "managed",
      "type": "aws_lambda_permission",
      "name": "unqualified_alias_triggers",
      "provider": "provider[\"registry.terraform.io/hashicorp/aws\"]",
      "instances": [
        {
          "index_key": "AllowExecutionFromAPIGateway",
          "schema_version": 0,
          "attributes": {
            "action": "lambda:InvokeFunction",
            "event_source_token": null,
            "function_name": "tf-next_tfn-image",
            "id": "AllowExecutionFromAPIGateway",
            "principal": "apigateway.amazonaws.com",
            "qualifier": "",
            "source_account": null,
            "source_arn": null,
            "statement_id": "AllowExecutionFromAPIGateway",
            "statement_id_prefix": null
          },
          "sensitive_attributes": [],
          "private": "bnVsbA==",
          "dependencies": [
            "module.tf_next.module.next_image.module.api_gateway.aws_apigatewayv2_api.this",
            "module.tf_next.module.next_image.module.image_optimizer.aws_cloudwatch_log_group.lambda",
            "module.tf_next.module.next_image.module.image_optimizer.aws_iam_role.lambda",
            "module.tf_next.module.next_image.module.image_optimizer.aws_lambda_function.this",
            "module.tf_next.module.next_image.module.image_optimizer.aws_s3_bucket_object.lambda_package",
            "module.tf_next.module.next_image.module.image_optimizer.data.aws_iam_policy_document.assume_role",
            "module.tf_next.module.next_image.module.image_optimizer.data.external.archive_prepare",
            "module.tf_next.module.next_image.module.image_optimizer.local_file.archive_plan",
            "module.tf_next.module.next_image.module.image_optimizer.null_resource.archive",
            "module.tf_next.module.next_image.module.lambda_content.data.external.download",
            "module.tf_next.module.next_image.module.lambda_content.data.external.this",
            "module.tf_next.module.statics_deploy.aws_s3_bucket.static_deploy"
          ]
        }
      ]
    },
    {
      "module": "module.tf_next.module.next_image[0].module.lambda_content",
      "mode": "data",
      "type": "external",
      "name": "download",
      "provider": "provider[\"registry.terraform.io/hashicorp/external\"]",
      "instances": [
        {
          "index_key": 0,
          "schema_version": 0,
          "attributes": {
            "id": "-",
            "program": [
              "bash",
              ".terraform/modules/tf_next.next_image.lambda_content/download.sh",
              "https://cdn.jsdelivr.net/npm/@millihq/tf-next-image-optimization@12.0.6/dist.zip",
              ".terraform/modules/tf_next.next_image.lambda_content/download/@millihq/tf-next-image-optimization/dist.zip"
            ],
            "query": null,
            "result": {
              "path": ".terraform/modules/tf_next.next_image.lambda_content/download/@millihq/tf-next-image-optimization/dist.zip"
            },
            "working_dir": null
          },
          "sensitive_attributes": []
        }
      ]
    },
    {
      "module": "module.tf_next.module.proxy.module.edge_proxy",
      "mode": "data",
      "type": "aws_arn",
      "name": "log_group_arn",
      "provider": "provider[\"registry.terraform.io/hashicorp/aws\"].global_region",
      "instances": [
        {
          "index_key": 0,
          "schema_version": 0,
          "attributes": {
            "account": "380739962837",
            "arn": "arn:aws:logs:us-east-1:380739962837:log-group:/aws/lambda/us-east-1.tf-next_tfn-proxy",
            "id": "arn:aws:logs:us-east-1:380739962837:log-group:/aws/lambda/us-east-1.tf-next_tfn-proxy",
            "partition": "aws",
            "region": "us-east-1",
            "resource": "log-group:/aws/lambda/us-east-1.tf-next_tfn-proxy",
            "service": "logs"
          },
          "sensitive_attributes": []
        }
      ]
    },
    {
      "module": "module.tf_next.module.proxy.module.edge_proxy",
      "mode": "data",
      "type": "aws_iam_policy_document",
      "name": "assume_role",
      "provider": "provider[\"registry.terraform.io/hashicorp/aws\"].global_region",
      "instances": [
        {
          "index_key": 0,
          "schema_version": 0,
          "attributes": {
            "id": "3454655979",
            "json": "{\n  \"Version\": \"2012-10-17\",\n  \"Statement\": [\n    {\n      \"Sid\": \"\",\n      \"Effect\": \"Allow\",\n      \"Action\": \"sts:AssumeRole\",\n      \"Principal\": {\n        \"Service\": [\n          \"lambda.amazonaws.com\",\n          \"edgelambda.amazonaws.com\"\n        ]\n      }\n    }\n  ]\n}",
            "override_json": null,
            "override_policy_documents": null,
            "policy_id": null,
            "source_json": null,
            "source_policy_documents": null,
            "statement": [
              {
                "actions": [
                  "sts:AssumeRole"
                ],
                "condition": [],
                "effect": "Allow",
                "not_actions": [],
                "not_principals": [],
                "not_resources": [],
                "principals": [
                  {
                    "identifiers": [
                      "edgelambda.amazonaws.com",
                      "lambda.amazonaws.com"
                    ],
                    "type": "Service"
                  }
                ],
                "resources": [],
                "sid": ""
              }
            ],
            "version": "2012-10-17"
          },
          "sensitive_attributes": []
        }
      ]
    },
    {
      "module": "module.tf_next.module.proxy.module.edge_proxy",
      "mode": "data",
      "type": "aws_iam_policy_document",
      "name": "logs",
      "provider": "provider[\"registry.terraform.io/hashicorp/aws\"].global_region",
      "instances": [
        {
          "index_key": 0,
          "schema_version": 0,
          "attributes": {
            "id": "2098183580",
            "json": "{\n  \"Version\": \"2012-10-17\",\n  \"Statement\": [\n    {\n      \"Sid\": \"\",\n      \"Effect\": \"Allow\",\n      \"Action\": [\n        \"logs:PutLogEvents\",\n        \"logs:CreateLogStream\",\n        \"logs:CreateLogGroup\"\n      ],\n      \"Resource\": [\n        \"arn:aws:logs:*:380739962837:log-group:/aws/lambda/us-east-1.tf-next_tfn-proxy:*:*\",\n        \"arn:aws:logs:*:380739962837:log-group:/aws/lambda/us-east-1.tf-next_tfn-proxy:*\"\n      ]\n    }\n  ]\n}",
            "override_json": null,
            "override_policy_documents": null,
            "policy_id": null,
            "source_json": null,
            "source_policy_documents": null,
            "statement": [
              {
                "actions": [
                  "logs:CreateLogGroup",
                  "logs:CreateLogStream",
                  "logs:PutLogEvents"
                ],
                "condition": [],
                "effect": "Allow",
                "not_actions": [],
                "not_principals": [],
                "not_resources": [],
                "principals": [],
                "resources": [
                  "arn:aws:logs:*:380739962837:log-group:/aws/lambda/us-east-1.tf-next_tfn-proxy:*",
                  "arn:aws:logs:*:380739962837:log-group:/aws/lambda/us-east-1.tf-next_tfn-proxy:*:*"
                ],
                "sid": ""
              }
            ],
            "version": "2012-10-17"
          },
          "sensitive_attributes": []
        }
      ]
    },
    {
      "module": "module.tf_next.module.proxy.module.edge_proxy",
      "mode": "managed",
      "type": "aws_cloudwatch_log_group",
      "name": "lambda",
      "provider": "provider[\"registry.terraform.io/hashicorp/aws\"].global_region",
      "instances": [
        {
          "index_key": 0,
          "schema_version": 0,
          "attributes": {
            "arn": "arn:aws:logs:us-east-1:380739962837:log-group:/aws/lambda/us-east-1.tf-next_tfn-proxy",
            "id": "/aws/lambda/us-east-1.tf-next_tfn-proxy",
            "kms_key_id": "",
            "name": "/aws/lambda/us-east-1.tf-next_tfn-proxy",
            "name_prefix": null,
            "retention_in_days": 30,
            "tags": {},
            "tags_all": {}
          },
          "sensitive_attributes": [],
          "private": "bnVsbA=="
        }
      ]
    },
    {
      "module": "module.tf_next.module.proxy.module.edge_proxy",
      "mode": "managed",
      "type": "aws_iam_policy",
      "name": "logs",
      "provider": "provider[\"registry.terraform.io/hashicorp/aws\"].global_region",
      "instances": [
        {
          "index_key": 0,
          "schema_version": 0,
          "attributes": {
            "arn": "arn:aws:iam::380739962837:policy/tf-next_tfn-proxy-logs",
            "description": "",
            "id": "arn:aws:iam::380739962837:policy/tf-next_tfn-proxy-logs",
            "name": "tf-next_tfn-proxy-logs",
            "name_prefix": null,
            "path": "/",
            "policy": "{\"Statement\":[{\"Action\":[\"logs:PutLogEvents\",\"logs:CreateLogStream\",\"logs:CreateLogGroup\"],\"Effect\":\"Allow\",\"Resource\":[\"arn:aws:logs:*:380739962837:log-group:/aws/lambda/us-east-1.tf-next_tfn-proxy:*:*\",\"arn:aws:logs:*:380739962837:log-group:/aws/lambda/us-east-1.tf-next_tfn-proxy:*\"],\"Sid\":\"\"}],\"Version\":\"2012-10-17\"}",
            "policy_id": "ANPAVRJO6Y7KSUUZY73GO",
            "tags": {},
            "tags_all": {}
          },
          "sensitive_attributes": [],
          "private": "bnVsbA==",
          "dependencies": [
            "module.tf_next.module.proxy.module.edge_proxy.aws_cloudwatch_log_group.lambda",
            "module.tf_next.module.proxy.module.edge_proxy.data.aws_arn.log_group_arn",
            "module.tf_next.module.proxy.module.edge_proxy.data.aws_cloudwatch_log_group.lambda",
            "module.tf_next.module.proxy.module.edge_proxy.data.aws_iam_policy_document.logs"
          ]
        }
      ]
    },
    {
      "module": "module.tf_next.module.proxy.module.edge_proxy",
      "mode": "managed",
      "type": "aws_iam_policy_attachment",
      "name": "logs",
      "provider": "provider[\"registry.terraform.io/hashicorp/aws\"].global_region",
      "instances": [
        {
          "index_key": 0,
          "schema_version": 0,
          "attributes": {
            "groups": [],
            "id": "tf-next_tfn-proxy-logs",
            "name": "tf-next_tfn-proxy-logs",
            "policy_arn": "arn:aws:iam::380739962837:policy/tf-next_tfn-proxy-logs",
            "roles": [
              "tf-next_tfn-proxy"
            ],
            "users": []
          },
          "sensitive_attributes": [],
          "private": "bnVsbA==",
          "dependencies": [
            "module.tf_next.module.proxy.module.edge_proxy.aws_cloudwatch_log_group.lambda",
            "module.tf_next.module.proxy.module.edge_proxy.aws_iam_policy.logs",
            "module.tf_next.module.proxy.module.edge_proxy.aws_iam_role.lambda",
            "module.tf_next.module.proxy.module.edge_proxy.data.aws_arn.log_group_arn",
            "module.tf_next.module.proxy.module.edge_proxy.data.aws_cloudwatch_log_group.lambda",
            "module.tf_next.module.proxy.module.edge_proxy.data.aws_iam_policy_document.assume_role",
            "module.tf_next.module.proxy.module.edge_proxy.data.aws_iam_policy_document.logs"
          ]
        }
      ]
    },
    {
      "module": "module.tf_next.module.proxy.module.edge_proxy",
      "mode": "managed",
      "type": "aws_iam_role",
      "name": "lambda",
      "provider": "provider[\"registry.terraform.io/hashicorp/aws\"].global_region",
      "instances": [
        {
          "index_key": 0,
          "schema_version": 0,
          "attributes": {
            "arn": "arn:aws:iam::380739962837:role/tf-next_tfn-proxy",
            "assume_role_policy": "{\"Version\":\"2012-10-17\",\"Statement\":[{\"Sid\":\"\",\"Effect\":\"Allow\",\"Principal\":{\"Service\":[\"edgelambda.amazonaws.com\",\"lambda.amazonaws.com\"]},\"Action\":\"sts:AssumeRole\"}]}",
            "create_date": "2022-02-01T02:01:31Z",
            "description": "",
            "force_detach_policies": true,
            "id": "tf-next_tfn-proxy",
            "inline_policy": [
              {
                "name": "",
                "policy": ""
              }
            ],
            "managed_policy_arns": [
              "arn:aws:iam::380739962837:policy/tf-next_tfn-proxy-logs"
            ],
            "max_session_duration": 3600,
            "name": "tf-next_tfn-proxy",
            "name_prefix": "",
            "path": "/",
            "permissions_boundary": null,
            "tags": {},
            "tags_all": {},
            "unique_id": "AROAVRJO6Y7KZPCSMQEYT"
          },
          "sensitive_attributes": [],
          "private": "bnVsbA==",
          "dependencies": [
            "module.tf_next.module.proxy.module.edge_proxy.data.aws_iam_policy_document.assume_role"
          ]
        }
      ]
    },
    {
      "module": "module.tf_next.module.proxy.module.edge_proxy",
      "mode": "managed",
      "type": "aws_lambda_function",
      "name": "this",
      "provider": "provider[\"registry.terraform.io/hashicorp/aws\"].global_region",
      "instances": [
        {
          "index_key": 0,
          "schema_version": 0,
          "attributes": {
            "architectures": [
              "x86_64"
            ],
            "arn": "arn:aws:lambda:us-east-1:380739962837:function:tf-next_tfn-proxy",
            "code_signing_config_arn": "",
            "dead_letter_config": [],
            "description": "Managed by Terraform Next.js",
            "environment": [],
            "file_system_config": [],
            "filename": ".terraform/modules/tf_next.proxy.proxy_package/download/@millihq/terraform-next-proxy/dist.zip",
            "function_name": "tf-next_tfn-proxy",
            "handler": "handler.handler",
            "id": "tf-next_tfn-proxy",
            "image_config": [],
            "image_uri": "",
            "invoke_arn": "arn:aws:apigateway:us-east-1:lambda:path/2015-03-31/functions/arn:aws:lambda:us-east-1:380739962837:function:tf-next_tfn-proxy/invocations",
            "kms_key_arn": "",
            "last_modified": "2022-02-01T02:01:41.647+0000",
            "layers": [],
            "memory_size": 128,
            "package_type": "Zip",
            "publish": true,
            "qualified_arn": "arn:aws:lambda:us-east-1:380739962837:function:tf-next_tfn-proxy:1",
            "reserved_concurrent_executions": -1,
            "role": "arn:aws:iam::380739962837:role/tf-next_tfn-proxy",
            "runtime": "nodejs14.x",
            "s3_bucket": null,
            "s3_key": null,
            "s3_object_version": null,
            "signing_job_arn": "",
            "signing_profile_version_arn": "",
            "source_code_hash": "t1ifRBjeZijR0V6JqnpFgPOt9bOSf3jW8nliwPwlsiw=",
            "source_code_size": 109922,
            "tags": {},
            "tags_all": {},
            "timeout": 3,
            "timeouts": null,
            "tracing_config": [
              {
                "mode": "PassThrough"
              }
            ],
            "version": "1",
            "vpc_config": []
          },
          "sensitive_attributes": [],
          "private": "eyJlMmJmYjczMC1lY2FhLTExZTYtOGY4OC0zNDM2M2JjN2M0YzAiOnsiY3JlYXRlIjo2MDAwMDAwMDAwMDB9fQ==",
          "dependencies": [
            "module.tf_next.module.proxy.module.edge_proxy.aws_cloudwatch_log_group.lambda",
            "module.tf_next.module.proxy.module.edge_proxy.aws_iam_role.lambda",
            "module.tf_next.module.proxy.module.edge_proxy.aws_s3_bucket_object.lambda_package",
            "module.tf_next.module.proxy.module.edge_proxy.data.aws_iam_policy_document.assume_role",
            "module.tf_next.module.proxy.module.edge_proxy.data.external.archive_prepare",
            "module.tf_next.module.proxy.module.edge_proxy.local_file.archive_plan",
            "module.tf_next.module.proxy.module.edge_proxy.null_resource.archive",
            "module.tf_next.module.proxy.module.proxy_package.data.external.download",
            "module.tf_next.module.proxy.module.proxy_package.data.external.this"
          ]
        }
      ]
    },
    {
      "module": "module.tf_next.module.proxy.module.proxy_package",
      "mode": "data",
      "type": "external",
      "name": "download",
      "provider": "provider[\"registry.terraform.io/hashicorp/external\"]",
      "instances": [
        {
          "index_key": 0,
          "schema_version": 0,
          "attributes": {
            "id": "-",
            "program": [
              "bash",
              ".terraform/modules/tf_next.proxy.proxy_package/download.sh",
              "https://cdn.jsdelivr.net/npm/@millihq/terraform-next-proxy@0.11.3/dist.zip",
              ".terraform/modules/tf_next.proxy.proxy_package/download/@millihq/terraform-next-proxy/dist.zip"
            ],
            "query": null,
            "result": {
              "path": ".terraform/modules/tf_next.proxy.proxy_package/download/@millihq/terraform-next-proxy/dist.zip"
            },
            "working_dir": null
          },
          "sensitive_attributes": []
        }
      ]
    },
    {
      "module": "module.tf_next.module.proxy_config",
      "mode": "data",
      "type": "aws_cloudfront_cache_policy",
      "name": "managed_caching_optimized_for_uncompressed_objects",
      "provider": "provider[\"registry.terraform.io/hashicorp/aws\"]",
      "instances": [
        {
          "schema_version": 0,
          "attributes": {
            "comment": "Default policy when compression is disabled",
            "default_ttl": 86400,
            "etag": "E23ZP02F085DFQ",
            "id": "b2884449-e4de-46a7-ac36-70bc7f1ddd6d",
            "max_ttl": 31536000,
            "min_ttl": 1,
            "name": "Managed-CachingOptimizedForUncompressedObjects",
            "parameters_in_cache_key_and_forwarded_to_origin": [
              {
                "cookies_config": [
                  {
                    "cookie_behavior": "none",
                    "cookies": []
                  }
                ],
                "enable_accept_encoding_brotli": false,
                "enable_accept_encoding_gzip": false,
                "headers_config": [
                  {
                    "header_behavior": "none",
                    "headers": []
                  }
                ],
                "query_strings_config": [
                  {
                    "query_string_behavior": "none",
                    "query_strings": []
                  }
                ]
              }
            ]
          },
          "sensitive_attributes": []
        }
      ]
    },
    {
      "module": "module.tf_next.module.proxy_config",
      "mode": "data",
      "type": "aws_cloudfront_origin_request_policy",
      "name": "managed_cors_s3_origin",
      "provider": "provider[\"registry.terraform.io/hashicorp/aws\"]",
      "instances": [
        {
          "schema_version": 0,
          "attributes": {
            "comment": "Policy for S3 origin with CORS",
            "cookies_config": [
              {
                "cookie_behavior": "none",
                "cookies": []
              }
            ],
            "etag": "E23ZP02F085DFQ",
            "headers_config": [
              {
                "header_behavior": "whitelist",
                "headers": [
                  {
                    "items": [
                      "access-control-request-headers",
                      "access-control-request-method",
                      "origin"
                    ]
                  }
                ]
              }
            ],
            "id": "88a5eaf4-2fd4-4709-b370-b4c650ea3fcf",
            "name": "Managed-CORS-S3Origin",
            "query_strings_config": [
              {
                "query_string_behavior": "none",
                "query_strings": []
              }
            ]
          },
          "sensitive_attributes": []
        }
      ]
    },
    {
      "module": "module.tf_next.module.proxy_config",
      "mode": "data",
      "type": "aws_iam_policy_document",
      "name": "cf_access",
      "provider": "provider[\"registry.terraform.io/hashicorp/aws\"]",
      "instances": [
        {
          "schema_version": 0,
          "attributes": {
            "id": "151558862",
            "json": "{\n  \"Version\": \"2012-10-17\",\n  \"Statement\": [\n    {\n      \"Sid\": \"\",\n      \"Effect\": \"Allow\",\n      \"Action\": \"s3:GetObject\",\n      \"Resource\": \"arn:aws:s3:::tf-next-tfn-config20220201020129412200000005/*\",\n      \"Principal\": {\n        \"AWS\": \"arn:aws:iam::cloudfront:user/CloudFront Origin Access Identity E1AZ3MSM130EAL\"\n      }\n    }\n  ]\n}",
            "override_json": null,
            "override_policy_documents": null,
            "policy_id": null,
            "source_json": null,
            "source_policy_documents": null,
            "statement": [
              {
                "actions": [
                  "s3:GetObject"
                ],
                "condition": [],
                "effect": "Allow",
                "not_actions": [],
                "not_principals": [],
                "not_resources": [],
                "principals": [
                  {
                    "identifiers": [
                      "arn:aws:iam::cloudfront:user/CloudFront Origin Access Identity E1AZ3MSM130EAL"
                    ],
                    "type": "AWS"
                  }
                ],
                "resources": [
                  "arn:aws:s3:::tf-next-tfn-config20220201020129412200000005/*"
                ],
                "sid": ""
              }
            ],
            "version": "2012-10-17"
          },
          "sensitive_attributes": []
        }
      ]
    },
    {
      "module": "module.tf_next.module.proxy_config",
      "mode": "managed",
      "type": "aws_cloudfront_distribution",
      "name": "distribution",
      "provider": "provider[\"registry.terraform.io/hashicorp/aws\"]",
      "instances": [
        {
          "schema_version": 1,
          "attributes": {
            "aliases": [],
            "arn": "arn:aws:cloudfront::380739962837:distribution/E2D4DQFKEFDYG4",
            "caller_reference": "terraform-2022020102013362550000000c",
            "comment": "tf-next - Proxy-Config",
            "custom_error_response": [],
            "default_cache_behavior": [
              {
                "allowed_methods": [
                  "GET",
                  "HEAD"
                ],
                "cache_policy_id": "b2884449-e4de-46a7-ac36-70bc7f1ddd6d",
                "cached_methods": [
                  "GET",
                  "HEAD"
                ],
                "compress": false,
                "default_ttl": 0,
                "field_level_encryption_id": "",
                "forwarded_values": [],
                "function_association": [],
                "lambda_function_association": [],
                "max_ttl": 0,
                "min_ttl": 0,
                "origin_request_policy_id": "88a5eaf4-2fd4-4709-b370-b4c650ea3fcf",
                "realtime_log_config_arn": "",
                "response_headers_policy_id": "",
                "smooth_streaming": false,
                "target_origin_id": "S3-Proxy-Config-tf-next-tfn-config20220201020129412200000005",
                "trusted_key_groups": [],
                "trusted_signers": [],
                "viewer_protocol_policy": "allow-all"
              }
            ],
            "default_root_object": "",
            "domain_name": "dw3y1dw4sg5kh.cloudfront.net",
            "enabled": true,
            "etag": "E1VYHBUQ0DZ2GP",
            "hosted_zone_id": "Z2FDTNDATAQYW2",
            "http_version": "http2",
            "id": "E2D4DQFKEFDYG4",
            "in_progress_validation_batches": 0,
            "is_ipv6_enabled": true,
            "last_modified_time": "2022-02-01 02:01:33.861 +0000 UTC",
            "logging_config": [],
            "ordered_cache_behavior": [],
            "origin": [
              {
                "connection_attempts": 3,
                "connection_timeout": 10,
                "custom_header": [],
                "custom_origin_config": [],
                "domain_name": "tf-next-tfn-config20220201020129412200000005.s3.amazonaws.com",
                "origin_id": "S3-Proxy-Config-tf-next-tfn-config20220201020129412200000005",
                "origin_path": "",
                "origin_shield": [],
                "s3_origin_config": [
                  {
                    "origin_access_identity": "origin-access-identity/cloudfront/E1AZ3MSM130EAL"
                  }
                ]
              }
            ],
            "origin_group": [],
            "price_class": "PriceClass_100",
            "restrictions": [
              {
                "geo_restriction": [
                  {
                    "locations": [],
                    "restriction_type": "none"
                  }
                ]
              }
            ],
            "retain_on_delete": false,
            "status": "Deployed",
            "tags": {},
            "tags_all": {},
            "trusted_key_groups": [
              {
                "enabled": false,
                "items": []
              }
            ],
            "trusted_signers": [
              {
                "enabled": false,
                "items": []
              }
            ],
            "viewer_certificate": [
              {
                "acm_certificate_arn": "",
                "cloudfront_default_certificate": true,
                "iam_certificate_id": "",
                "minimum_protocol_version": "TLSv1",
                "ssl_support_method": ""
              }
            ],
            "wait_for_deployment": true,
            "web_acl_id": ""
          },
          "sensitive_attributes": [],
          "private": "eyJzY2hlbWFfdmVyc2lvbiI6IjEifQ==",
          "dependencies": [
            "module.tf_next.module.proxy_config.aws_cloudfront_origin_access_identity.this",
            "module.tf_next.module.proxy_config.aws_s3_bucket.proxy_config_store",
            "module.tf_next.module.proxy_config.data.aws_cloudfront_cache_policy.managed_caching_optimized_for_uncompressed_objects",
            "module.tf_next.module.proxy_config.data.aws_cloudfront_origin_request_policy.managed_cors_s3_origin"
          ]
        }
      ]
    },
    {
      "module": "module.tf_next.module.proxy_config",
      "mode": "managed",
      "type": "aws_cloudfront_origin_access_identity",
      "name": "this",
      "provider": "provider[\"registry.terraform.io/hashicorp/aws\"]",
      "instances": [
        {
          "schema_version": 0,
          "attributes": {
            "caller_reference": "terraform-2022020102013245760000000b",
            "cloudfront_access_identity_path": "origin-access-identity/cloudfront/E1AZ3MSM130EAL",
            "comment": "S3 CloudFront access tf-next-tfn-config20220201020129412200000005",
            "etag": "E3OYU1RS9TFZZZ",
            "iam_arn": "arn:aws:iam::cloudfront:user/CloudFront Origin Access Identity E1AZ3MSM130EAL",
            "id": "E1AZ3MSM130EAL",
            "s3_canonical_user_id": "4ef5569eccaefd505a507216d989c8280c5df755a42c0e1b2f2074330cce1062aa5755cded11125184de92014129f2f9"
          },
          "sensitive_attributes": [],
          "private": "bnVsbA==",
          "dependencies": [
            "module.tf_next.module.proxy_config.aws_s3_bucket.proxy_config_store"
          ]
        }
      ]
    },
    {
      "module": "module.tf_next.module.proxy_config",
      "mode": "managed",
      "type": "aws_s3_bucket",
      "name": "proxy_config_store",
      "provider": "provider[\"registry.terraform.io/hashicorp/aws\"]",
      "instances": [
        {
          "schema_version": 0,
          "attributes": {
            "acceleration_status": "",
            "acl": "private",
            "arn": "arn:aws:s3:::tf-next-tfn-config20220201020129412200000005",
            "bucket": "tf-next-tfn-config20220201020129412200000005",
            "bucket_domain_name": "tf-next-tfn-config20220201020129412200000005.s3.amazonaws.com",
            "bucket_prefix": "tf-next-tfn-config",
            "bucket_regional_domain_name": "tf-next-tfn-config20220201020129412200000005.s3.amazonaws.com",
            "cors_rule": [],
            "force_destroy": true,
            "grant": [],
            "hosted_zone_id": "Z3AQBSTGFYJSTF",
            "id": "tf-next-tfn-config20220201020129412200000005",
            "lifecycle_rule": [],
            "logging": [],
            "object_lock_configuration": [],
            "policy": null,
            "region": "us-east-1",
            "replication_configuration": [],
            "request_payer": "BucketOwner",
            "server_side_encryption_configuration": [],
            "tags": {},
            "tags_all": {},
            "versioning": [
              {
                "enabled": false,
                "mfa_delete": false
              }
            ],
            "website": [],
            "website_domain": null,
            "website_endpoint": null
          },
          "sensitive_attributes": [],
          "private": "bnVsbA=="
        }
      ]
    },
    {
      "module": "module.tf_next.module.proxy_config",
      "mode": "managed",
      "type": "aws_s3_bucket_object",
      "name": "config_json",
      "provider": "provider[\"registry.terraform.io/hashicorp/aws\"]",
      "instances": [
        {
          "schema_version": 0,
          "attributes": {
            "acl": "private",
            "bucket": "tf-next-tfn-config20220201020129412200000005",
            "bucket_key_enabled": false,
            "cache_control": "max-age=900",
            "content": "{\"lambdaRoutes\":[\"/__NEXT_PAGE_LAMBDA_0\"],\"prerenders\":{},\"routes\":[{\"continue\":true,\"headers\":{\"Location\":\"/$1\"},\"src\":\"^(?:\\\\/((?:[^\\\\/]+?)(?:\\\\/(?:[^\\\\/]+?))*))\\\\/$\",\"status\":308},{\"headers\":{\"Location\":\"/swap\"},\"src\":\"^\\\\/send$\",\"status\":308},{\"headers\":{\"Location\":\"/swap?outputCurrency=$1\"},\"src\":\"^\\\\/swap(?:\\\\/([^\\\\/]+?))$\",\"status\":308},{\"headers\":{\"Location\":\"/add/$1\"},\"src\":\"^\\\\/create(?:\\\\/((?:[^\\\\/]+?)(?:\\\\/(?:[^\\\\/]+?))*))?$\",\"status\":308},{\"headers\":{\"Location\":\"/farms/history\"},\"src\":\"^\\\\/farms\\\\/archived$\",\"status\":308},{\"headers\":{\"Location\":\"/liquidity\"},\"src\":\"^\\\\/pool$\",\"status\":308},{\"headers\":{\"Location\":\"/pools\"},\"src\":\"^\\\\/staking$\",\"status\":308},{\"headers\":{\"Location\":\"/pools\"},\"src\":\"^\\\\/syrup$\",\"status\":308},{\"headers\":{\"Location\":\"/nfts\"},\"src\":\"^\\\\/collectibles$\",\"status\":308},{\"continue\":true,\"src\":\"/404\",\"status\":404},{\"handle\":\"filesystem\"},{\"check\":true,\"dest\":\"/__NEXT_PAGE_LAMBDA_0\",\"headers\":{\"x-nextjs-page\":\"/index\"},\"src\":\"^(/|/index|)/?$\"},{\"check\":true,\"dest\":\"/info/tokens/$1\",\"src\":\"^\\\\/info\\\\/token(?:\\\\/([^\\\\/]+?))$\"},{\"check\":true,\"dest\":\"/info/pools/$1\",\"src\":\"^\\\\/info\\\\/pool(?:\\\\/([^\\\\/]+?))$\"},{\"check\":true,\"dest\":\"/info/pools/$1\",\"src\":\"^\\\\/info\\\\/pair(?:\\\\/([^\\\\/]+?))$\"},{\"handle\":\"resource\"},{\"src\":\"/.*\",\"status\":404},{\"handle\":\"miss\"},{\"handle\":\"rewrite\"},{\"check\":true,\"dest\":\"/\",\"src\":\"^/_next/data/bk7DdLVRVq\\\\-P98G1wWWjl/index.json$\"},{\"check\":true,\"dest\":\"/add/[[...currency]]?currency=$currency\",\"src\":\"^/_next/data/bk7DdLVRVq\\\\-P98G1wWWjl/add(?:/(?\\u003ccurrency\\u003e.+?))?\\\\.json$\"},{\"check\":true,\"dest\":\"/__NEXT_PAGE_LAMBDA_0\",\"headers\":{\"x-nextjs-page\":\"/add/[[...currency]]\"},\"src\":\"^/add/\\\\[\\\\[\\\\.\\\\.\\\\.currency\\\\]\\\\]/?$\"},{\"check\":true,\"dest\":\"/info/tokens/[address]?address=$address\",\"src\":\"^/_next/data/bk7DdLVRVq\\\\-P98G1wWWjl/info/tokens/(?\\u003caddress\\u003e[^/]+?)\\\\.json$\"},{\"check\":true,\"dest\":\"/__NEXT_PAGE_LAMBDA_0\",\"headers\":{\"x-nextjs-page\":\"/info/tokens/[address]\"},\"src\":\"^/info/tokens/\\\\[address\\\\]/?$\"},{\"check\":true,\"dest\":\"/remove/[[...currency]]?currency=$currency\",\"src\":\"^/_next/data/bk7DdLVRVq\\\\-P98G1wWWjl/remove(?:/(?\\u003ccurrency\\u003e.+?))?\\\\.json$\"},{\"check\":true,\"dest\":\"/__NEXT_PAGE_LAMBDA_0\",\"headers\":{\"x-nextjs-page\":\"/remove/[[...currency]]\"},\"src\":\"^/remove/\\\\[\\\\[\\\\.\\\\.\\\\.currency\\\\]\\\\]/?$\"},{\"check\":true,\"dest\":\"/__NEXT_PAGE_LAMBDA_0\",\"headers\":{\"x-nextjs-page\":\"/index\"},\"src\":\"^(/|/index|)/?$\"},{\"check\":true,\"dest\":\"/add/[[...currency]]?currency=$currency\",\"src\":\"^/add(?:/(?\\u003ccurrency\\u003e.+?))?(?:/)?$\"},{\"check\":true,\"dest\":\"/__NEXT_PAGE_LAMBDA_0\",\"headers\":{\"x-nextjs-page\":\"/add/[[...currency]]\"},\"src\":\"^/add/\\\\[\\\\[\\\\.\\\\.\\\\.currency\\\\]\\\\]/?$\"},{\"check\":true,\"dest\":\"/info/pools/[address]?address=$address\",\"src\":\"^/info/pools/(?\\u003caddress\\u003e[^/]+?)(?:/)?$\"},{\"check\":true,\"dest\":\"/info/tokens/[address]?address=$address\",\"src\":\"^/info/tokens/(?\\u003caddress\\u003e[^/]+?)(?:/)?$\"},{\"check\":true,\"dest\":\"/__NEXT_PAGE_LAMBDA_0\",\"headers\":{\"x-nextjs-page\":\"/info/tokens/[address]\"},\"src\":\"^/info/tokens/\\\\[address\\\\]/?$\"},{\"check\":true,\"dest\":\"/nfts/collections/[collectionAddress]?collectionAddress=$collectionAddress\",\"src\":\"^/nfts/collections/(?\\u003ccollectionAddress\\u003e[^/]+?)(?:/)?$\"},{\"check\":true,\"dest\":\"/nfts/collections/[collectionAddress]/[tokenId]?collectionAddress=$collectionAddress\\u0026tokenId=$tokenId\",\"src\":\"^/nfts/collections/(?\\u003ccollectionAddress\\u003e[^/]+?)/(?\\u003ctokenId\\u003e[^/]+?)(?:/)?$\"},{\"check\":true,\"dest\":\"/nfts/profile/[accountAddress]?accountAddress=$accountAddress\",\"src\":\"^/nfts/profile/(?\\u003caccountAddress\\u003e[^/]+?)(?:/)?$\"},{\"check\":true,\"dest\":\"/nfts/profile/[accountAddress]/achievements?accountAddress=$accountAddress\",\"src\":\"^/nfts/profile/(?\\u003caccountAddress\\u003e[^/]+?)/achievements(?:/)?$\"},{\"check\":true,\"dest\":\"/nfts/profile/[accountAddress]/activity?accountAddress=$accountAddress\",\"src\":\"^/nfts/profile/(?\\u003caccountAddress\\u003e[^/]+?)/activity(?:/)?$\"},{\"check\":true,\"dest\":\"/remove/[[...currency]]?currency=$currency\",\"src\":\"^/remove(?:/(?\\u003ccurrency\\u003e.+?))?(?:/)?$\"},{\"check\":true,\"dest\":\"/__NEXT_PAGE_LAMBDA_0\",\"headers\":{\"x-nextjs-page\":\"/remove/[[...currency]]\"},\"src\":\"^/remove/\\\\[\\\\[\\\\.\\\\.\\\\.currency\\\\]\\\\]/?$\"},{\"check\":true,\"dest\":\"/teams/[id]?id=$id\",\"src\":\"^/teams/(?\\u003cid\\u003e[^/]+?)(?:/)?$\"},{\"check\":true,\"dest\":\"/voting/proposal/[id]?id=$id\",\"src\":\"^/voting/proposal/(?\\u003cid\\u003e[^/]+?)(?:/)?$\"},{\"handle\":\"hit\"},{\"handle\":\"error\"},{\"dest\":\"/404\",\"src\":\"/.*\",\"status\":404}],\"staticRoutes\":[\"/404\",\"/favicon.ico\",\"/googlefddf3c367e79f9e2.html\",\"/images/achievements/1-year.svg\",\"/images/achievements/baller.svg\",\"/images/achievements/clairvoyant.svg\",\"/images/achievements/easter-champion-bronze.svg\",\"/images/achievements/easter-champion-gold.svg\",\"/images/achievements/easter-champion-silver.svg\",\"/images/achievements/easter-participant-bronze.svg\",\"/images/achievements/easter-participant-gold.svg\",\"/images/achievements/easter-participant-silver.svg\",\"/images/achievements/easter-top-500-bronze.svg\",\"/images/achievements/easter-top-500-gold.svg\",\"/images/achievements/easter-top-500-silver.svg\",\"/images/achievements/fan-token-champion-bronze.svg\",\"/images/achievements/fan-token-champion-gold.svg\",\"/images/achievements/fan-token-champion-silver.svg\",\"/images/achievements/fan-token-participant-bronze.svg\",\"/images/achievements/fan-token-participant-gold.svg\",\"/images/achievements/fan-token-participant-silver.svg\",\"/images/achievements/fan-token-top-10-bronze.svg\",\"/images/achievements/fan-token-top-10-gold.svg\",\"/images/achievements/fan-token-top-10-silver.svg\",\"/images/achievements/fan-token-top-100-bronze.svg\",\"/images/achievements/fan-token-top-100-gold.svg\",\"/images/achievements/fan-token-top-100-silver.svg\",\"/images/achievements/fan-token-top-500-bronze.svg\",\"/images/achievements/fan-token-top-500-gold.svg\",\"/images/achievements/fan-token-top-500-silver.svg\",\"/images/achievements/ifo-belt.svg\",\"/images/achievements/ifo-blink.svg\",\"/images/achievements/ifo-bry.svg\",\"/images/achievements/ifo-dar.svg\",\"/images/achievements/ifo-ditto.svg\",\"/images/achievements/ifo-dkt.svg\",\"/images/achievements/ifo-dpt.svg\",\"/images/achievements/ifo-froyo.svg\",\"/images/achievements/ifo-helmet.svg\",\"/images/achievements/ifo-hotcross.svg\",\"/images/achievements/ifo-hzn.svg\",\"/images/achievements/ifo-kalm.svg\",\"/images/achievements/ifo-porto.svg\",\"/images/achievements/ifo-santos.svg\",\"/images/achievements/ifo-ten.svg\",\"/images/achievements/ifo-watch.svg\",\"/images/achievements/ifo-wsote.svg\",\"/images/achievements/lottie.svg\",\"/images/achievements/lucky.svg\",\"/images/achievements/syrup-soaker.svg\",\"/images/bunny-santa.svg\",\"/images/burnt-cake.png\",\"/images/cake-bg.svg\",\"/images/cake.svg\",\"/images/camera.svg\",\"/images/chartwarning.svg\",\"/images/CMC-logo.svg\",\"/images/collections/no-collection-banner-sm.png\",\"/images/collections/pancake-squad-avatar.png\",\"/images/collections/pancake-squad-banner-lg.png\",\"/images/collections/pancake-squad-banner-sm.png\",\"/images/collections/team bg/storm.png\",\"/images/competition/banner_sm.png\",\"/images/competition/banner.png\",\"/images/curtain-bottom-dark.png\",\"/images/curtain-bottom-light.png\",\"/images/decorations/3d-ifo-froyo.png\",\"/images/decorations/3d-ifo-santos.png\",\"/images/decorations/3d-syrup-bunnies.png\",\"/images/decorations/3dpan.png\",\"/images/decorations/auction-bunny.png\",\"/images/decorations/bg-star.svg\",\"/images/decorations/hiccup-bunny.png\",\"/images/decorations/pancakesquad.png\",\"/images/decorations/phishing-warning-bunny.png\",\"/images/decorations/phishing-warning-bunny.webp\",\"/images/decorations/prize-bunny.png\",\"/images/decorations/vrbunny.png\",\"/images/easter-battle.png\",\"/images/help.png\",\"/images/hero.png\",\"/images/home/cake/bottom-right.png\",\"/images/home/cake/bottom-right.webp\",\"/images/home/cake/bottom-right@1.5x.png\",\"/images/home/cake/bottom-right@1.5x.webp\",\"/images/home/cake/bottom-right@2x.png\",\"/images/home/cake/bottom-right@2x.webp\",\"/images/home/cake/coin.png\",\"/images/home/cake/coin.webp\",\"/images/home/cake/coin@1.5x.png\",\"/images/home/cake/coin@1.5x.webp\",\"/images/home/cake/coin@2x.png\",\"/images/home/cake/coin@2x.webp\",\"/images/home/cake/top-left.png\",\"/images/home/cake/top-left.webp\",\"/images/home/cake/top-left@1.5x.png\",\"/images/home/cake/top-left@1.5x.webp\",\"/images/home/cake/top-left@2x.png\",\"/images/home/cake/top-left@2x.webp\",\"/images/home/cake/top-right.png\",\"/images/home/cake/top-right.webp\",\"/images/home/cake/top-right@1.5x.png\",\"/images/home/cake/top-right@1.5x.webp\",\"/images/home/cake/top-right@2x.png\",\"/images/home/cake/top-right@2x.webp\",\"/images/home/earn/folder.png\",\"/images/home/earn/folder.webp\",\"/images/home/earn/folder@1.5x.png\",\"/images/home/earn/folder@1.5x.webp\",\"/images/home/earn/folder@2x.png\",\"/images/home/earn/folder@2x.webp\",\"/images/home/earn/pie.png\",\"/images/home/earn/pie.webp\",\"/images/home/earn/pie@1.5x.png\",\"/images/home/earn/pie@1.5x.webp\",\"/images/home/earn/pie@2x.png\",\"/images/home/earn/pie@2x.webp\",\"/images/home/earn/stonks.png\",\"/images/home/earn/stonks.webp\",\"/images/home/earn/stonks@1.5x.png\",\"/images/home/earn/stonks@1.5x.webp\",\"/images/home/earn/stonks@2x.png\",\"/images/home/earn/stonks@2x.webp\",\"/images/home/flying-pancakes/1-bottom.png\",\"/images/home/flying-pancakes/1-bottom.webp\",\"/images/home/flying-pancakes/1-bottom@1.5x.png\",\"/images/home/flying-pancakes/1-bottom@1.5x.webp\",\"/images/home/flying-pancakes/1-bottom@2x.png\",\"/images/home/flying-pancakes/1-bottom@2x.webp\",\"/images/home/flying-pancakes/1-left.png\",\"/images/home/flying-pancakes/1-left.webp\",\"/images/home/flying-pancakes/1-left@1.5x.png\",\"/images/home/flying-pancakes/1-left@1.5x.webp\",\"/images/home/flying-pancakes/1-left@2x.png\",\"/images/home/flying-pancakes/1-left@2x.webp\",\"/images/home/flying-pancakes/1-top.png\",\"/images/home/flying-pancakes/1-top.webp\",\"/images/home/flying-pancakes/1-top@1.5x.png\",\"/images/home/flying-pancakes/1-top@1.5x.webp\",\"/images/home/flying-pancakes/1-top@2x.png\",\"/images/home/flying-pancakes/1-top@2x.webp\",\"/images/home/flying-pancakes/2-bottom.png\",\"/images/home/flying-pancakes/2-bottom.webp\",\"/images/home/flying-pancakes/2-bottom@1.5x.png\",\"/images/home/flying-pancakes/2-bottom@1.5x.webp\",\"/images/home/flying-pancakes/2-bottom@2x.png\",\"/images/home/flying-pancakes/2-bottom@2x.webp\",\"/images/home/flying-pancakes/2-right.png\",\"/images/home/flying-pancakes/2-right.webp\",\"/images/home/flying-pancakes/2-right@1.5x.png\",\"/images/home/flying-pancakes/2-right@1.5x.webp\",\"/images/home/flying-pancakes/2-right@2x.png\",\"/images/home/flying-pancakes/2-right@2x.webp\",\"/images/home/flying-pancakes/2-top.png\",\"/images/home/flying-pancakes/2-top.webp\",\"/images/home/flying-pancakes/2-top@1.5x.png\",\"/images/home/flying-pancakes/2-top@1.5x.webp\",\"/images/home/flying-pancakes/2-top@2x.png\",\"/images/home/flying-pancakes/2-top@2x.webp\",\"/images/home/lottery-balls/2.png\",\"/images/home/lottery-balls/2.webp\",\"/images/home/lottery-balls/2@1.5x.png\",\"/images/home/lottery-balls/2@1.5x.webp\",\"/images/home/lottery-balls/2@2x.png\",\"/images/home/lottery-balls/2@2x.webp\",\"/images/home/lottery-balls/4.png\",\"/images/home/lottery-balls/4.webp\",\"/images/home/lottery-balls/4@1.5x.png\",\"/images/home/lottery-balls/4@1.5x.webp\",\"/images/home/lottery-balls/4@2x.png\",\"/images/home/lottery-balls/4@2x.webp\",\"/images/home/lottery-balls/6.png\",\"/images/home/lottery-balls/6.webp\",\"/images/home/lottery-balls/6@1.5x.png\",\"/images/home/lottery-balls/6@1.5x.webp\",\"/images/home/lottery-balls/6@2x.png\",\"/images/home/lottery-balls/6@2x.webp\",\"/images/home/lottery-balls/7.png\",\"/images/home/lottery-balls/7.webp\",\"/images/home/lottery-balls/7@1.5x.png\",\"/images/home/lottery-balls/7@1.5x.webp\",\"/images/home/lottery-balls/7@2x.png\",\"/images/home/lottery-balls/7@2x.webp\",\"/images/home/lottery-balls/9.png\",\"/images/home/lottery-balls/9.webp\",\"/images/home/lottery-balls/9@1.5x.png\",\"/images/home/lottery-balls/9@1.5x.webp\",\"/images/home/lottery-balls/9@2x.png\",\"/images/home/lottery-balls/9@2x.webp\",\"/images/home/lunar-bunny/bunny.png\",\"/images/home/lunar-bunny/bunny.webp\",\"/images/home/lunar-bunny/bunny@1.5x.png\",\"/images/home/lunar-bunny/bunny@1.5x.webp\",\"/images/home/lunar-bunny/bunny@2x.png\",\"/images/home/lunar-bunny/bunny@2x.webp\",\"/images/home/lunar-bunny/star-l.png\",\"/images/home/lunar-bunny/star-l.webp\",\"/images/home/lunar-bunny/star-l@1.5x.png\",\"/images/home/lunar-bunny/star-l@1.5x.webp\",\"/images/home/lunar-bunny/star-l@2x.png\",\"/images/home/lunar-bunny/star-l@2x.webp\",\"/images/home/lunar-bunny/star-r.png\",\"/images/home/lunar-bunny/star-r.webp\",\"/images/home/lunar-bunny/star-r@1.5x.png\",\"/images/home/lunar-bunny/star-r@1.5x.webp\",\"/images/home/lunar-bunny/star-r@2x.png\",\"/images/home/lunar-bunny/star-r@2x.webp\",\"/images/home/lunar-bunny/star-top-r.png\",\"/images/home/lunar-bunny/star-top-r.webp\",\"/images/home/lunar-bunny/star-top-r@1.5x.png\",\"/images/home/lunar-bunny/star-top-r@1.5x.webp\",\"/images/home/lunar-bunny/star-top-r@2x.png\",\"/images/home/lunar-bunny/star-top-r@2x.webp\",\"/images/home/prediction-cards/bottom-left.png\",\"/images/home/prediction-cards/bottom-left.webp\",\"/images/home/prediction-cards/bottom-left@1.5x.png\",\"/images/home/prediction-cards/bottom-left@1.5x.webp\",\"/images/home/prediction-cards/bottom-left@2x.png\",\"/images/home/prediction-cards/bottom-left@2x.webp\",\"/images/home/prediction-cards/green.png\",\"/images/home/prediction-cards/green.webp\",\"/images/home/prediction-cards/green@1.5x.png\",\"/images/home/prediction-cards/green@1.5x.webp\",\"/images/home/prediction-cards/green@2x.png\",\"/images/home/prediction-cards/green@2x.webp\",\"/images/home/prediction-cards/red.png\",\"/images/home/prediction-cards/red.webp\",\"/images/home/prediction-cards/red@1.5x.png\",\"/images/home/prediction-cards/red@1.5x.webp\",\"/images/home/prediction-cards/red@2x.png\",\"/images/home/prediction-cards/red@2x.webp\",\"/images/home/prediction-cards/top-right.png\",\"/images/home/prediction-cards/top-right.webp\",\"/images/home/prediction-cards/top-right@1.5x.png\",\"/images/home/prediction-cards/top-right@1.5x.webp\",\"/images/home/prediction-cards/top-right@2x.png\",\"/images/home/prediction-cards/top-right@2x.webp\",\"/images/home/trade/BNB.png\",\"/images/home/trade/BNB.webp\",\"/images/home/trade/BNB@1.5x.png\",\"/images/home/trade/BNB@1.5x.webp\",\"/images/home/trade/BNB@2x.png\",\"/images/home/trade/BNB@2x.webp\",\"/images/home/trade/BTC.png\",\"/images/home/trade/BTC.webp\",\"/images/home/trade/BTC@1.5x.png\",\"/images/home/trade/BTC@1.5x.webp\",\"/images/home/trade/BTC@2x.png\",\"/images/home/trade/BTC@2x.webp\",\"/images/home/trade/CAKE.png\",\"/images/home/trade/CAKE.webp\",\"/images/home/trade/CAKE@1.5x.png\",\"/images/home/trade/CAKE@1.5x.webp\",\"/images/home/trade/CAKE@2x.png\",\"/images/home/trade/CAKE@2x.webp\",\"/images/ifos/assets/bunnypop-left.png\",\"/images/ifos/assets/bunnypop-right.png\",\"/images/ifos/assets/ifo-banner-dark.png\",\"/images/ifos/assets/ifo-banner-light.png\",\"/images/ifos/belt-bg.svg\",\"/images/ifos/berry-bg.svg\",\"/images/ifos/blink-bg.svg\",\"/images/ifos/dar-bg.svg\",\"/images/ifos/ditto-bg.svg\",\"/images/ifos/dkt-bg.png\",\"/images/ifos/dpt-bg.png\",\"/images/ifos/froyo-bg.png\",\"/images/ifos/helmet-bg.svg\",\"/images/ifos/horizon-bg.svg\",\"/images/ifos/hotcross-bg.svg\",\"/images/ifos/ifo-bunny.png\",\"/images/ifos/kalmar-bg.svg\",\"/images/ifos/porto-bg.png\",\"/images/ifos/santos-bg.svg\",\"/images/ifos/soteria-bg.svg\",\"/images/ifos/tenet-bg.svg\",\"/images/ifos/watch-bg.svg\",\"/images/lottery/star-big.png\",\"/images/lottery/star-small.png\",\"/images/lottery/three-stars.png\",\"/images/lottery/ticket-l.png\",\"/images/lottery/ticket-r.png\",\"/images/lottery/tombola.png\",\"/images/lottery/torn-ticket-l.png\",\"/images/lottery/torn-ticket-r.png\",\"/images/nfts/baller-lg.png\",\"/images/nfts/baller-md.png\",\"/images/nfts/baller-sm.png\",\"/images/nfts/blueberries-blur.png\",\"/images/nfts/blueberries-lg.png\",\"/images/nfts/blueberries-md.png\",\"/images/nfts/blueberries-sm.png\",\"/images/nfts/bullish-lg.png\",\"/images/nfts/bullish-md.png\",\"/images/nfts/bullish-sm.png\",\"/images/nfts/cakeston-easter-21-lg.png\",\"/images/nfts/cakeston-easter-21-md.png\",\"/images/nfts/cakeston-easter-21-sm.png\",\"/images/nfts/christmas-2021.png\",\"/images/nfts/churro-lg.png\",\"/images/nfts/churro-md.png\",\"/images/nfts/churro-sm.png\",\"/images/nfts/circular-blur.png\",\"/images/nfts/circular-lg.png\",\"/images/nfts/circular-md.png\",\"/images/nfts/circular-sm.png\",\"/images/nfts/claire-lg.png\",\"/images/nfts/claire-md.png\",\"/images/nfts/claire-sm.png\",\"/images/nfts/dollop-blur.png\",\"/images/nfts/dollop-lg.png\",\"/images/nfts/dollop-md.png\",\"/images/nfts/dollop-sm.png\",\"/images/nfts/drizzle-blur.png\",\"/images/nfts/drizzle-lg.png\",\"/images/nfts/drizzle-md.png\",\"/images/nfts/drizzle-sm.png\",\"/images/nfts/easter-champion-storm-lg.png\",\"/images/nfts/easter-champion-storm-md.png\",\"/images/nfts/easter-champion-storm-sm.png\",\"/images/nfts/flipper-blur.png\",\"/images/nfts/flipper-lg.png\",\"/images/nfts/flipper-md.png\",\"/images/nfts/flipper-sm.png\",\"/images/nfts/flipsie-easter-21-lg.png\",\"/images/nfts/flipsie-easter-21-md.png\",\"/images/nfts/flipsie-easter-21-sm.png\",\"/images/nfts/hiccup-lg.png\",\"/images/nfts/hiccup-md.png\",\"/images/nfts/hiccup-sm.png\",\"/images/nfts/lottie-lg.png\",\"/images/nfts/lottie-md.png\",\"/images/nfts/lottie-sm.png\",\"/images/nfts/lucky-lg.png\",\"/images/nfts/lucky-md.png\",\"/images/nfts/lucky-sm.png\",\"/images/nfts/mixie-1-lg.png\",\"/images/nfts/mixie-1-md.png\",\"/images/nfts/mixie-1-sm.png\",\"/images/nfts/mixie-2-lg.png\",\"/images/nfts/mixie-2-md.png\",\"/images/nfts/mixie-2-sm.png\",\"/images/nfts/mixie-3-lg.png\",\"/images/nfts/mixie-3-md.png\",\"/images/nfts/mixie-3-sm.png\",\"/images/nfts/no-profile-md.png\",\"/images/nfts/onsen-blur.png\",\"/images/nfts/onsen-lg.png\",\"/images/nfts/onsen-md.png\",\"/images/nfts/onsen-sm.png\",\"/images/nfts/panurai-lg.png\",\"/images/nfts/panurai-md.png\",\"/images/nfts/panurai-sm.png\",\"/images/nfts/sleepy-blur.png\",\"/images/nfts/sleepy-lg.png\",\"/images/nfts/sleepy-md.png\",\"/images/nfts/sleepy-sm.png\",\"/images/nfts/soak-lg.png\",\"/images/nfts/soak-md.png\",\"/images/nfts/soak-sm.png\",\"/images/nfts/sparkle-blur.png\",\"/images/nfts/sparkle-lg.png\",\"/images/nfts/sparkle-md.png\",\"/images/nfts/sparkle-sm.png\",\"/images/nfts/stormy-easter-21-lg.png\",\"/images/nfts/stormy-easter-21-md.png\",\"/images/nfts/stormy-easter-21-sm.png\",\"/images/nfts/sunny-blur.png\",\"/images/nfts/sunny-lg.png\",\"/images/nfts/sunny-md.png\",\"/images/nfts/sunny-sm.png\",\"/images/nfts/swapsies-blur.png\",\"/images/nfts/swapsies-lg.png\",\"/images/nfts/swapsies-md.png\",\"/images/nfts/swapsies-sm.png\",\"/images/nfts/twinkle-blur.png\",\"/images/nfts/twinkle-lg.png\",\"/images/nfts/twinkle-md.png\",\"/images/nfts/twinkle-sm.png\",\"/images/pan-bg-mobile.svg\",\"/images/pan-bg.svg\",\"/images/pan-bg2.svg\",\"/images/pancakeSquad/artist-dark.png\",\"/images/pancakeSquad/artist.png\",\"/images/pancakeSquad/bunnies/bunny0.png\",\"/images/pancakeSquad/bunnies/bunny1.png\",\"/images/pancakeSquad/bunnies/bunny10.png\",\"/images/pancakeSquad/bunnies/bunny2.png\",\"/images/pancakeSquad/bunnies/bunny3.png\",\"/images/pancakeSquad/bunnies/bunny4.png\",\"/images/pancakeSquad/bunnies/bunny5.png\",\"/images/pancakeSquad/bunnies/bunny6.png\",\"/images/pancakeSquad/bunnies/bunny7.png\",\"/images/pancakeSquad/bunnies/bunny8.png\",\"/images/pancakeSquad/bunnies/bunny9.png\",\"/images/pancakeSquad/moonBunny/band.png\",\"/images/pancakeSquad/moonBunny/body.png\",\"/images/pancakeSquad/moonBunny/cloth.png\",\"/images/pancakeSquad/moonBunny/glasses.png\",\"/images/pancakeSquad/moonBunny/pancake.png\",\"/images/pancakeSquad/squadRow.png\",\"/images/pool-finished-sash.svg\",\"/images/prediction_promotion.png\",\"/images/present-alt.svg\",\"/images/present-disabled.svg\",\"/images/present.svg\",\"/images/teams/cakers-banner.png\",\"/images/teams/chaotic-cakers-alt.png\",\"/images/teams/chaotic-cakers-bg.svg\",\"/images/teams/chaotic-cakers-lg.png\",\"/images/teams/chaotic-cakers-md.png\",\"/images/teams/chaotic-cakers-sm.png\",\"/images/teams/fearsome-flippers-alt.png\",\"/images/teams/fearsome-flippers-bg.svg\",\"/images/teams/fearsome-flippers-lg.png\",\"/images/teams/fearsome-flippers-md.png\",\"/images/teams/fearsome-flippers-sm.png\",\"/images/teams/flippers-banner.png\",\"/images/teams/no-team-banner.png\",\"/images/teams/storm-banner.png\",\"/images/teams/syrup-storm-alt.png\",\"/images/teams/syrup-storm-bg.svg\",\"/images/teams/syrup-storm-lg.png\",\"/images/teams/syrup-storm-md.png\",\"/images/teams/syrup-storm-sm.png\",\"/images/tokens/0x007EA5C0Ea75a8DF45D288a4debdD5bb633F9e56.png\",\"/images/tokens/0x007EA5C0Ea75a8DF45D288a4debdD5bb633F9e56.svg\",\"/images/tokens/0x00e1656e45f18ec6747F5a8496Fd39B50b38396D.png\",\"/images/tokens/0x00e1656e45f18ec6747F5a8496Fd39B50b38396D.svg\",\"/images/tokens/0x0112e557d400474717056C4e6D40eDD846F38351.png\",\"/images/tokens/0x0112e557d400474717056C4e6D40eDD846F38351.svg\",\"/images/tokens/0x037838b556d9c9d654148a284682C55bB5f56eF4.png\",\"/images/tokens/0x037838b556d9c9d654148a284682C55bB5f56eF4.svg\",\"/images/tokens/0x039cB485212f996A9DBb85A9a75d898F94d38dA6.png\",\"/images/tokens/0x039cB485212f996A9DBb85A9a75d898F94d38dA6.svg\",\"/images/tokens/0x03fF0ff224f904be3118461335064bB48Df47938.png\",\"/images/tokens/0x03fF0ff224f904be3118461335064bB48Df47938.svg\",\"/images/tokens/0x045c4324039dA91c52C55DF5D785385Aab073DcF.png\",\"/images/tokens/0x045c4324039dA91c52C55DF5D785385Aab073DcF.svg\",\"/images/tokens/0x04BAf95Fd4C52fd09a56D840bAEe0AB8D7357bf0.png\",\"/images/tokens/0x04BAf95Fd4C52fd09a56D840bAEe0AB8D7357bf0.svg\",\"/images/tokens/0x04C747b40Be4D535fC83D09939fb0f626F32800B.png\",\"/images/tokens/0x04C747b40Be4D535fC83D09939fb0f626F32800B.svg\",\"/images/tokens/0x07663837218a003e66310a01596af4bf4e44623d.png\",\"/images/tokens/0x07663837218a003e66310a01596af4bf4e44623d.svg\",\"/images/tokens/0x07AaA29E63FFEB2EBf59B33eE61437E1a91A3bb2.png\",\"/images/tokens/0x07AaA29E63FFEB2EBf59B33eE61437E1a91A3bb2.svg\",\"/images/tokens/0x08ba0619b1e7A582E0BCe5BBE9843322C954C340.png\",\"/images/tokens/0x08ba0619b1e7A582E0BCe5BBE9843322C954C340.svg\",\"/images/tokens/0x0a3A21356793B49154Fd3BbE91CBc2A16c0457f5.png\",\"/images/tokens/0x0a3A21356793B49154Fd3BbE91CBc2A16c0457f5.svg\",\"/images/tokens/0x0b15Ddf19D47E6a86A56148fb4aFFFc6929BcB89.png\",\"/images/tokens/0x0b15Ddf19D47E6a86A56148fb4aFFFc6929BcB89.svg\",\"/images/tokens/0x0bc89aa98Ad94E6798Ec822d0814d934cCD0c0cE.png\",\"/images/tokens/0x0bc89aa98Ad94E6798Ec822d0814d934cCD0c0cE.svg\",\"/images/tokens/0x0D8Ce2A99Bb6e3B7Db580eD848240e4a0F9aE153.png\",\"/images/tokens/0x0D8Ce2A99Bb6e3B7Db580eD848240e4a0F9aE153.svg\",\"/images/tokens/0x0Da6Ed8B13214Ff28e9Ca979Dd37439e8a88F6c4.png\",\"/images/tokens/0x0Da6Ed8B13214Ff28e9Ca979Dd37439e8a88F6c4.svg\",\"/images/tokens/0x0E09FaBB73Bd3Ade0a17ECC321fD13a19e81cE82.png\",\"/images/tokens/0x0E09FaBB73Bd3Ade0a17ECC321fD13a19e81cE82.svg\",\"/images/tokens/0x0Eb3a705fc54725037CC9e008bDede697f62F335.png\",\"/images/tokens/0x0Eb3a705fc54725037CC9e008bDede697f62F335.svg\",\"/images/tokens/0x0F9E4D49f25de22c2202aF916B681FBB3790497B.png\",\"/images/tokens/0x0F9E4D49f25de22c2202aF916B681FBB3790497B.svg\",\"/images/tokens/0x101d82428437127bF1608F699CD651e6Abf9766E.png\",\"/images/tokens/0x101d82428437127bF1608F699CD651e6Abf9766E.svg\",\"/images/tokens/0x1203355742e76875154C0D13eB81DCD7711dC7d9.png\",\"/images/tokens/0x1203355742e76875154C0D13eB81DCD7711dC7d9.svg\",\"/images/tokens/0x12BB890508c125661E03b09EC06E404bc9289040.png\",\"/images/tokens/0x12BB890508c125661E03b09EC06E404bc9289040.svg\",\"/images/tokens/0x14016E85a25aeb13065688cAFB43044C2ef86784.png\",\"/images/tokens/0x14016E85a25aeb13065688cAFB43044C2ef86784.svg\",\"/images/tokens/0x154A9F9cbd3449AD22FDaE23044319D6eF2a1Fab.png\",\"/images/tokens/0x154A9F9cbd3449AD22FDaE23044319D6eF2a1Fab.svg\",\"/images/tokens/0x1613957159E9B0ac6c80e824F7Eea748a32a0AE2.png\",\"/images/tokens/0x1613957159E9B0ac6c80e824F7Eea748a32a0AE2.svg\",\"/images/tokens/0x1633b7157e7638C4d6593436111Bf125Ee74703F.png\",\"/images/tokens/0x1633b7157e7638C4d6593436111Bf125Ee74703F.svg\",\"/images/tokens/0x16939ef78684453bfDFb47825F8a5F714f12623a.png\",\"/images/tokens/0x16939ef78684453bfDFb47825F8a5F714f12623a.svg\",\"/images/tokens/0x1796ae0b0fa4862485106a0de9b654eFE301D0b2.png\",\"/images/tokens/0x1796ae0b0fa4862485106a0de9b654eFE301D0b2.svg\",\"/images/tokens/0x17B7163cf1Dbd286E262ddc68b553D899B93f526.png\",\"/images/tokens/0x17B7163cf1Dbd286E262ddc68b553D899B93f526.svg\",\"/images/tokens/0x190b589cf9Fb8DDEabBFeae36a813FFb2A702454.png\",\"/images/tokens/0x190b589cf9Fb8DDEabBFeae36a813FFb2A702454.svg\",\"/images/tokens/0x1A2fb0Af670D0234c2857FaD35b789F8Cb725584.png\",\"/images/tokens/0x1A2fb0Af670D0234c2857FaD35b789F8Cb725584.svg\",\"/images/tokens/0x1AF3F329e8BE154074D8769D1FFa4eE058B1DBc3.png\",\"/images/tokens/0x1AF3F329e8BE154074D8769D1FFa4eE058B1DBc3.svg\",\"/images/tokens/0x1Ba42e5193dfA8B03D15dd1B86a3113bbBEF8Eeb.png\",\"/images/tokens/0x1Ba42e5193dfA8B03D15dd1B86a3113bbBEF8Eeb.svg\",\"/images/tokens/0x1D1eb8E8293222e1a29d2C0E4cE6C0Acfd89AaaC.png\",\"/images/tokens/0x1D1eb8E8293222e1a29d2C0E4cE6C0Acfd89AaaC.svg\",\"/images/tokens/0x1D229B958D5DDFca92146585a8711aECbE56F095.png\",\"/images/tokens/0x1D229B958D5DDFca92146585a8711aECbE56F095.svg\",\"/images/tokens/0x1D2F0da169ceB9fC7B3144628dB156f3F6c60dBE.png\",\"/images/tokens/0x1D2F0da169ceB9fC7B3144628dB156f3F6c60dBE.svg\",\"/images/tokens/0x1F7216fdB338247512Ec99715587bb97BBf96eae.png\",\"/images/tokens/0x1F7216fdB338247512Ec99715587bb97BBf96eae.svg\",\"/images/tokens/0x1fC9004eC7E5722891f5f38baE7678efCB11d34D.png\",\"/images/tokens/0x1fC9004eC7E5722891f5f38baE7678efCB11d34D.svg\",\"/images/tokens/0x1FFD0b47127fdd4097E54521C9E2c7f0D66AafC5.png\",\"/images/tokens/0x1FFD0b47127fdd4097E54521C9E2c7f0D66AafC5.svg\",\"/images/tokens/0x20de22029ab63cf9A7Cf5fEB2b737Ca1eE4c82A6.png\",\"/images/tokens/0x20de22029ab63cf9A7Cf5fEB2b737Ca1eE4c82A6.svg\",\"/images/tokens/0x211FfbE424b90e25a15531ca322adF1559779E45.png\",\"/images/tokens/0x211FfbE424b90e25a15531ca322adF1559779E45.svg\",\"/images/tokens/0x2170Ed0880ac9A755fd29B2688956BD959F933F8.png\",\"/images/tokens/0x2170Ed0880ac9A755fd29B2688956BD959F933F8.svg\",\"/images/tokens/0x2222227E22102Fe3322098e4CBfE18cFebD57c95.png\",\"/images/tokens/0x2222227E22102Fe3322098e4CBfE18cFebD57c95.svg\",\"/images/tokens/0x232FB065D9d24c34708eeDbF03724f2e95ABE768.png\",\"/images/tokens/0x232FB065D9d24c34708eeDbF03724f2e95ABE768.svg\",\"/images/tokens/0x23396cF899Ca06c4472205fC903bDB4de249D6fC.png\",\"/images/tokens/0x23396cF899Ca06c4472205fC903bDB4de249D6fC.svg\",\"/images/tokens/0x233d91A0713155003fc4DcE0AFa871b508B3B715.png\",\"/images/tokens/0x233d91A0713155003fc4DcE0AFa871b508B3B715.svg\",\"/images/tokens/0x23CE9e926048273eF83be0A3A8Ba9Cb6D45cd978.png\",\"/images/tokens/0x23CE9e926048273eF83be0A3A8Ba9Cb6D45cd978.svg\",\"/images/tokens/0x250632378E573c6Be1AC2f97Fcdf00515d0Aa91B.png\",\"/images/tokens/0x250632378E573c6Be1AC2f97Fcdf00515d0Aa91B.svg\",\"/images/tokens/0x250b211EE44459dAd5Cd3bCa803dD6a7EcB5d46C.png\",\"/images/tokens/0x250b211EE44459dAd5Cd3bCa803dD6a7EcB5d46C.svg\",\"/images/tokens/0x25A528af62e56512A19ce8c3cAB427807c28CC19.png\",\"/images/tokens/0x25A528af62e56512A19ce8c3cAB427807c28CC19.svg\",\"/images/tokens/0x25E9d05365c867E59C1904E7463Af9F312296f9E.png\",\"/images/tokens/0x25E9d05365c867E59C1904E7463Af9F312296f9E.svg\",\"/images/tokens/0x26A5dFab467d4f58fB266648CAe769503CEC9580.png\",\"/images/tokens/0x26A5dFab467d4f58fB266648CAe769503CEC9580.svg\",\"/images/tokens/0x2cD1075682b0FCCaADd0Ca629e138E64015Ba11c.png\",\"/images/tokens/0x2cD1075682b0FCCaADd0Ca629e138E64015Ba11c.svg\",\"/images/tokens/0x2eD9a5C8C13b93955103B9a7C167B67Ef4d568a3.png\",\"/images/tokens/0x2eD9a5C8C13b93955103B9a7C167B67Ef4d568a3.svg\",\"/images/tokens/0x2FA5dAF6Fe0708fBD63b1A7D1592577284f52256.png\",\"/images/tokens/0x2FA5dAF6Fe0708fBD63b1A7D1592577284f52256.svg\",\"/images/tokens/0x3192CCDdf1CDcE4Ff055EbC80f3F0231b86A7E30.png\",\"/images/tokens/0x3192CCDdf1CDcE4Ff055EbC80f3F0231b86A7E30.svg\",\"/images/tokens/0x3203c9E46cA618C8C1cE5dC67e7e9D75f5da2377.png\",\"/images/tokens/0x3203c9E46cA618C8C1cE5dC67e7e9D75f5da2377.svg\",\"/images/tokens/0x37dfACfaeDA801437Ff648A1559d73f4C40aAcb7.png\",\"/images/tokens/0x37dfACfaeDA801437Ff648A1559d73f4C40aAcb7.svg\",\"/images/tokens/0x3947B992DC0147D2D89dF0392213781b04B25075.png\",\"/images/tokens/0x3947B992DC0147D2D89dF0392213781b04B25075.svg\",\"/images/tokens/0x3EE2200Efb3400fAbB9AacF31297cBdD1d435D47.png\",\"/images/tokens/0x3EE2200Efb3400fAbB9AacF31297cBdD1d435D47.svg\",\"/images/tokens/0x3Fcca8648651E5b974DD6d3e50F61567779772A8.png\",\"/images/tokens/0x3Fcca8648651E5b974DD6d3e50F61567779772A8.svg\",\"/images/tokens/0x3FdA9383A84C05eC8f7630Fe10AdF1fAC13241CC.png\",\"/images/tokens/0x3FdA9383A84C05eC8f7630Fe10AdF1fAC13241CC.svg\",\"/images/tokens/0x40C8225329Bd3e28A043B029E0D07a5344d2C27C.png\",\"/images/tokens/0x40C8225329Bd3e28A043B029E0D07a5344d2C27C.svg\",\"/images/tokens/0x40E46dE174dfB776BB89E04dF1C47d8a66855EB3.png\",\"/images/tokens/0x40E46dE174dfB776BB89E04dF1C47d8a66855EB3.svg\",\"/images/tokens/0x4131b87F74415190425ccD873048C708F8005823.png\",\"/images/tokens/0x4131b87F74415190425ccD873048C708F8005823.svg\",\"/images/tokens/0x426c72701833fdDBdFc06c944737C6031645c708.png\",\"/images/tokens/0x426c72701833fdDBdFc06c944737C6031645c708.svg\",\"/images/tokens/0x42712dF5009c20fee340B245b510c0395896cF6e.png\",\"/images/tokens/0x42712dF5009c20fee340B245b510c0395896cF6e.svg\",\"/images/tokens/0x42F6f551ae042cBe50C739158b4f0CAC0Edb9096.png\",\"/images/tokens/0x42F6f551ae042cBe50C739158b4f0CAC0Edb9096.svg\",\"/images/tokens/0x431e0cD023a32532BF3969CddFc002c00E98429d.png\",\"/images/tokens/0x431e0cD023a32532BF3969CddFc002c00E98429d.svg\",\"/images/tokens/0x4338665CBB7B2485A8855A139b75D5e34AB0DB94.png\",\"/images/tokens/0x4338665CBB7B2485A8855A139b75D5e34AB0DB94.svg\",\"/images/tokens/0x44754455564474A89358B2C2265883DF993b12F0.png\",\"/images/tokens/0x44754455564474A89358B2C2265883DF993b12F0.svg\",\"/images/tokens/0x4691937a7508860F876c9c0a2a617E7d9E945D4B.png\",\"/images/tokens/0x4691937a7508860F876c9c0a2a617E7d9E945D4B.svg\",\"/images/tokens/0x477bc8d23c634c154061869478bce96be6045d12.png\",\"/images/tokens/0x477bc8d23c634c154061869478bce96be6045d12.svg\",\"/images/tokens/0x47BEAd2563dCBf3bF2c9407fEa4dC236fAbA485A.png\",\"/images/tokens/0x47BEAd2563dCBf3bF2c9407fEa4dC236fAbA485A.svg\",\"/images/tokens/0x49022089e78a8D46Ec87A3AF86a1Db6c189aFA6f.png\",\"/images/tokens/0x49022089e78a8D46Ec87A3AF86a1Db6c189aFA6f.svg\",\"/images/tokens/0x49f2145d6366099e13B10FbF80646C0F377eE7f6.png\",\"/images/tokens/0x49f2145d6366099e13B10FbF80646C0F377eE7f6.svg\",\"/images/tokens/0x4a080377f83D669D7bB83B3184a8A5E61B500608.png\",\"/images/tokens/0x4a080377f83D669D7bB83B3184a8A5E61B500608.svg\",\"/images/tokens/0x4B0F1812e5Df2A09796481Ff14017e6005508003.png\",\"/images/tokens/0x4B0F1812e5Df2A09796481Ff14017e6005508003.svg\",\"/images/tokens/0x4BA0057f784858a48fe351445C672FF2a3d43515.png\",\"/images/tokens/0x4BA0057f784858a48fe351445C672FF2a3d43515.svg\",\"/images/tokens/0x4BD17003473389A42DAF6a0a729f6Fdb328BbBd7.png\",\"/images/tokens/0x4BD17003473389A42DAF6a0a729f6Fdb328BbBd7.svg\",\"/images/tokens/0x4be63a9b26EE89b9a3a13fd0aA1D0b2427C135f8.png\",\"/images/tokens/0x4be63a9b26EE89b9a3a13fd0aA1D0b2427C135f8.svg\",\"/images/tokens/0x4CfbBdfBd5BF0814472fF35C72717Bd095ADa055.png\",\"/images/tokens/0x4CfbBdfBd5BF0814472fF35C72717Bd095ADa055.svg\",\"/images/tokens/0x4e6415a5727ea08aAE4580057187923aeC331227.png\",\"/images/tokens/0x4e6415a5727ea08aAE4580057187923aeC331227.svg\",\"/images/tokens/0x4e840AADD28DA189B9906674B4Afcb77C128d9ea.png\",\"/images/tokens/0x4e840AADD28DA189B9906674B4Afcb77C128d9ea.svg\",\"/images/tokens/0x4FA7163E153419E0E1064e418dd7A99314Ed27b6.png\",\"/images/tokens/0x4FA7163E153419E0E1064e418dd7A99314Ed27b6.svg\",\"/images/tokens/0x50332bdca94673F33401776365b66CC4e81aC81d.png\",\"/images/tokens/0x50332bdca94673F33401776365b66CC4e81aC81d.svg\",\"/images/tokens/0x52CE071Bd9b1C4B00A0b92D298c512478CaD67e8.png\",\"/images/tokens/0x52CE071Bd9b1C4B00A0b92D298c512478CaD67e8.svg\",\"/images/tokens/0x541E619858737031A1244A5d0Cd47E5ef480342c.png\",\"/images/tokens/0x541E619858737031A1244A5d0Cd47E5ef480342c.svg\",\"/images/tokens/0x5512014efa6Cd57764Fa743756F7a6Ce3358cC83.png\",\"/images/tokens/0x5512014efa6Cd57764Fa743756F7a6Ce3358cC83.svg\",\"/images/tokens/0x55d398326f99059fF775485246999027B3197955.png\",\"/images/tokens/0x55d398326f99059fF775485246999027B3197955.svg\",\"/images/tokens/0x5621b5A3f4a8008c4CCDd1b942B121c8B1944F1f.png\",\"/images/tokens/0x5621b5A3f4a8008c4CCDd1b942B121c8B1944F1f.svg\",\"/images/tokens/0x56b6fB708fC5732DEC1Afc8D8556423A2EDcCbD6.png\",\"/images/tokens/0x56b6fB708fC5732DEC1Afc8D8556423A2EDcCbD6.svg\",\"/images/tokens/0x5857c96DaE9cF8511B08Cb07f85753C472D36Ea3.png\",\"/images/tokens/0x5857c96DaE9cF8511B08Cb07f85753C472D36Ea3.svg\",\"/images/tokens/0x5921DEE8556c4593EeFCFad3CA5e2f618606483b.png\",\"/images/tokens/0x5921DEE8556c4593EeFCFad3CA5e2f618606483b.svg\",\"/images/tokens/0x5986D5c77c65e5801a5cAa4fAE80089f870A71dA.png\",\"/images/tokens/0x5986D5c77c65e5801a5cAa4fAE80089f870A71dA.svg\",\"/images/tokens/0x5a16E8cE8cA316407c6E6307095dc9540a8D62B3.png\",\"/images/tokens/0x5a16E8cE8cA316407c6E6307095dc9540a8D62B3.svg\",\"/images/tokens/0x5A3010d4d8D3B5fB49f8B6E57FB9E48063f16700.png\",\"/images/tokens/0x5A3010d4d8D3B5fB49f8B6E57FB9E48063f16700.svg\",\"/images/tokens/0x5Ac52EE5b2a633895292Ff6d8A89bB9190451587.png\",\"/images/tokens/0x5Ac52EE5b2a633895292Ff6d8A89bB9190451587.svg\",\"/images/tokens/0x5B6DcF557E2aBE2323c48445E8CC948910d8c2c9.png\",\"/images/tokens/0x5B6DcF557E2aBE2323c48445E8CC948910d8c2c9.svg\",\"/images/tokens/0x5C8C8D560048F34E5f7f8ad71f2f81a89DBd273e.png\",\"/images/tokens/0x5C8C8D560048F34E5f7f8ad71f2f81a89DBd273e.svg\",\"/images/tokens/0x5d684ADaf3FcFe9CFb5ceDe3abf02F0Cdd1012E3.png\",\"/images/tokens/0x5d684ADaf3FcFe9CFb5ceDe3abf02F0Cdd1012E3.svg\",\"/images/tokens/0x5E2689412Fae5c29BD575fbe1d5C1CD1e0622A8f.png\",\"/images/tokens/0x5E2689412Fae5c29BD575fbe1d5C1CD1e0622A8f.svg\",\"/images/tokens/0x5Ec3AdBDae549Dce842e24480Eb2434769e22B2E.png\",\"/images/tokens/0x5Ec3AdBDae549Dce842e24480Eb2434769e22B2E.svg\",\"/images/tokens/0x5f4Bde007Dc06b867f86EBFE4802e34A1fFEEd63.png\",\"/images/tokens/0x5f4Bde007Dc06b867f86EBFE4802e34A1fFEEd63.svg\",\"/images/tokens/0x5F84ce30DC3cF7909101C69086c50De191895883.png\",\"/images/tokens/0x5F84ce30DC3cF7909101C69086c50De191895883.svg\",\"/images/tokens/0x5F88AB06e8dfe89DF127B2430Bba4Af600866035.png\",\"/images/tokens/0x5F88AB06e8dfe89DF127B2430Bba4Af600866035.svg\",\"/images/tokens/0x5fE80d2CD054645b9419657d3d10d26391780A7B.png\",\"/images/tokens/0x5fE80d2CD054645b9419657d3d10d26391780A7B.svg\",\"/images/tokens/0x62823659d09F9F9D2222058878f89437425eB261.png\",\"/images/tokens/0x62823659d09F9F9D2222058878f89437425eB261.svg\",\"/images/tokens/0x62D71B23bF15218C7d2D7E48DBbD9e9c650B173f.png\",\"/images/tokens/0x62D71B23bF15218C7d2D7E48DBbD9e9c650B173f.svg\",\"/images/tokens/0x63870A18B6e42b01Ef1Ad8A2302ef50B7132054F.png\",\"/images/tokens/0x63870A18B6e42b01Ef1Ad8A2302ef50B7132054F.svg\",\"/images/tokens/0x658A109C5900BC6d2357c87549B651670E5b0539.png\",\"/images/tokens/0x658A109C5900BC6d2357c87549B651670E5b0539.svg\",\"/images/tokens/0x658E64FFcF40D240A43D52CA9342140316Ae44fA.png\",\"/images/tokens/0x658E64FFcF40D240A43D52CA9342140316Ae44fA.svg\",\"/images/tokens/0x6679eb24f59dfe111864aec72b443d1da666b360.png\",\"/images/tokens/0x6679eb24f59dfe111864aec72b443d1da666b360.svg\",\"/images/tokens/0x67ee3Cb086F8a16f34beE3ca72FAD36F7Db929e2.png\",\"/images/tokens/0x67ee3Cb086F8a16f34beE3ca72FAD36F7Db929e2.svg\",\"/images/tokens/0x6b23C89196DeB721e6Fd9726E6C76E4810a464bc.png\",\"/images/tokens/0x6b23C89196DeB721e6Fd9726E6C76E4810a464bc.svg\",\"/images/tokens/0x6bfF4Fb161347ad7de4A625AE5aa3A1CA7077819.png\",\"/images/tokens/0x6bfF4Fb161347ad7de4A625AE5aa3A1CA7077819.svg\",\"/images/tokens/0x6F769E65c14Ebd1f68817F5f1DcDb61Cfa2D6f7e.png\",\"/images/tokens/0x6F769E65c14Ebd1f68817F5f1DcDb61Cfa2D6f7e.svg\",\"/images/tokens/0x7083609fCE4d1d8Dc0C979AAb8c869Ea2C873402.png\",\"/images/tokens/0x7083609fCE4d1d8Dc0C979AAb8c869Ea2C873402.svg\",\"/images/tokens/0x7130d2A12B9BCbFAe4f2634d864A1Ee1Ce3Ead9c.png\",\"/images/tokens/0x7130d2A12B9BCbFAe4f2634d864A1Ee1Ce3Ead9c.svg\",\"/images/tokens/0x715D400F88C167884bbCc41C5FeA407ed4D2f8A0.png\",\"/images/tokens/0x715D400F88C167884bbCc41C5FeA407ed4D2f8A0.svg\",\"/images/tokens/0x71DE20e0C4616E7fcBfDD3f875d568492cBE4739.png\",\"/images/tokens/0x71DE20e0C4616E7fcBfDD3f875d568492cBE4739.svg\",\"/images/tokens/0x728C5baC3C3e370E372Fc4671f9ef6916b814d8B.png\",\"/images/tokens/0x728C5baC3C3e370E372Fc4671f9ef6916b814d8B.svg\",\"/images/tokens/0x72fAa679E1008Ad8382959FF48E392042A8b06f7.png\",\"/images/tokens/0x72fAa679E1008Ad8382959FF48E392042A8b06f7.svg\",\"/images/tokens/0x755f34709E369D37C6Fa52808aE84A32007d1155.png\",\"/images/tokens/0x755f34709E369D37C6Fa52808aE84A32007d1155.svg\",\"/images/tokens/0x758d08864fb6cce3062667225ca10b8f00496cc2.png\",\"/images/tokens/0x758d08864fb6cce3062667225ca10b8f00496cc2.svg\",\"/images/tokens/0x758FB037A375F17c7e195CC634D77dA4F554255B.png\",\"/images/tokens/0x758FB037A375F17c7e195CC634D77dA4F554255B.svg\",\"/images/tokens/0x762539b45A1dCcE3D36d080F74d1AED37844b878.png\",\"/images/tokens/0x762539b45A1dCcE3D36d080F74d1AED37844b878.svg\",\"/images/tokens/0x77d547256A2cD95F32F67aE0313E450Ac200648d.png\",\"/images/tokens/0x77d547256A2cD95F32F67aE0313E450Ac200648d.svg\",\"/images/tokens/0x7859B01BbF675d67Da8cD128a50D155cd881B576.png\",\"/images/tokens/0x7859B01BbF675d67Da8cD128a50D155cd881B576.svg\",\"/images/tokens/0x78650B139471520656b9E7aA7A5e9276814a38e9.png\",\"/images/tokens/0x78650B139471520656b9E7aA7A5e9276814a38e9.svg\",\"/images/tokens/0x78F5d389F5CDCcFc41594aBaB4B0Ed02F31398b3.png\",\"/images/tokens/0x78F5d389F5CDCcFc41594aBaB4B0Ed02F31398b3.svg\",\"/images/tokens/0x7961Ade0a767c0E5B67Dd1a1F78ba44F727642Ed.png\",\"/images/tokens/0x7961Ade0a767c0E5B67Dd1a1F78ba44F727642Ed.svg\",\"/images/tokens/0x7A9f28EB62C791422Aa23CeAE1dA9C847cBeC9b0.png\",\"/images/tokens/0x7A9f28EB62C791422Aa23CeAE1dA9C847cBeC9b0.svg\",\"/images/tokens/0x7af173F350D916358AF3e218Bdf2178494Beb748.png\",\"/images/tokens/0x7af173F350D916358AF3e218Bdf2178494Beb748.svg\",\"/images/tokens/0x7C17c8bED8d14bAccE824D020f994F4880D6Ab3B.png\",\"/images/tokens/0x7C17c8bED8d14bAccE824D020f994F4880D6Ab3B.svg\",\"/images/tokens/0x7Ceb519718A80Dd78a8545AD8e7f401dE4f2faA7.png\",\"/images/tokens/0x7Ceb519718A80Dd78a8545AD8e7f401dE4f2faA7.svg\",\"/images/tokens/0x7e396BfC8a2f84748701167c2d622F041A1D7a17.png\",\"/images/tokens/0x7e396BfC8a2f84748701167c2d622F041A1D7a17.svg\",\"/images/tokens/0x7F70642d88cf1C4a3a7abb072B53B929b653edA5.png\",\"/images/tokens/0x7F70642d88cf1C4a3a7abb072B53B929b653edA5.svg\",\"/images/tokens/0x80D5f92C2c8C682070C95495313dDB680B267320.png\",\"/images/tokens/0x80D5f92C2c8C682070C95495313dDB680B267320.svg\",\"/images/tokens/0x810EE35443639348aDbbC467b33310d2AB43c168.png\",\"/images/tokens/0x810EE35443639348aDbbC467b33310d2AB43c168.svg\",\"/images/tokens/0x81859801b01764D4f0Fa5E64729f5a6C3b91435b.png\",\"/images/tokens/0x81859801b01764D4f0Fa5E64729f5a6C3b91435b.svg\",\"/images/tokens/0x833F307aC507D47309fD8CDD1F835BeF8D702a93.png\",\"/images/tokens/0x833F307aC507D47309fD8CDD1F835BeF8D702a93.svg\",\"/images/tokens/0x8443f091997f06a61670B735ED92734F5628692F.png\",\"/images/tokens/0x8443f091997f06a61670B735ED92734F5628692F.svg\",\"/images/tokens/0x844FA82f1E54824655470970F7004Dd90546bB28.png\",\"/images/tokens/0x844FA82f1E54824655470970F7004Dd90546bB28.svg\",\"/images/tokens/0x84e9a6F9D240FdD33801f7135908BfA16866939A.png\",\"/images/tokens/0x84e9a6F9D240FdD33801f7135908BfA16866939A.svg\",\"/images/tokens/0x8519EA49c997f50cefFa444d240fB655e89248Aa.png\",\"/images/tokens/0x8519EA49c997f50cefFa444d240fB655e89248Aa.svg\",\"/images/tokens/0x857B222Fc79e1cBBf8Ca5f78CB133d1b7CF34BBd.png\",\"/images/tokens/0x857B222Fc79e1cBBf8Ca5f78CB133d1b7CF34BBd.svg\",\"/images/tokens/0x8595F9dA7b868b1822194fAEd312235E43007b49.png\",\"/images/tokens/0x8595F9dA7b868b1822194fAEd312235E43007b49.svg\",\"/images/tokens/0x85EAC5Ac2F758618dFa09bDbe0cf174e7d574D5B.png\",\"/images/tokens/0x85EAC5Ac2F758618dFa09bDbe0cf174e7d574D5B.svg\",\"/images/tokens/0x8729438eb15e2c8b576fcc6aecda6a148776c0f5.png\",\"/images/tokens/0x8729438eb15e2c8b576fcc6aecda6a148776c0f5.svg\",\"/images/tokens/0x88f1A5ae2A3BF98AEAF342D26B30a79438c9142e.png\",\"/images/tokens/0x88f1A5ae2A3BF98AEAF342D26B30a79438c9142e.svg\",\"/images/tokens/0x8AC76a51cc950d9822D68b83fE1Ad97B32Cd580d.png\",\"/images/tokens/0x8AC76a51cc950d9822D68b83fE1Ad97B32Cd580d.svg\",\"/images/tokens/0x8b303d5BbfBbf46F1a4d9741E491e06986894e18.png\",\"/images/tokens/0x8b303d5BbfBbf46F1a4d9741E491e06986894e18.svg\",\"/images/tokens/0x8BDd8DBcBDf0C066cA5f3286d33673aA7A553C10.png\",\"/images/tokens/0x8BDd8DBcBDf0C066cA5f3286d33673aA7A553C10.svg\",\"/images/tokens/0x8CD6e29d3686d24d3C2018CEe54621eA0f89313B.png\",\"/images/tokens/0x8CD6e29d3686d24d3C2018CEe54621eA0f89313B.svg\",\"/images/tokens/0x8F0528cE5eF7B51152A59745bEfDD91D97091d2F.png\",\"/images/tokens/0x8F0528cE5eF7B51152A59745bEfDD91D97091d2F.svg\",\"/images/tokens/0x8fF795a6F4D97E7887C79beA79aba5cc76444aDf.png\",\"/images/tokens/0x8fF795a6F4D97E7887C79beA79aba5cc76444aDf.svg\",\"/images/tokens/0x90Ed8F1dc86388f14b64ba8fb4bbd23099f18240.png\",\"/images/tokens/0x90Ed8F1dc86388f14b64ba8fb4bbd23099f18240.svg\",\"/images/tokens/0x928e55daB735aa8260AF3cEDadA18B5f70C72f1b.png\",\"/images/tokens/0x928e55daB735aa8260AF3cEDadA18B5f70C72f1b.svg\",\"/images/tokens/0x92D7756c60dcfD4c689290E8A9F4d263b3b32241.png\",\"/images/tokens/0x92D7756c60dcfD4c689290E8A9F4d263b3b32241.svg\",\"/images/tokens/0x947950BcC74888a40Ffa2593C5798F11Fc9124C4.png\",\"/images/tokens/0x947950BcC74888a40Ffa2593C5798F11Fc9124C4.svg\",\"/images/tokens/0x948d2a81086A075b3130BAc19e4c6DEe1D2E3fE8.png\",\"/images/tokens/0x948d2a81086A075b3130BAc19e4c6DEe1D2E3fE8.svg\",\"/images/tokens/0x9573c88aE3e37508f87649f87c4dd5373C9F31e0.png\",\"/images/tokens/0x9573c88aE3e37508f87649f87c4dd5373C9F31e0.svg\",\"/images/tokens/0x95a1199EBA84ac5f19546519e287d43D2F0E1b41.png\",\"/images/tokens/0x95a1199EBA84ac5f19546519e287d43D2F0E1b41.svg\",\"/images/tokens/0x96058f8C3e16576D9BD68766f3836d9A33158f89.png\",\"/images/tokens/0x96058f8C3e16576D9BD68766f3836d9A33158f89.svg\",\"/images/tokens/0x9617857E191354dbEA0b714d78Bc59e57C411087.png\",\"/images/tokens/0x9617857E191354dbEA0b714d78Bc59e57C411087.svg\",\"/images/tokens/0x9678E42ceBEb63F23197D726B29b1CB20d0064E5.png\",\"/images/tokens/0x9678E42ceBEb63F23197D726B29b1CB20d0064E5.svg\",\"/images/tokens/0x96Dd399F9c3AFda1F194182F71600F1B65946501.png\",\"/images/tokens/0x96Dd399F9c3AFda1F194182F71600F1B65946501.svg\",\"/images/tokens/0x9899a98b222fCb2f3dbee7dF45d943093a4ff9ff.png\",\"/images/tokens/0x9899a98b222fCb2f3dbee7dF45d943093a4ff9ff.svg\",\"/images/tokens/0x990E7154bB999FAa9b2fa5Ed29E822703311eA85.png\",\"/images/tokens/0x990E7154bB999FAa9b2fa5Ed29E822703311eA85.svg\",\"/images/tokens/0x9a319b959e33369C5eaA494a770117eE3e585318.png\",\"/images/tokens/0x9a319b959e33369C5eaA494a770117eE3e585318.svg\",\"/images/tokens/0x9f589e3eabe42ebC94A44727b3f3531C0c877809.png\",\"/images/tokens/0x9f589e3eabe42ebC94A44727b3f3531C0c877809.svg\",\"/images/tokens/0x9F882567A62a5560d147d64871776EeA72Df41D3.png\",\"/images/tokens/0x9F882567A62a5560d147d64871776EeA72Df41D3.svg\",\"/images/tokens/0x9fD87aEfe02441B123c3c32466cD9dB4c578618f.png\",\"/images/tokens/0x9fD87aEfe02441B123c3c32466cD9dB4c578618f.svg\",\"/images/tokens/0x9Fdc3ae5c814b79dcA2556564047C5e7e5449C19.png\",\"/images/tokens/0x9Fdc3ae5c814b79dcA2556564047C5e7e5449C19.svg\",\"/images/tokens/0xa04F060077D90Fe2647B61e4dA4aD1F97d6649dc.png\",\"/images/tokens/0xa04F060077D90Fe2647B61e4dA4aD1F97d6649dc.svg\",\"/images/tokens/0xA1303E6199b319a891b79685F0537D289af1FC83.png\",\"/images/tokens/0xA1303E6199b319a891b79685F0537D289af1FC83.svg\",\"/images/tokens/0xA1434F1FC3F437fa33F7a781E041961C0205B5Da.png\",\"/images/tokens/0xA1434F1FC3F437fa33F7a781E041961C0205B5Da.svg\",\"/images/tokens/0xa184088a740c695E156F91f5cC086a06bb78b827.png\",\"/images/tokens/0xa184088a740c695E156F91f5cC086a06bb78b827.svg\",\"/images/tokens/0xa1faa113cbE53436Df28FF0aEe54275c13B40975.png\",\"/images/tokens/0xa1faa113cbE53436Df28FF0aEe54275c13B40975.svg\",\"/images/tokens/0xA2120b9e674d3fC3875f415A7DF52e382F141225.png\",\"/images/tokens/0xA2120b9e674d3fC3875f415A7DF52e382F141225.svg\",\"/images/tokens/0xa2B726B1145A4773F68593CF171187d8EBe4d495.png\",\"/images/tokens/0xa2B726B1145A4773F68593CF171187d8EBe4d495.svg\",\"/images/tokens/0xA58950F05FeA2277d2608748412bf9F802eA4901.png\",\"/images/tokens/0xA58950F05FeA2277d2608748412bf9F802eA4901.svg\",\"/images/tokens/0xA64455a4553C9034236734FadDAddbb64aCE4Cc7.png\",\"/images/tokens/0xA64455a4553C9034236734FadDAddbb64aCE4Cc7.svg\",\"/images/tokens/0xA7f552078dcC247C2684336020c03648500C6d9F.png\",\"/images/tokens/0xA7f552078dcC247C2684336020c03648500C6d9F.svg\",\"/images/tokens/0xA8c2B8eec3d368C0253ad3dae65a5F2BBB89c929.png\",\"/images/tokens/0xA8c2B8eec3d368C0253ad3dae65a5F2BBB89c929.svg\",\"/images/tokens/0xa9c41A46a6B3531d28d5c32F6633dd2fF05dFB90.png\",\"/images/tokens/0xa9c41A46a6B3531d28d5c32F6633dd2fF05dFB90.svg\",\"/images/tokens/0xaA9E582e5751d703F85912903bacADdFed26484C.png\",\"/images/tokens/0xaA9E582e5751d703F85912903bacADdFed26484C.svg\",\"/images/tokens/0xaBaE871B7E3b67aEeC6B46AE9FE1A91660AadAC5.png\",\"/images/tokens/0xaBaE871B7E3b67aEeC6B46AE9FE1A91660AadAC5.svg\",\"/images/tokens/0xAC51066d7bEC65Dc4589368da368b212745d63E8.png\",\"/images/tokens/0xAC51066d7bEC65Dc4589368da368b212745d63E8.svg\",\"/images/tokens/0xacb2d47827C9813AE26De80965845D80935afd0B.png\",\"/images/tokens/0xacb2d47827C9813AE26De80965845D80935afd0B.svg\",\"/images/tokens/0xacb8f52dc63bb752a51186d1c55868adbffee9c1.png\",\"/images/tokens/0xacb8f52dc63bb752a51186d1c55868adbffee9c1.svg\",\"/images/tokens/0xAD6cAEb32CD2c308980a548bD0Bc5AA4306c6c18.png\",\"/images/tokens/0xAD6cAEb32CD2c308980a548bD0Bc5AA4306c6c18.svg\",\"/images/tokens/0xAe9269f27437f0fcBC232d39Ec814844a51d6b8f.png\",\"/images/tokens/0xAe9269f27437f0fcBC232d39Ec814844a51d6b8f.svg\",\"/images/tokens/0xaec945e04baf28b135fa7c640f624f8d90f1c3a6.png\",\"/images/tokens/0xaec945e04baf28b135fa7c640f624f8d90f1c3a6.svg\",\"/images/tokens/0xaeF0d72a118ce24feE3cD1d43d383897D05B4e99.png\",\"/images/tokens/0xaeF0d72a118ce24feE3cD1d43d383897D05B4e99.svg\",\"/images/tokens/0xaF53d56ff99f1322515E54FdDE93FF8b3b7DAFd5.png\",\"/images/tokens/0xaF53d56ff99f1322515E54FdDE93FF8b3b7DAFd5.svg\",\"/images/tokens/0xB0e1fc65C1a741b4662B813eB787d369b8614Af1.png\",\"/images/tokens/0xB0e1fc65C1a741b4662B813eB787d369b8614Af1.svg\",\"/images/tokens/0xB2BD0749DBE21f623d9BABa856D3B0f0e1BFEc9C.png\",\"/images/tokens/0xB2BD0749DBE21f623d9BABa856D3B0f0e1BFEc9C.svg\",\"/images/tokens/0xb59490aB09A0f526Cc7305822aC65f2Ab12f9723.png\",\"/images/tokens/0xb59490aB09A0f526Cc7305822aC65f2Ab12f9723.svg\",\"/images/tokens/0xB64E638E60D154B43f660a6BF8fD8a3b249a6a21.png\",\"/images/tokens/0xB64E638E60D154B43f660a6BF8fD8a3b249a6a21.svg\",\"/images/tokens/0xB67754f5b4C704A24d2db68e661b2875a4dDD197.png\",\"/images/tokens/0xB67754f5b4C704A24d2db68e661b2875a4dDD197.svg\",\"/images/tokens/0xb6C53431608E626AC81a9776ac3e999c5556717c.png\",\"/images/tokens/0xb6C53431608E626AC81a9776ac3e999c5556717c.svg\",\"/images/tokens/0xb86AbCb37C3A4B64f74f59301AFF131a1BEcC787.png\",\"/images/tokens/0xb86AbCb37C3A4B64f74f59301AFF131a1BEcC787.svg\",\"/images/tokens/0xbA2aE424d960c26247Dd6c32edC70B295c744C43.png\",\"/images/tokens/0xbA2aE424d960c26247Dd6c32edC70B295c744C43.svg\",\"/images/tokens/0xbb4CdB9CBd36B01bD1cBaEBF2De08d9173bc095c.png\",\"/images/tokens/0xbb4CdB9CBd36B01bD1cBaEBF2De08d9173bc095c.svg\",\"/images/tokens/0xBbEB90cFb6FAFa1F69AA130B7341089AbeEF5811.png\",\"/images/tokens/0xBbEB90cFb6FAFa1F69AA130B7341089AbeEF5811.svg\",\"/images/tokens/0xBc5609612b7C44BEf426De600B5fd1379DB2EcF1.png\",\"/images/tokens/0xBc5609612b7C44BEf426De600B5fd1379DB2EcF1.svg\",\"/images/tokens/0xbcf39F0EDDa668C58371E519AF37CA705f2bFcbd.png\",\"/images/tokens/0xbcf39F0EDDa668C58371E519AF37CA705f2bFcbd.svg\",\"/images/tokens/0xBd2949F67DcdC549c6Ebe98696449Fa79D988A9F.png\",\"/images/tokens/0xBd2949F67DcdC549c6Ebe98696449Fa79D988A9F.svg\",\"/images/tokens/0xbe1a001fe942f96eea22ba08783140b9dcc09d28.png\",\"/images/tokens/0xbe1a001fe942f96eea22ba08783140b9dcc09d28.svg\",\"/images/tokens/0xBf5140A22578168FD562DCcF235E5D43A02ce9B1.png\",\"/images/tokens/0xBf5140A22578168FD562DCcF235E5D43A02ce9B1.svg\",\"/images/tokens/0xbF7c81FFF98BbE61B40Ed186e4AfD6DDd01337fe.png\",\"/images/tokens/0xbF7c81FFF98BbE61B40Ed186e4AfD6DDd01337fe.svg\",\"/images/tokens/0xbFa0841F7a90c4CE6643f651756EE340991F99D5.png\",\"/images/tokens/0xbFa0841F7a90c4CE6643f651756EE340991F99D5.svg\",\"/images/tokens/0xC0eFf7749b125444953ef89682201Fb8c6A917CD.png\",\"/images/tokens/0xC0eFf7749b125444953ef89682201Fb8c6A917CD.svg\",\"/images/tokens/0xC13B7a43223BB9Bf4B69BD68Ab20ca1B79d81C75.png\",\"/images/tokens/0xC13B7a43223BB9Bf4B69BD68Ab20ca1B79d81C75.svg\",\"/images/tokens/0xc2098a8938119A52B1F7661893c0153A6CB116d5.png\",\"/images/tokens/0xc2098a8938119A52B1F7661893c0153A6CB116d5.svg\",\"/images/tokens/0xC40C9A843E1c6D01b7578284a9028854f6683b1B.png\",\"/images/tokens/0xC40C9A843E1c6D01b7578284a9028854f6683b1B.svg\",\"/images/tokens/0xc53708664b99DF348dd27C3Ac0759d2DA9c40462.png\",\"/images/tokens/0xc53708664b99DF348dd27C3Ac0759d2DA9c40462.svg\",\"/images/tokens/0xc5A49b4CBe004b6FD55B30Ba1dE6AC360FF9765d.png\",\"/images/tokens/0xc5A49b4CBe004b6FD55B30Ba1dE6AC360FF9765d.svg\",\"/images/tokens/0xc5E6689C9c8B02be7C49912Ef19e79cF24977f03.png\",\"/images/tokens/0xc5E6689C9c8B02be7C49912Ef19e79cF24977f03.svg\",\"/images/tokens/0xC7d8D35EBA58a0935ff2D5a33Df105DD9f071731.png\",\"/images/tokens/0xC7d8D35EBA58a0935ff2D5a33Df105DD9f071731.svg\",\"/images/tokens/0xC9849E6fdB743d08fAeE3E34dd2D1bc69EA11a51.png\",\"/images/tokens/0xC9849E6fdB743d08fAeE3E34dd2D1bc69EA11a51.svg\",\"/images/tokens/0xCA1aCAB14e85F30996aC83c64fF93Ded7586977C.png\",\"/images/tokens/0xCA1aCAB14e85F30996aC83c64fF93Ded7586977C.svg\",\"/images/tokens/0xCa3F508B8e4Dd382eE878A314789373D80A5190A.png\",\"/images/tokens/0xCa3F508B8e4Dd382eE878A314789373D80A5190A.svg\",\"/images/tokens/0xCD40F2670CF58720b694968698A5514e924F742d.png\",\"/images/tokens/0xCD40F2670CF58720b694968698A5514e924F742d.svg\",\"/images/tokens/0xcF6BB5389c92Bdda8a3747Ddb454cB7a64626C63.png\",\"/images/tokens/0xcF6BB5389c92Bdda8a3747Ddb454cB7a64626C63.svg\",\"/images/tokens/0xd07e82440A395f3F3551b42dA9210CD1Ef4f8B24.png\",\"/images/tokens/0xd07e82440A395f3F3551b42dA9210CD1Ef4f8B24.svg\",\"/images/tokens/0xD40bEDb44C081D2935eebA6eF5a3c8A31A1bBE13.png\",\"/images/tokens/0xD40bEDb44C081D2935eebA6eF5a3c8A31A1bBE13.svg\",\"/images/tokens/0xD41FDb03Ba84762dD66a0af1a6C8540FF1ba5dfb.png\",\"/images/tokens/0xD41FDb03Ba84762dD66a0af1a6C8540FF1ba5dfb.svg\",\"/images/tokens/0xD44FD09d74cd13838F137B590497595d6b3FEeA4.png\",\"/images/tokens/0xD44FD09d74cd13838F137B590497595d6b3FEeA4.svg\",\"/images/tokens/0xD48474E7444727bF500a32D5AbE01943f3A59A64.png\",\"/images/tokens/0xD48474E7444727bF500a32D5AbE01943f3A59A64.svg\",\"/images/tokens/0xd4CB328A82bDf5f03eB737f37Fa6B370aef3e888.png\",\"/images/tokens/0xd4CB328A82bDf5f03eB737f37Fa6B370aef3e888.svg\",\"/images/tokens/0xdaacB0Ab6Fb34d24E8a67BfA14BF4D95D4C7aF92.png\",\"/images/tokens/0xdaacB0Ab6Fb34d24E8a67BfA14BF4D95D4C7aF92.svg\",\"/images/tokens/0xDAe6c2A48BFAA66b43815c5548b10800919c993E.png\",\"/images/tokens/0xDAe6c2A48BFAA66b43815c5548b10800919c993E.svg\",\"/images/tokens/0xDB021b1B247fe2F1fa57e0A87C748Cc1E321F07F.png\",\"/images/tokens/0xDB021b1B247fe2F1fa57e0A87C748Cc1E321F07F.svg\",\"/images/tokens/0xdB8D30b74bf098aF214e862C90E647bbB1fcC58c.png\",\"/images/tokens/0xdB8D30b74bf098aF214e862C90E647bbB1fcC58c.svg\",\"/images/tokens/0xdFF8cb622790b7F92686c722b02CaB55592f152C.png\",\"/images/tokens/0xdFF8cb622790b7F92686c722b02CaB55592f152C.svg\",\"/images/tokens/0xE02dF9e3e622DeBdD69fb838bB799E3F168902c5.png\",\"/images/tokens/0xE02dF9e3e622DeBdD69fb838bB799E3F168902c5.svg\",\"/images/tokens/0xE0e514c71282b6f4e823703a39374Cf58dc3eA4f.png\",\"/images/tokens/0xE0e514c71282b6f4e823703a39374Cf58dc3eA4f.svg\",\"/images/tokens/0xE1d1F66215998786110Ba0102ef558b22224C016.png\",\"/images/tokens/0xE1d1F66215998786110Ba0102ef558b22224C016.svg\",\"/images/tokens/0xe2604C9561D490624AA35e156e65e590eB749519.png\",\"/images/tokens/0xe2604C9561D490624AA35e156e65e590eB749519.svg\",\"/images/tokens/0xe369fec23380f9F14ffD07a1DC4b7c1a9fdD81c9.png\",\"/images/tokens/0xe369fec23380f9F14ffD07a1DC4b7c1a9fdD81c9.svg\",\"/images/tokens/0xE40255C5d7fa7ceEc5120408C78C787CECB4cfdb.png\",\"/images/tokens/0xE40255C5d7fa7ceEc5120408C78C787CECB4cfdb.svg\",\"/images/tokens/0xE4Ae305ebE1AbE663f261Bc00534067C80ad677C.png\",\"/images/tokens/0xE4Ae305ebE1AbE663f261Bc00534067C80ad677C.svg\",\"/images/tokens/0xe550a593d09FBC8DCD557b5C88Cea6946A8b404A.png\",\"/images/tokens/0xe550a593d09FBC8DCD557b5C88Cea6946A8b404A.svg\",\"/images/tokens/0xe60eaf5A997DFAe83739e035b005A33AfdCc6df5.png\",\"/images/tokens/0xe60eaf5A997DFAe83739e035b005A33AfdCc6df5.svg\",\"/images/tokens/0xE64F5Cb844946C1F102Bd25bBD87a5aB4aE89Fbe.png\",\"/images/tokens/0xE64F5Cb844946C1F102Bd25bBD87a5aB4aE89Fbe.svg\",\"/images/tokens/0xE69cAef10A488D7AF31Da46c89154d025546e990.png\",\"/images/tokens/0xE69cAef10A488D7AF31Da46c89154d025546e990.svg\",\"/images/tokens/0xe792f64C582698b8572AAF765bDC426AC3aEfb6B.png\",\"/images/tokens/0xe792f64C582698b8572AAF765bDC426AC3aEfb6B.svg\",\"/images/tokens/0xE8176d414560cFE1Bf82Fd73B986823B89E4F545.png\",\"/images/tokens/0xE8176d414560cFE1Bf82Fd73B986823B89E4F545.svg\",\"/images/tokens/0xe898EDc43920F357A93083F1d4460437dE6dAeC2.png\",\"/images/tokens/0xe898EDc43920F357A93083F1d4460437dE6dAeC2.svg\",\"/images/tokens/0xe9e7CEA3DedcA5984780Bafc599bD69ADd087D56.png\",\"/images/tokens/0xe9e7CEA3DedcA5984780Bafc599bD69ADd087D56.svg\",\"/images/tokens/0xeBd49b26169e1b52c04cFd19FCf289405dF55F80.png\",\"/images/tokens/0xeBd49b26169e1b52c04cFd19FCf289405dF55F80.svg\",\"/images/tokens/0xECa41281c24451168a37211F0bc2b8645AF45092.png\",\"/images/tokens/0xECa41281c24451168a37211F0bc2b8645AF45092.svg\",\"/images/tokens/0xeD28A457A5A76596ac48d87C0f577020F6Ea1c4C.png\",\"/images/tokens/0xeD28A457A5A76596ac48d87C0f577020F6Ea1c4C.svg\",\"/images/tokens/0xEd8c8Aa8299C10f067496BB66f8cC7Fb338A3405.png\",\"/images/tokens/0xEd8c8Aa8299C10f067496BB66f8cC7Fb338A3405.svg\",\"/images/tokens/0xEe9801669C6138E84bD50dEB500827b776777d28.png\",\"/images/tokens/0xEe9801669C6138E84bD50dEB500827b776777d28.svg\",\"/images/tokens/0xf05E45aD22150677a017Fbd94b84fBB63dc9b44c.png\",\"/images/tokens/0xf05E45aD22150677a017Fbd94b84fBB63dc9b44c.svg\",\"/images/tokens/0xf07a32Eb035b786898c00bB1C64d8c6F8E7a46D5.png\",\"/images/tokens/0xf07a32Eb035b786898c00bB1C64d8c6F8E7a46D5.svg\",\"/images/tokens/0xF215A127A196e3988C09d052e16BcFD365Cd7AA3.png\",\"/images/tokens/0xF215A127A196e3988C09d052e16BcFD365Cd7AA3.svg\",\"/images/tokens/0xF21768cCBC73Ea5B6fd3C687208a7c2def2d966e.png\",\"/images/tokens/0xF21768cCBC73Ea5B6fd3C687208a7c2def2d966e.svg\",\"/images/tokens/0xF218184Af829Cf2b0019F8E6F0b2423498a36983.png\",\"/images/tokens/0xF218184Af829Cf2b0019F8E6F0b2423498a36983.svg\",\"/images/tokens/0xf307910A4c7bbc79691fD374889b36d8531B08e3.png\",\"/images/tokens/0xf307910A4c7bbc79691fD374889b36d8531B08e3.svg\",\"/images/tokens/0xF35262a9d427F96d2437379eF090db986eaE5d42.png\",\"/images/tokens/0xF35262a9d427F96d2437379eF090db986eaE5d42.svg\",\"/images/tokens/0xf750a26eb0acf95556e8529e72ed530f3b60f348.png\",\"/images/tokens/0xf750a26eb0acf95556e8529e72ed530f3b60f348.svg\",\"/images/tokens/0xf79037F6f6bE66832DE4E7516be52826BC3cBcc4.png\",\"/images/tokens/0xf79037F6f6bE66832DE4E7516be52826BC3cBcc4.svg\",\"/images/tokens/0xf859Bf77cBe8699013d6Dbc7C2b926Aaf307F830.png\",\"/images/tokens/0xf859Bf77cBe8699013d6Dbc7C2b926Aaf307F830.svg\",\"/images/tokens/0xF8A0BF9cF54Bb92F17374d9e9A321E6a111a51bD.png\",\"/images/tokens/0xF8A0BF9cF54Bb92F17374d9e9A321E6a111a51bD.svg\",\"/images/tokens/0xf9CeC8d50f6c8ad3Fb6dcCEC577e05aA32B224FE.png\",\"/images/tokens/0xf9CeC8d50f6c8ad3Fb6dcCEC577e05aA32B224FE.svg\",\"/images/tokens/0xFd7B3A77848f1C2D67E05E54d78d174a0C850335.png\",\"/images/tokens/0xFd7B3A77848f1C2D67E05E54d78d174a0C850335.svg\",\"/images/tokens/0xfeea0bdd3d07eb6fe305938878c0cadbfa169042.png\",\"/images/tokens/0xfeea0bdd3d07eb6fe305938878c0cadbfa169042.svg\",\"/images/tokens/0xffEecbf8D7267757c2dc3d13D730E97E15BfdF7F.png\",\"/images/tokens/0xffEecbf8D7267757c2dc3d13D730E97E15BfdF7F.svg\",\"/images/tokens/autorenew.svg\",\"/images/tokens/bnbcake.png\",\"/images/tokens/CAKEBNB.png\",\"/images/tokens/cakecomp.png\",\"/images/tokens/cakesushi.png\",\"/images/tokens/caketpt.png\",\"/images/tokens/caketwt.png\",\"/images/tokens/ifo-pool-icon.svg\",\"/images/tokens/tptcake.png\",\"/images/voting/voting-bunny.png\",\"/images/voting/voting-presents.png\",\"/locales/ar-SA.json\",\"/locales/bn-BD.json\",\"/locales/de-DE.json\",\"/locales/el-GR.json\",\"/locales/en-AU.json\",\"/locales/en-US.json\",\"/locales/es-ES.json\",\"/locales/fi-FI.json\",\"/locales/fil-PH.json\",\"/locales/fr-FR.json\",\"/locales/hi-IN.json\",\"/locales/hu-HU.json\",\"/locales/id-ID.json\",\"/locales/it-IT.json\",\"/locales/ja-JP.json\",\"/locales/ko-KR.json\",\"/locales/nl-NL.json\",\"/locales/pl-PL.json\",\"/locales/pt-BR.json\",\"/locales/pt-PT.json\",\"/locales/ro-RO.json\",\"/locales/ru-RU.json\",\"/locales/sv-SE.json\",\"/locales/ta-IN.json\",\"/locales/tr-TR.json\",\"/locales/uk-UA.json\",\"/locales/vi-VN.json\",\"/locales/zh-CN.json\",\"/locales/zh-TW.json\",\"/logo.png\",\"/manifest.json\",\"/robots.txt\",\"/swap.mp3\",\"/add\",\"/add/[[...currency]]\",\"/competition\",\"/create-profile\",\"/farms\",\"/farms/auction\",\"/farms/history\",\"/find\",\"/ifo\",\"/ifo/history\",\"/index\",\"/info\",\"/info/pools\",\"/info/pools/[address]\",\"/info/tokens\",\"/info/tokens/[address]\",\"/liquidity\",\"/lottery\",\"/nfts\",\"/nfts/activity\",\"/nfts/collections\",\"/nfts/collections/[collectionAddress]\",\"/nfts/collections/[collectionAddress]/[tokenId]\",\"/nfts/profile\",\"/nfts/profile/[accountAddress]\",\"/nfts/profile/[accountAddress]/achievements\",\"/nfts/profile/[accountAddress]/activity\",\"/pancake-squad\",\"/pools\",\"/pools/history\",\"/prediction\",\"/prediction/leaderboard\",\"/remove/[[...currency]]\",\"/swap\",\"/teams\",\"/teams/[id]\",\"/voting\",\"/voting/proposal/[id]\",\"/voting/proposal/create\"]}",
            "content_base64": null,
            "content_disposition": "",
            "content_encoding": "",
            "content_language": "",
            "content_type": "application/json",
            "etag": "0dddcb957dcbc2af1814a47d3180ac10",
            "force_destroy": false,
            "id": "proxy-config.json",
            "key": "proxy-config.json",
            "kms_key_id": null,
            "metadata": {},
            "object_lock_legal_hold_status": "",
            "object_lock_mode": "",
            "object_lock_retain_until_date": "",
            "server_side_encryption": "",
            "source": null,
            "source_hash": null,
            "storage_class": "STANDARD",
            "tags": {},
            "tags_all": {},
            "version_id": "",
            "website_redirect": ""
          },
          "sensitive_attributes": [],
          "private": "bnVsbA==",
          "dependencies": [
            "module.tf_next.module.proxy_config.aws_s3_bucket.proxy_config_store"
          ]
        }
      ]
    },
    {
      "module": "module.tf_next.module.proxy_config",
      "mode": "managed",
      "type": "aws_s3_bucket_policy",
      "name": "proxy_config_store_origin_access",
      "provider": "provider[\"registry.terraform.io/hashicorp/aws\"]",
      "instances": [
        {
          "schema_version": 0,
          "attributes": {
            "bucket": "tf-next-tfn-config20220201020129412200000005",
            "id": "tf-next-tfn-config20220201020129412200000005",
            "policy": "{\"Statement\":[{\"Action\":\"s3:GetObject\",\"Effect\":\"Allow\",\"Principal\":{\"AWS\":\"arn:aws:iam::cloudfront:user/CloudFront Origin Access Identity E1AZ3MSM130EAL\"},\"Resource\":\"arn:aws:s3:::tf-next-tfn-config20220201020129412200000005/*\",\"Sid\":\"\"}],\"Version\":\"2012-10-17\"}"
          },
          "sensitive_attributes": [],
          "private": "bnVsbA==",
          "dependencies": [
            "module.tf_next.module.proxy_config.aws_cloudfront_origin_access_identity.this",
            "module.tf_next.module.proxy_config.aws_s3_bucket.proxy_config_store",
            "module.tf_next.module.proxy_config.data.aws_iam_policy_document.cf_access"
          ]
        }
      ]
    },
    {
      "module": "module.tf_next.module.statics_deploy",
      "mode": "data",
      "type": "aws_iam_policy_document",
      "name": "access_sqs_queue",
      "provider": "provider[\"registry.terraform.io/hashicorp/aws\"]",
      "instances": [
        {
          "schema_version": 0,
          "attributes": {
            "id": "1022257161",
            "json": "{\n  \"Version\": \"2012-10-17\",\n  \"Statement\": [\n    {\n      \"Sid\": \"\",\n      \"Effect\": \"Allow\",\n      \"Action\": [\n        \"sqs:SendMessage\",\n        \"sqs:ReceiveMessage\",\n        \"sqs:GetQueueUrl\",\n        \"sqs:GetQueueAttributes\",\n        \"sqs:DeleteMessage\",\n        \"sqs:ChangeMessageVisibility\"\n      ],\n      \"Resource\": \"arn:aws:sqs:us-east-1:380739962837:tf-next20220201020129404100000003\"\n    }\n  ]\n}",
            "override_json": null,
            "override_policy_documents": null,
            "policy_id": null,
            "source_json": null,
            "source_policy_documents": null,
            "statement": [
              {
                "actions": [
                  "sqs:ChangeMessageVisibility",
                  "sqs:DeleteMessage",
                  "sqs:GetQueueAttributes",
                  "sqs:GetQueueUrl",
                  "sqs:ReceiveMessage",
                  "sqs:SendMessage"
                ],
                "condition": [],
                "effect": "Allow",
                "not_actions": [],
                "not_principals": [],
                "not_resources": [],
                "principals": [],
                "resources": [
                  "arn:aws:sqs:us-east-1:380739962837:tf-next20220201020129404100000003"
                ],
                "sid": ""
              }
            ],
            "version": "2012-10-17"
          },
          "sensitive_attributes": []
        }
      ]
    },
    {
      "module": "module.tf_next.module.statics_deploy",
      "mode": "data",
      "type": "aws_iam_policy_document",
      "name": "access_static_deploy",
      "provider": "provider[\"registry.terraform.io/hashicorp/aws\"]",
      "instances": [
        {
          "schema_version": 0,
          "attributes": {
            "id": "531244451",
            "json": "{\n  \"Version\": \"2012-10-17\",\n  \"Statement\": [\n    {\n      \"Sid\": \"\",\n      \"Effect\": \"Allow\",\n      \"Action\": [\n        \"s3:PutObjectTagging\",\n        \"s3:PutObject\",\n        \"s3:ListBucket\",\n        \"s3:GetObjectTagging\",\n        \"s3:GetObject\",\n        \"s3:DeleteObject\"\n      ],\n      \"Resource\": [\n        \"arn:aws:s3:::tf-next-tfn-static20220201020130192500000007/*\",\n        \"arn:aws:s3:::tf-next-tfn-static20220201020130192500000007\"\n      ]\n    },\n    {\n      \"Sid\": \"\",\n      \"Effect\": \"Allow\",\n      \"Action\": \"cloudfront:CreateInvalidation\",\n      \"Resource\": \"arn:aws:cloudfront::380739962837:distribution/E3L1GL1DQ3JA7L\"\n    }\n  ]\n}",
            "override_json": null,
            "override_policy_documents": null,
            "policy_id": null,
            "source_json": null,
            "source_policy_documents": null,
            "statement": [
              {
                "actions": [
                  "s3:DeleteObject",
                  "s3:GetObject",
                  "s3:GetObjectTagging",
                  "s3:ListBucket",
                  "s3:PutObject",
                  "s3:PutObjectTagging"
                ],
                "condition": [],
                "effect": "Allow",
                "not_actions": [],
                "not_principals": [],
                "not_resources": [],
                "principals": [],
                "resources": [
                  "arn:aws:s3:::tf-next-tfn-static20220201020130192500000007",
                  "arn:aws:s3:::tf-next-tfn-static20220201020130192500000007/*"
                ],
                "sid": ""
              },
              {
                "actions": [
                  "cloudfront:CreateInvalidation"
                ],
                "condition": [],
                "effect": "Allow",
                "not_actions": [],
                "not_principals": [],
                "not_resources": [],
                "principals": [],
                "resources": [
                  "arn:aws:cloudfront::380739962837:distribution/E3L1GL1DQ3JA7L"
                ],
                "sid": ""
              }
            ],
            "version": "2012-10-17"
          },
          "sensitive_attributes": []
        }
      ]
    },
    {
      "module": "module.tf_next.module.statics_deploy",
      "mode": "data",
      "type": "aws_iam_policy_document",
      "name": "access_static_upload",
      "provider": "provider[\"registry.terraform.io/hashicorp/aws\"]",
      "instances": [
        {
          "schema_version": 0,
          "attributes": {
            "id": "593860459",
            "json": "{\n  \"Version\": \"2012-10-17\",\n  \"Statement\": [\n    {\n      \"Sid\": \"\",\n      \"Effect\": \"Allow\",\n      \"Action\": [\n        \"s3:GetObjectVersion\",\n        \"s3:GetObject\",\n        \"s3:DeleteObjectVersion\",\n        \"s3:DeleteObject\"\n      ],\n      \"Resource\": \"arn:aws:s3:::tf-next-tfn-deploy20220201020130713500000008/*\"\n    }\n  ]\n}",
            "override_json": null,
            "override_policy_documents": null,
            "policy_id": null,
            "source_json": null,
            "source_policy_documents": null,
            "statement": [
              {
                "actions": [
                  "s3:DeleteObject",
                  "s3:DeleteObjectVersion",
                  "s3:GetObject",
                  "s3:GetObjectVersion"
                ],
                "condition": [],
                "effect": "Allow",
                "not_actions": [],
                "not_principals": [],
                "not_resources": [],
                "principals": [],
                "resources": [
                  "arn:aws:s3:::tf-next-tfn-deploy20220201020130713500000008/*"
                ],
                "sid": ""
              }
            ],
            "version": "2012-10-17"
          },
          "sensitive_attributes": []
        }
      ]
    },
    {
      "module": "module.tf_next.module.statics_deploy",
      "mode": "data",
      "type": "aws_iam_policy_document",
      "name": "cf_access",
      "provider": "provider[\"registry.terraform.io/hashicorp/aws\"]",
      "instances": [
        {
          "schema_version": 0,
          "attributes": {
            "id": "3000983161",
            "json": "{\n  \"Version\": \"2012-10-17\",\n  \"Statement\": [\n    {\n      \"Sid\": \"\",\n      \"Effect\": \"Allow\",\n      \"Action\": \"s3:GetObject\",\n      \"Resource\": \"arn:aws:s3:::tf-next-tfn-static20220201020130192500000007/*\",\n      \"Principal\": {\n        \"AWS\": \"arn:aws:iam::cloudfront:user/CloudFront Origin Access Identity E3PSGPREDA04GQ\"\n      }\n    },\n    {\n      \"Sid\": \"\",\n      \"Effect\": \"Deny\",\n      \"Action\": \"s3:GetObject\",\n      \"Resource\": \"arn:aws:s3:::tf-next-tfn-static20220201020130192500000007/_tf-next/deployment.json\",\n      \"Principal\": {\n        \"AWS\": \"arn:aws:iam::cloudfront:user/CloudFront Origin Access Identity E3PSGPREDA04GQ\"\n      }\n    }\n  ]\n}",
            "override_json": null,
            "override_policy_documents": null,
            "policy_id": null,
            "source_json": null,
            "source_policy_documents": null,
            "statement": [
              {
                "actions": [
                  "s3:GetObject"
                ],
                "condition": [],
                "effect": "Allow",
                "not_actions": [],
                "not_principals": [],
                "not_resources": [],
                "principals": [
                  {
                    "identifiers": [
                      "arn:aws:iam::cloudfront:user/CloudFront Origin Access Identity E3PSGPREDA04GQ"
                    ],
                    "type": "AWS"
                  }
                ],
                "resources": [
                  "arn:aws:s3:::tf-next-tfn-static20220201020130192500000007/*"
                ],
                "sid": ""
              },
              {
                "actions": [
                  "s3:GetObject"
                ],
                "condition": [],
                "effect": "Deny",
                "not_actions": [],
                "not_principals": [],
                "not_resources": [],
                "principals": [
                  {
                    "identifiers": [
                      "arn:aws:iam::cloudfront:user/CloudFront Origin Access Identity E3PSGPREDA04GQ"
                    ],
                    "type": "AWS"
                  }
                ],
                "resources": [
                  "arn:aws:s3:::tf-next-tfn-static20220201020130192500000007/_tf-next/deployment.json"
                ],
                "sid": ""
              }
            ],
            "version": "2012-10-17"
          },
          "sensitive_attributes": []
        }
      ]
    },
    {
      "module": "module.tf_next.module.statics_deploy",
      "mode": "data",
      "type": "aws_iam_policy_document",
      "name": "sqs_queue",
      "provider": "provider[\"registry.terraform.io/hashicorp/aws\"]",
      "instances": [
        {
          "schema_version": 0,
          "attributes": {
            "id": "3148027047",
            "json": "{\n  \"Version\": \"2012-10-17\",\n  \"Statement\": [\n    {\n      \"Sid\": \"\",\n      \"Effect\": \"Allow\",\n      \"Action\": \"sqs:SendMessage\",\n      \"Resource\": \"arn:aws:lambda:us-east-1:380739962837:function:tf-next_tfn-deploy\",\n      \"Principal\": {\n        \"AWS\": \"*\"\n      },\n      \"Condition\": {\n        \"ArnEquals\": {\n          \"aws:SourceArn\": [\n            \"arn:aws:sns:us-east-1:380739962837:tf-next20220201020129405600000004\",\n            \"arn:aws:lambda:us-east-1:380739962837:function:tf-next_tfn-deploy\"\n          ]\n        }\n      }\n    }\n  ]\n}",
            "override_json": null,
            "override_policy_documents": null,
            "policy_id": null,
            "source_json": null,
            "source_policy_documents": null,
            "statement": [
              {
                "actions": [
                  "sqs:SendMessage"
                ],
                "condition": [
                  {
                    "test": "ArnEquals",
                    "values": [
                      "arn:aws:sns:us-east-1:380739962837:tf-next20220201020129405600000004",
                      "arn:aws:lambda:us-east-1:380739962837:function:tf-next_tfn-deploy"
                    ],
                    "variable": "aws:SourceArn"
                  }
                ],
                "effect": "Allow",
                "not_actions": [],
                "not_principals": [],
                "not_resources": [],
                "principals": [
                  {
                    "identifiers": [
                      "*"
                    ],
                    "type": "AWS"
                  }
                ],
                "resources": [
                  "arn:aws:lambda:us-east-1:380739962837:function:tf-next_tfn-deploy"
                ],
                "sid": ""
              }
            ],
            "version": "2012-10-17"
          },
          "sensitive_attributes": []
        }
      ]
    },
    {
      "module": "module.tf_next.module.statics_deploy",
      "mode": "managed",
      "type": "aws_cloudfront_origin_access_identity",
      "name": "this",
      "provider": "provider[\"registry.terraform.io/hashicorp/aws\"]",
      "instances": [
        {
          "schema_version": 0,
          "attributes": {
            "caller_reference": "terraform-2022020102013396100000000d",
            "cloudfront_access_identity_path": "origin-access-identity/cloudfront/E3PSGPREDA04GQ",
            "comment": "S3 CloudFront access tf-next-tfn-static20220201020130192500000007",
            "etag": "E3VWDK1GCDMGA7",
            "iam_arn": "arn:aws:iam::cloudfront:user/CloudFront Origin Access Identity E3PSGPREDA04GQ",
            "id": "E3PSGPREDA04GQ",
            "s3_canonical_user_id": "c587cf47a7819ab6a3d97defd5e2dfe9f8bac5cc5facb403245d0ea9ff0c383eaa137f9285ae108359ceb23ebaa1407f"
          },
          "sensitive_attributes": [],
          "private": "bnVsbA==",
          "dependencies": [
            "module.tf_next.module.statics_deploy.aws_s3_bucket.static_deploy"
          ]
        }
      ]
    },
    {
      "module": "module.tf_next.module.statics_deploy",
      "mode": "managed",
      "type": "aws_s3_bucket",
      "name": "static_deploy",
      "provider": "provider[\"registry.terraform.io/hashicorp/aws\"]",
      "instances": [
        {
          "schema_version": 0,
          "attributes": {
            "acceleration_status": "",
            "acl": "private",
            "arn": "arn:aws:s3:::tf-next-tfn-static20220201020130192500000007",
            "bucket": "tf-next-tfn-static20220201020130192500000007",
            "bucket_domain_name": "tf-next-tfn-static20220201020130192500000007.s3.amazonaws.com",
            "bucket_prefix": "tf-next-tfn-static",
            "bucket_regional_domain_name": "tf-next-tfn-static20220201020130192500000007.s3.amazonaws.com",
            "cors_rule": [],
            "force_destroy": true,
            "grant": [],
            "hosted_zone_id": "Z3AQBSTGFYJSTF",
            "id": "tf-next-tfn-static20220201020130192500000007",
            "lifecycle_rule": [
              {
                "abort_incomplete_multipart_upload_days": 0,
                "enabled": true,
                "expiration": [
                  {
                    "date": "",
                    "days": 30,
                    "expired_object_delete_marker": false
                  }
                ],
                "id": "Expire static assets",
                "noncurrent_version_expiration": [],
                "noncurrent_version_transition": [],
                "prefix": "",
                "tags": {
                  "tfnextExpire": "true"
                },
                "transition": []
              }
            ],
            "logging": [],
            "object_lock_configuration": [],
            "policy": null,
            "region": "us-east-1",
            "replication_configuration": [],
            "request_payer": "BucketOwner",
            "server_side_encryption_configuration": [],
            "tags": {},
            "tags_all": {},
            "versioning": [
              {
                "enabled": false,
                "mfa_delete": false
              }
            ],
            "website": [],
            "website_domain": null,
            "website_endpoint": null
          },
          "sensitive_attributes": [],
          "private": "bnVsbA=="
        }
      ]
    },
    {
      "module": "module.tf_next.module.statics_deploy",
      "mode": "managed",
      "type": "aws_s3_bucket",
      "name": "static_upload",
      "provider": "provider[\"registry.terraform.io/hashicorp/aws\"]",
      "instances": [
        {
          "schema_version": 0,
          "attributes": {
            "acceleration_status": "",
            "acl": "private",
            "arn": "arn:aws:s3:::tf-next-tfn-deploy20220201020130713500000008",
            "bucket": "tf-next-tfn-deploy20220201020130713500000008",
            "bucket_domain_name": "tf-next-tfn-deploy20220201020130713500000008.s3.amazonaws.com",
            "bucket_prefix": "tf-next-tfn-deploy",
            "bucket_regional_domain_name": "tf-next-tfn-deploy20220201020130713500000008.s3.amazonaws.com",
            "cors_rule": [],
            "force_destroy": true,
            "grant": [],
            "hosted_zone_id": "Z3AQBSTGFYJSTF",
            "id": "tf-next-tfn-deploy20220201020130713500000008",
            "lifecycle_rule": [],
            "logging": [],
            "object_lock_configuration": [],
            "policy": null,
            "region": "us-east-1",
            "replication_configuration": [],
            "request_payer": "BucketOwner",
            "server_side_encryption_configuration": [],
            "tags": {},
            "tags_all": {},
            "versioning": [
              {
                "enabled": true,
                "mfa_delete": false
              }
            ],
            "website": [],
            "website_domain": null,
            "website_endpoint": null
          },
          "sensitive_attributes": [],
          "private": "bnVsbA=="
        }
      ]
    },
    {
      "module": "module.tf_next.module.statics_deploy",
      "mode": "managed",
      "type": "aws_s3_bucket_notification",
      "name": "on_create",
      "provider": "provider[\"registry.terraform.io/hashicorp/aws\"]",
      "instances": [
        {
          "schema_version": 0,
          "attributes": {
            "bucket": "tf-next-tfn-deploy20220201020130713500000008",
            "eventbridge": false,
            "id": "tf-next-tfn-deploy20220201020130713500000008",
            "lambda_function": [
              {
                "events": [
                  "s3:ObjectCreated:*"
                ],
                "filter_prefix": "",
                "filter_suffix": "",
                "id": "tf-s3-lambda-20220201020901507600000010",
                "lambda_function_arn": "arn:aws:lambda:us-east-1:380739962837:function:tf-next_tfn-deploy"
              }
            ],
            "queue": [],
            "topic": []
          },
          "sensitive_attributes": [],
          "private": "bnVsbA==",
          "dependencies": [
            "module.tf_next.aws_cloudfront_cache_policy.this",
            "module.tf_next.data.aws_cloudfront_cache_policy.managed_caching_optimized",
            "module.tf_next.data.aws_cloudfront_origin_request_policy.managed_all_viewer",
            "module.tf_next.data.aws_cloudfront_origin_request_policy.managed_cors_s3_origin",
            "module.tf_next.module.api_gateway.aws_apigatewayv2_api.this",
            "module.tf_next.module.cloudfront_main.aws_cloudfront_distribution.distribution",
            "module.tf_next.module.next_image.aws_cloudfront_cache_policy.this",
            "module.tf_next.module.next_image.aws_cloudfront_origin_request_policy.this",
            "module.tf_next.module.next_image.data.aws_region.current",
            "module.tf_next.module.next_image.module.api_gateway.aws_apigatewayv2_api.this",
            "module.tf_next.module.proxy.module.edge_proxy.aws_cloudwatch_log_group.lambda",
            "module.tf_next.module.proxy.module.edge_proxy.aws_iam_role.lambda",
            "module.tf_next.module.proxy.module.edge_proxy.aws_lambda_function.this",
            "module.tf_next.module.proxy.module.edge_proxy.aws_s3_bucket_object.lambda_package",
            "module.tf_next.module.proxy.module.edge_proxy.data.aws_iam_policy_document.assume_role",
            "module.tf_next.module.proxy.module.edge_proxy.data.external.archive_prepare",
            "module.tf_next.module.proxy.module.edge_proxy.local_file.archive_plan",
            "module.tf_next.module.proxy.module.edge_proxy.null_resource.archive",
            "module.tf_next.module.proxy.module.proxy_package.data.external.download",
            "module.tf_next.module.proxy.module.proxy_package.data.external.this",
            "module.tf_next.module.proxy_config.aws_cloudfront_distribution.distribution",
            "module.tf_next.module.proxy_config.aws_cloudfront_origin_access_identity.this",
            "module.tf_next.module.proxy_config.aws_s3_bucket.proxy_config_store",
            "module.tf_next.module.proxy_config.data.aws_cloudfront_cache_policy.managed_caching_optimized_for_uncompressed_objects",
            "module.tf_next.module.proxy_config.data.aws_cloudfront_origin_request_policy.managed_cors_s3_origin",
            "module.tf_next.module.statics_deploy.aws_cloudfront_origin_access_identity.this",
            "module.tf_next.module.statics_deploy.aws_s3_bucket.static_deploy",
            "module.tf_next.module.statics_deploy.aws_s3_bucket.static_upload",
            "module.tf_next.module.statics_deploy.aws_sqs_queue.this",
            "module.tf_next.module.statics_deploy.module.deploy_trigger.aws_cloudwatch_log_group.lambda",
            "module.tf_next.module.statics_deploy.module.deploy_trigger.aws_iam_role.lambda",
            "module.tf_next.module.statics_deploy.module.deploy_trigger.aws_lambda_function.this",
            "module.tf_next.module.statics_deploy.module.deploy_trigger.aws_s3_bucket_object.lambda_package",
            "module.tf_next.module.statics_deploy.module.deploy_trigger.data.aws_iam_policy_document.assume_role",
            "module.tf_next.module.statics_deploy.module.deploy_trigger.data.external.archive_prepare",
            "module.tf_next.module.statics_deploy.module.deploy_trigger.local_file.archive_plan",
            "module.tf_next.module.statics_deploy.module.deploy_trigger.null_resource.archive",
            "module.tf_next.module.statics_deploy.module.lambda_content.data.external.download",
            "module.tf_next.module.statics_deploy.module.lambda_content.data.external.this"
          ]
        }
      ]
    },
    {
      "module": "module.tf_next.module.statics_deploy",
      "mode": "managed",
      "type": "aws_s3_bucket_policy",
      "name": "origin_access",
      "provider": "provider[\"registry.terraform.io/hashicorp/aws\"]",
      "instances": [
        {
          "schema_version": 0,
          "attributes": {
            "bucket": "tf-next-tfn-static20220201020130192500000007",
            "id": "tf-next-tfn-static20220201020130192500000007",
            "policy": "{\"Statement\":[{\"Action\":\"s3:GetObject\",\"Effect\":\"Allow\",\"Principal\":{\"AWS\":\"arn:aws:iam::cloudfront:user/CloudFront Origin Access Identity E3PSGPREDA04GQ\"},\"Resource\":\"arn:aws:s3:::tf-next-tfn-static20220201020130192500000007/*\",\"Sid\":\"\"},{\"Action\":\"s3:GetObject\",\"Effect\":\"Deny\",\"Principal\":{\"AWS\":\"arn:aws:iam::cloudfront:user/CloudFront Origin Access Identity E3PSGPREDA04GQ\"},\"Resource\":\"arn:aws:s3:::tf-next-tfn-static20220201020130192500000007/_tf-next/deployment.json\",\"Sid\":\"\"}],\"Version\":\"2012-10-17\"}"
          },
          "sensitive_attributes": [],
          "private": "bnVsbA==",
          "dependencies": [
            "module.tf_next.module.statics_deploy.aws_cloudfront_origin_access_identity.this",
            "module.tf_next.module.statics_deploy.aws_s3_bucket.static_deploy",
            "module.tf_next.module.statics_deploy.data.aws_iam_policy_document.cf_access"
          ]
        }
      ]
    },
    {
      "module": "module.tf_next.module.statics_deploy",
      "mode": "managed",
      "type": "aws_sns_topic",
      "name": "this",
      "provider": "provider[\"registry.terraform.io/hashicorp/aws\"]",
      "instances": [
        {
          "schema_version": 0,
          "attributes": {
            "application_failure_feedback_role_arn": "",
            "application_success_feedback_role_arn": "",
            "application_success_feedback_sample_rate": 0,
            "arn": "arn:aws:sns:us-east-1:380739962837:tf-next20220201020129405600000004",
            "content_based_deduplication": false,
            "delivery_policy": "",
            "display_name": "",
            "fifo_topic": false,
            "firehose_failure_feedback_role_arn": "",
            "firehose_success_feedback_role_arn": "",
            "firehose_success_feedback_sample_rate": 0,
            "http_failure_feedback_role_arn": "",
            "http_success_feedback_role_arn": "",
            "http_success_feedback_sample_rate": 0,
            "id": "arn:aws:sns:us-east-1:380739962837:tf-next20220201020129405600000004",
            "kms_master_key_id": "",
            "lambda_failure_feedback_role_arn": "",
            "lambda_success_feedback_role_arn": "",
            "lambda_success_feedback_sample_rate": 0,
            "name": "tf-next20220201020129405600000004",
            "name_prefix": "tf-next",
            "owner": "380739962837",
            "policy": "{\"Version\":\"2008-10-17\",\"Id\":\"__default_policy_ID\",\"Statement\":[{\"Sid\":\"__default_statement_ID\",\"Effect\":\"Allow\",\"Principal\":{\"AWS\":\"*\"},\"Action\":[\"SNS:GetTopicAttributes\",\"SNS:SetTopicAttributes\",\"SNS:AddPermission\",\"SNS:RemovePermission\",\"SNS:DeleteTopic\",\"SNS:Subscribe\",\"SNS:ListSubscriptionsByTopic\",\"SNS:Publish\"],\"Resource\":\"arn:aws:sns:us-east-1:380739962837:tf-next20220201020129405600000004\",\"Condition\":{\"StringEquals\":{\"AWS:SourceOwner\":\"380739962837\"}}}]}",
            "sqs_failure_feedback_role_arn": "",
            "sqs_success_feedback_role_arn": "",
            "sqs_success_feedback_sample_rate": 0,
            "tags": {},
            "tags_all": {}
          },
          "sensitive_attributes": [],
          "private": "bnVsbA=="
        }
      ]
    },
    {
      "module": "module.tf_next.module.statics_deploy",
      "mode": "managed",
      "type": "aws_sns_topic_subscription",
      "name": "this",
      "provider": "provider[\"registry.terraform.io/hashicorp/aws\"]",
      "instances": [
        {
          "schema_version": 0,
          "attributes": {
            "arn": "arn:aws:sns:us-east-1:380739962837:tf-next20220201020129405600000004:c8a097cf-4c32-41e5-b8be-5ab72d51e1ac",
            "confirmation_timeout_in_minutes": 1,
            "confirmation_was_authenticated": true,
            "delivery_policy": "",
            "endpoint": "arn:aws:sqs:us-east-1:380739962837:tf-next20220201020129404100000003",
            "endpoint_auto_confirms": false,
            "filter_policy": "",
            "id": "arn:aws:sns:us-east-1:380739962837:tf-next20220201020129405600000004:c8a097cf-4c32-41e5-b8be-5ab72d51e1ac",
            "owner_id": "380739962837",
            "pending_confirmation": false,
            "protocol": "sqs",
            "raw_message_delivery": false,
            "redrive_policy": "",
            "subscription_role_arn": "",
            "topic_arn": "arn:aws:sns:us-east-1:380739962837:tf-next20220201020129405600000004"
          },
          "sensitive_attributes": [],
          "private": "bnVsbA==",
          "dependencies": [
            "module.tf_next.module.statics_deploy.aws_sns_topic.this",
            "module.tf_next.module.statics_deploy.aws_sqs_queue.this"
          ]
        }
      ]
    },
    {
      "module": "module.tf_next.module.statics_deploy",
      "mode": "managed",
      "type": "aws_sqs_queue",
      "name": "this",
      "provider": "provider[\"registry.terraform.io/hashicorp/aws\"]",
      "instances": [
        {
          "schema_version": 0,
          "attributes": {
            "arn": "arn:aws:sqs:us-east-1:380739962837:tf-next20220201020129404100000003",
            "content_based_deduplication": false,
            "deduplication_scope": "",
            "delay_seconds": 0,
            "fifo_queue": false,
            "fifo_throughput_limit": "",
            "id": "https://sqs.us-east-1.amazonaws.com/380739962837/tf-next20220201020129404100000003",
            "kms_data_key_reuse_period_seconds": 300,
            "kms_master_key_id": "",
            "max_message_size": 262144,
            "message_retention_seconds": 86400,
            "name": "tf-next20220201020129404100000003",
            "name_prefix": "tf-next",
            "policy": "{\"Version\":\"2012-10-17\",\"Statement\":[{\"Sid\":\"\",\"Effect\":\"Allow\",\"Principal\":{\"AWS\":\"*\"},\"Action\":\"sqs:SendMessage\",\"Resource\":\"arn:aws:lambda:us-east-1:380739962837:function:tf-next_tfn-deploy\",\"Condition\":{\"ArnEquals\":{\"aws:SourceArn\":[\"arn:aws:sns:us-east-1:380739962837:tf-next20220201020129405600000004\",\"arn:aws:lambda:us-east-1:380739962837:function:tf-next_tfn-deploy\"]}}}]}",
            "receive_wait_time_seconds": 10,
            "redrive_allow_policy": "",
            "redrive_policy": "",
            "sqs_managed_sse_enabled": false,
            "tags": {},
            "tags_all": {},
            "url": "https://sqs.us-east-1.amazonaws.com/380739962837/tf-next20220201020129404100000003",
            "visibility_timeout_seconds": 360
          },
          "sensitive_attributes": [],
          "private": "bnVsbA=="
        }
      ]
    },
    {
      "module": "module.tf_next.module.statics_deploy",
      "mode": "managed",
      "type": "aws_sqs_queue_policy",
      "name": "this",
      "provider": "provider[\"registry.terraform.io/hashicorp/aws\"]",
      "instances": [
        {
          "schema_version": 1,
          "attributes": {
            "id": "https://sqs.us-east-1.amazonaws.com/380739962837/tf-next20220201020129404100000003",
            "policy": "{\"Statement\":[{\"Action\":\"sqs:SendMessage\",\"Condition\":{\"ArnEquals\":{\"aws:SourceArn\":[\"arn:aws:sns:us-east-1:380739962837:tf-next20220201020129405600000004\",\"arn:aws:lambda:us-east-1:380739962837:function:tf-next_tfn-deploy\"]}},\"Effect\":\"Allow\",\"Principal\":{\"AWS\":\"*\"},\"Resource\":\"arn:aws:lambda:us-east-1:380739962837:function:tf-next_tfn-deploy\",\"Sid\":\"\"}],\"Version\":\"2012-10-17\"}",
            "queue_url": "https://sqs.us-east-1.amazonaws.com/380739962837/tf-next20220201020129404100000003"
          },
          "sensitive_attributes": [],
          "private": "eyJzY2hlbWFfdmVyc2lvbiI6IjEifQ==",
          "dependencies": [
            "module.tf_next.aws_cloudfront_cache_policy.this",
            "module.tf_next.data.aws_cloudfront_cache_policy.managed_caching_optimized",
            "module.tf_next.data.aws_cloudfront_origin_request_policy.managed_all_viewer",
            "module.tf_next.data.aws_cloudfront_origin_request_policy.managed_cors_s3_origin",
            "module.tf_next.module.api_gateway.aws_apigatewayv2_api.this",
            "module.tf_next.module.cloudfront_main.aws_cloudfront_distribution.distribution",
            "module.tf_next.module.next_image.aws_cloudfront_cache_policy.this",
            "module.tf_next.module.next_image.aws_cloudfront_origin_request_policy.this",
            "module.tf_next.module.next_image.data.aws_region.current",
            "module.tf_next.module.next_image.module.api_gateway.aws_apigatewayv2_api.this",
            "module.tf_next.module.proxy.module.edge_proxy.aws_cloudwatch_log_group.lambda",
            "module.tf_next.module.proxy.module.edge_proxy.aws_iam_role.lambda",
            "module.tf_next.module.proxy.module.edge_proxy.aws_lambda_function.this",
            "module.tf_next.module.proxy.module.edge_proxy.aws_s3_bucket_object.lambda_package",
            "module.tf_next.module.proxy.module.edge_proxy.data.aws_iam_policy_document.assume_role",
            "module.tf_next.module.proxy.module.edge_proxy.data.external.archive_prepare",
            "module.tf_next.module.proxy.module.edge_proxy.local_file.archive_plan",
            "module.tf_next.module.proxy.module.edge_proxy.null_resource.archive",
            "module.tf_next.module.proxy.module.proxy_package.data.external.download",
            "module.tf_next.module.proxy.module.proxy_package.data.external.this",
            "module.tf_next.module.proxy_config.aws_cloudfront_distribution.distribution",
            "module.tf_next.module.proxy_config.aws_cloudfront_origin_access_identity.this",
            "module.tf_next.module.proxy_config.aws_s3_bucket.proxy_config_store",
            "module.tf_next.module.proxy_config.data.aws_cloudfront_cache_policy.managed_caching_optimized_for_uncompressed_objects",
            "module.tf_next.module.proxy_config.data.aws_cloudfront_origin_request_policy.managed_cors_s3_origin",
            "module.tf_next.module.statics_deploy.aws_cloudfront_origin_access_identity.this",
            "module.tf_next.module.statics_deploy.aws_s3_bucket.static_deploy",
            "module.tf_next.module.statics_deploy.aws_sns_topic.this",
            "module.tf_next.module.statics_deploy.aws_sqs_queue.this",
            "module.tf_next.module.statics_deploy.data.aws_iam_policy_document.sqs_queue",
            "module.tf_next.module.statics_deploy.module.deploy_trigger.aws_cloudwatch_log_group.lambda",
            "module.tf_next.module.statics_deploy.module.deploy_trigger.aws_iam_role.lambda",
            "module.tf_next.module.statics_deploy.module.deploy_trigger.aws_lambda_function.this",
            "module.tf_next.module.statics_deploy.module.deploy_trigger.aws_s3_bucket_object.lambda_package",
            "module.tf_next.module.statics_deploy.module.deploy_trigger.data.aws_iam_policy_document.assume_role",
            "module.tf_next.module.statics_deploy.module.deploy_trigger.data.external.archive_prepare",
            "module.tf_next.module.statics_deploy.module.deploy_trigger.local_file.archive_plan",
            "module.tf_next.module.statics_deploy.module.deploy_trigger.null_resource.archive",
            "module.tf_next.module.statics_deploy.module.lambda_content.data.external.download",
            "module.tf_next.module.statics_deploy.module.lambda_content.data.external.this"
          ]
        }
      ]
    },
    {
      "module": "module.tf_next.module.statics_deploy",
      "mode": "managed",
      "type": "null_resource",
      "name": "static_s3_upload",
      "provider": "provider[\"registry.terraform.io/hashicorp/null\"]",
      "instances": [
        {
          "index_key": 0,
          "schema_version": 0,
          "attributes": {
            "id": "2569003913268866277",
            "triggers": {
              "static_files_archive": "e0810383a4167d0d24aec73e09300101"
            }
          },
          "sensitive_attributes": [],
          "private": "bnVsbA==",
          "dependencies": [
            "module.tf_next.module.statics_deploy.aws_s3_bucket.static_upload",
            "module.tf_next.module.statics_deploy.aws_s3_bucket_notification.on_create"
          ]
        }
      ]
    },
    {
      "module": "module.tf_next.module.statics_deploy.module.deploy_trigger",
      "mode": "data",
      "type": "aws_iam_policy_document",
      "name": "assume_role",
      "provider": "provider[\"registry.terraform.io/hashicorp/aws\"]",
      "instances": [
        {
          "index_key": 0,
          "schema_version": 0,
          "attributes": {
            "id": "3693445097",
            "json": "{\n  \"Version\": \"2012-10-17\",\n  \"Statement\": [\n    {\n      \"Sid\": \"\",\n      \"Effect\": \"Allow\",\n      \"Action\": \"sts:AssumeRole\",\n      \"Principal\": {\n        \"Service\": \"lambda.amazonaws.com\"\n      }\n    }\n  ]\n}",
            "override_json": null,
            "override_policy_documents": null,
            "policy_id": null,
            "source_json": null,
            "source_policy_documents": null,
            "statement": [
              {
                "actions": [
                  "sts:AssumeRole"
                ],
                "condition": [],
                "effect": "Allow",
                "not_actions": [],
                "not_principals": [],
                "not_resources": [],
                "principals": [
                  {
                    "identifiers": [
                      "lambda.amazonaws.com"
                    ],
                    "type": "Service"
                  }
                ],
                "resources": [],
                "sid": ""
              }
            ],
            "version": "2012-10-17"
          },
          "sensitive_attributes": []
        }
      ]
    },
    {
      "module": "module.tf_next.module.statics_deploy.module.deploy_trigger",
      "mode": "data",
      "type": "aws_iam_policy_document",
      "name": "logs",
      "provider": "provider[\"registry.terraform.io/hashicorp/aws\"]",
      "instances": [
        {
          "index_key": 0,
          "schema_version": 0,
          "attributes": {
            "id": "505662992",
            "json": "{\n  \"Version\": \"2012-10-17\",\n  \"Statement\": [\n    {\n      \"Sid\": \"\",\n      \"Effect\": \"Allow\",\n      \"Action\": [\n        \"logs:PutLogEvents\",\n        \"logs:CreateLogStream\",\n        \"logs:CreateLogGroup\"\n      ],\n      \"Resource\": [\n        \"arn:aws:logs:us-east-1:380739962837:log-group:/aws/lambda/tf-next_tfn-deploy:*:*\",\n        \"arn:aws:logs:us-east-1:380739962837:log-group:/aws/lambda/tf-next_tfn-deploy:*\"\n      ]\n    }\n  ]\n}",
            "override_json": null,
            "override_policy_documents": null,
            "policy_id": null,
            "source_json": null,
            "source_policy_documents": null,
            "statement": [
              {
                "actions": [
                  "logs:CreateLogGroup",
                  "logs:CreateLogStream",
                  "logs:PutLogEvents"
                ],
                "condition": [],
                "effect": "Allow",
                "not_actions": [],
                "not_principals": [],
                "not_resources": [],
                "principals": [],
                "resources": [
                  "arn:aws:logs:us-east-1:380739962837:log-group:/aws/lambda/tf-next_tfn-deploy:*",
                  "arn:aws:logs:us-east-1:380739962837:log-group:/aws/lambda/tf-next_tfn-deploy:*:*"
                ],
                "sid": ""
              }
            ],
            "version": "2012-10-17"
          },
          "sensitive_attributes": []
        }
      ]
    },
    {
      "module": "module.tf_next.module.statics_deploy.module.deploy_trigger",
      "mode": "managed",
      "type": "aws_cloudwatch_log_group",
      "name": "lambda",
      "provider": "provider[\"registry.terraform.io/hashicorp/aws\"]",
      "instances": [
        {
          "index_key": 0,
          "schema_version": 0,
          "attributes": {
            "arn": "arn:aws:logs:us-east-1:380739962837:log-group:/aws/lambda/tf-next_tfn-deploy",
            "id": "/aws/lambda/tf-next_tfn-deploy",
            "kms_key_id": "",
            "name": "/aws/lambda/tf-next_tfn-deploy",
            "name_prefix": null,
            "retention_in_days": 14,
            "tags": {},
            "tags_all": {}
          },
          "sensitive_attributes": [],
          "private": "bnVsbA=="
        }
      ]
    },
    {
      "module": "module.tf_next.module.statics_deploy.module.deploy_trigger",
      "mode": "managed",
      "type": "aws_iam_policy",
      "name": "additional_jsons",
      "provider": "provider[\"registry.terraform.io/hashicorp/aws\"]",
      "instances": [
        {
          "index_key": 0,
          "schema_version": 0,
          "attributes": {
            "arn": "arn:aws:iam::380739962837:policy/tf-next_tfn-deploy-0",
            "description": "",
            "id": "arn:aws:iam::380739962837:policy/tf-next_tfn-deploy-0",
            "name": "tf-next_tfn-deploy-0",
            "name_prefix": null,
            "path": "/",
            "policy": "{\"Statement\":[{\"Action\":[\"s3:PutObjectTagging\",\"s3:PutObject\",\"s3:ListBucket\",\"s3:GetObjectTagging\",\"s3:GetObject\",\"s3:DeleteObject\"],\"Effect\":\"Allow\",\"Resource\":[\"arn:aws:s3:::tf-next-tfn-static20220201020130192500000007/*\",\"arn:aws:s3:::tf-next-tfn-static20220201020130192500000007\"],\"Sid\":\"\"},{\"Action\":\"cloudfront:CreateInvalidation\",\"Effect\":\"Allow\",\"Resource\":\"arn:aws:cloudfront::380739962837:distribution/E3L1GL1DQ3JA7L\",\"Sid\":\"\"}],\"Version\":\"2012-10-17\"}",
            "policy_id": "ANPAVRJO6Y7K6N6OHZMMY",
            "tags": {},
            "tags_all": {}
          },
          "sensitive_attributes": [],
          "private": "bnVsbA==",
          "dependencies": [
            "module.tf_next.aws_cloudfront_cache_policy.this",
            "module.tf_next.data.aws_cloudfront_cache_policy.managed_caching_optimized",
            "module.tf_next.data.aws_cloudfront_origin_request_policy.managed_all_viewer",
            "module.tf_next.data.aws_cloudfront_origin_request_policy.managed_cors_s3_origin",
            "module.tf_next.module.api_gateway.aws_apigatewayv2_api.this",
            "module.tf_next.module.cloudfront_main.aws_cloudfront_distribution.distribution",
            "module.tf_next.module.next_image.aws_cloudfront_cache_policy.this",
            "module.tf_next.module.next_image.aws_cloudfront_origin_request_policy.this",
            "module.tf_next.module.next_image.data.aws_region.current",
            "module.tf_next.module.next_image.module.api_gateway.aws_apigatewayv2_api.this",
            "module.tf_next.module.proxy.module.edge_proxy.aws_cloudwatch_log_group.lambda",
            "module.tf_next.module.proxy.module.edge_proxy.aws_iam_role.lambda",
            "module.tf_next.module.proxy.module.edge_proxy.aws_lambda_function.this",
            "module.tf_next.module.proxy.module.edge_proxy.aws_s3_bucket_object.lambda_package",
            "module.tf_next.module.proxy.module.edge_proxy.data.aws_iam_policy_document.assume_role",
            "module.tf_next.module.proxy.module.edge_proxy.data.external.archive_prepare",
            "module.tf_next.module.proxy.module.edge_proxy.local_file.archive_plan",
            "module.tf_next.module.proxy.module.edge_proxy.null_resource.archive",
            "module.tf_next.module.proxy.module.proxy_package.data.external.download",
            "module.tf_next.module.proxy.module.proxy_package.data.external.this",
            "module.tf_next.module.proxy_config.aws_cloudfront_distribution.distribution",
            "module.tf_next.module.proxy_config.aws_cloudfront_origin_access_identity.this",
            "module.tf_next.module.proxy_config.aws_s3_bucket.proxy_config_store",
            "module.tf_next.module.proxy_config.data.aws_cloudfront_cache_policy.managed_caching_optimized_for_uncompressed_objects",
            "module.tf_next.module.proxy_config.data.aws_cloudfront_origin_request_policy.managed_cors_s3_origin",
            "module.tf_next.module.statics_deploy.aws_cloudfront_origin_access_identity.this",
            "module.tf_next.module.statics_deploy.aws_s3_bucket.static_deploy",
            "module.tf_next.module.statics_deploy.aws_s3_bucket.static_upload",
            "module.tf_next.module.statics_deploy.aws_sqs_queue.this",
            "module.tf_next.module.statics_deploy.data.aws_iam_policy_document.access_sqs_queue",
            "module.tf_next.module.statics_deploy.data.aws_iam_policy_document.access_static_deploy",
            "module.tf_next.module.statics_deploy.data.aws_iam_policy_document.access_static_upload"
          ]
        },
        {
          "index_key": 1,
          "schema_version": 0,
          "attributes": {
            "arn": "arn:aws:iam::380739962837:policy/tf-next_tfn-deploy-1",
            "description": "",
            "id": "arn:aws:iam::380739962837:policy/tf-next_tfn-deploy-1",
            "name": "tf-next_tfn-deploy-1",
            "name_prefix": null,
            "path": "/",
            "policy": "{\"Statement\":[{\"Action\":[\"s3:GetObjectVersion\",\"s3:GetObject\",\"s3:DeleteObjectVersion\",\"s3:DeleteObject\"],\"Effect\":\"Allow\",\"Resource\":\"arn:aws:s3:::tf-next-tfn-deploy20220201020130713500000008/*\",\"Sid\":\"\"}],\"Version\":\"2012-10-17\"}",
            "policy_id": "ANPAVRJO6Y7KT7XAVVKA4",
            "tags": {},
            "tags_all": {}
          },
          "sensitive_attributes": [],
          "private": "bnVsbA==",
          "dependencies": [
            "module.tf_next.aws_cloudfront_cache_policy.this",
            "module.tf_next.data.aws_cloudfront_cache_policy.managed_caching_optimized",
            "module.tf_next.data.aws_cloudfront_origin_request_policy.managed_all_viewer",
            "module.tf_next.data.aws_cloudfront_origin_request_policy.managed_cors_s3_origin",
            "module.tf_next.module.api_gateway.aws_apigatewayv2_api.this",
            "module.tf_next.module.cloudfront_main.aws_cloudfront_distribution.distribution",
            "module.tf_next.module.next_image.aws_cloudfront_cache_policy.this",
            "module.tf_next.module.next_image.aws_cloudfront_origin_request_policy.this",
            "module.tf_next.module.next_image.data.aws_region.current",
            "module.tf_next.module.next_image.module.api_gateway.aws_apigatewayv2_api.this",
            "module.tf_next.module.proxy.module.edge_proxy.aws_cloudwatch_log_group.lambda",
            "module.tf_next.module.proxy.module.edge_proxy.aws_iam_role.lambda",
            "module.tf_next.module.proxy.module.edge_proxy.aws_lambda_function.this",
            "module.tf_next.module.proxy.module.edge_proxy.aws_s3_bucket_object.lambda_package",
            "module.tf_next.module.proxy.module.edge_proxy.data.aws_iam_policy_document.assume_role",
            "module.tf_next.module.proxy.module.edge_proxy.data.external.archive_prepare",
            "module.tf_next.module.proxy.module.edge_proxy.local_file.archive_plan",
            "module.tf_next.module.proxy.module.edge_proxy.null_resource.archive",
            "module.tf_next.module.proxy.module.proxy_package.data.external.download",
            "module.tf_next.module.proxy.module.proxy_package.data.external.this",
            "module.tf_next.module.proxy_config.aws_cloudfront_distribution.distribution",
            "module.tf_next.module.proxy_config.aws_cloudfront_origin_access_identity.this",
            "module.tf_next.module.proxy_config.aws_s3_bucket.proxy_config_store",
            "module.tf_next.module.proxy_config.data.aws_cloudfront_cache_policy.managed_caching_optimized_for_uncompressed_objects",
            "module.tf_next.module.proxy_config.data.aws_cloudfront_origin_request_policy.managed_cors_s3_origin",
            "module.tf_next.module.statics_deploy.aws_cloudfront_origin_access_identity.this",
            "module.tf_next.module.statics_deploy.aws_s3_bucket.static_deploy",
            "module.tf_next.module.statics_deploy.aws_s3_bucket.static_upload",
            "module.tf_next.module.statics_deploy.aws_sqs_queue.this",
            "module.tf_next.module.statics_deploy.data.aws_iam_policy_document.access_sqs_queue",
            "module.tf_next.module.statics_deploy.data.aws_iam_policy_document.access_static_deploy",
            "module.tf_next.module.statics_deploy.data.aws_iam_policy_document.access_static_upload"
          ]
        },
        {
          "index_key": 2,
          "schema_version": 0,
          "attributes": {
            "arn": "arn:aws:iam::380739962837:policy/tf-next_tfn-deploy-2",
            "description": "",
            "id": "arn:aws:iam::380739962837:policy/tf-next_tfn-deploy-2",
            "name": "tf-next_tfn-deploy-2",
            "name_prefix": null,
            "path": "/",
            "policy": "{\"Statement\":[{\"Action\":[\"sqs:SendMessage\",\"sqs:ReceiveMessage\",\"sqs:GetQueueUrl\",\"sqs:GetQueueAttributes\",\"sqs:DeleteMessage\",\"sqs:ChangeMessageVisibility\"],\"Effect\":\"Allow\",\"Resource\":\"arn:aws:sqs:us-east-1:380739962837:tf-next20220201020129404100000003\",\"Sid\":\"\"}],\"Version\":\"2012-10-17\"}",
            "policy_id": "ANPAVRJO6Y7K2A45DO4UH",
            "tags": {},
            "tags_all": {}
          },
          "sensitive_attributes": [],
          "private": "bnVsbA==",
          "dependencies": [
            "module.tf_next.aws_cloudfront_cache_policy.this",
            "module.tf_next.data.aws_cloudfront_cache_policy.managed_caching_optimized",
            "module.tf_next.data.aws_cloudfront_origin_request_policy.managed_all_viewer",
            "module.tf_next.data.aws_cloudfront_origin_request_policy.managed_cors_s3_origin",
            "module.tf_next.module.api_gateway.aws_apigatewayv2_api.this",
            "module.tf_next.module.cloudfront_main.aws_cloudfront_distribution.distribution",
            "module.tf_next.module.next_image.aws_cloudfront_cache_policy.this",
            "module.tf_next.module.next_image.aws_cloudfront_origin_request_policy.this",
            "module.tf_next.module.next_image.data.aws_region.current",
            "module.tf_next.module.next_image.module.api_gateway.aws_apigatewayv2_api.this",
            "module.tf_next.module.proxy.module.edge_proxy.aws_cloudwatch_log_group.lambda",
            "module.tf_next.module.proxy.module.edge_proxy.aws_iam_role.lambda",
            "module.tf_next.module.proxy.module.edge_proxy.aws_lambda_function.this",
            "module.tf_next.module.proxy.module.edge_proxy.aws_s3_bucket_object.lambda_package",
            "module.tf_next.module.proxy.module.edge_proxy.data.aws_iam_policy_document.assume_role",
            "module.tf_next.module.proxy.module.edge_proxy.data.external.archive_prepare",
            "module.tf_next.module.proxy.module.edge_proxy.local_file.archive_plan",
            "module.tf_next.module.proxy.module.edge_proxy.null_resource.archive",
            "module.tf_next.module.proxy.module.proxy_package.data.external.download",
            "module.tf_next.module.proxy.module.proxy_package.data.external.this",
            "module.tf_next.module.proxy_config.aws_cloudfront_distribution.distribution",
            "module.tf_next.module.proxy_config.aws_cloudfront_origin_access_identity.this",
            "module.tf_next.module.proxy_config.aws_s3_bucket.proxy_config_store",
            "module.tf_next.module.proxy_config.data.aws_cloudfront_cache_policy.managed_caching_optimized_for_uncompressed_objects",
            "module.tf_next.module.proxy_config.data.aws_cloudfront_origin_request_policy.managed_cors_s3_origin",
            "module.tf_next.module.statics_deploy.aws_cloudfront_origin_access_identity.this",
            "module.tf_next.module.statics_deploy.aws_s3_bucket.static_deploy",
            "module.tf_next.module.statics_deploy.aws_s3_bucket.static_upload",
            "module.tf_next.module.statics_deploy.aws_sqs_queue.this",
            "module.tf_next.module.statics_deploy.data.aws_iam_policy_document.access_sqs_queue",
            "module.tf_next.module.statics_deploy.data.aws_iam_policy_document.access_static_deploy",
            "module.tf_next.module.statics_deploy.data.aws_iam_policy_document.access_static_upload"
          ]
        }
      ]
    },
    {
      "module": "module.tf_next.module.statics_deploy.module.deploy_trigger",
      "mode": "managed",
      "type": "aws_iam_policy",
      "name": "logs",
      "provider": "provider[\"registry.terraform.io/hashicorp/aws\"]",
      "instances": [
        {
          "index_key": 0,
          "schema_version": 0,
          "attributes": {
            "arn": "arn:aws:iam::380739962837:policy/tf-next_tfn-deploy-logs",
            "description": "",
            "id": "arn:aws:iam::380739962837:policy/tf-next_tfn-deploy-logs",
            "name": "tf-next_tfn-deploy-logs",
            "name_prefix": null,
            "path": "/",
            "policy": "{\"Statement\":[{\"Action\":[\"logs:PutLogEvents\",\"logs:CreateLogStream\",\"logs:CreateLogGroup\"],\"Effect\":\"Allow\",\"Resource\":[\"arn:aws:logs:us-east-1:380739962837:log-group:/aws/lambda/tf-next_tfn-deploy:*:*\",\"arn:aws:logs:us-east-1:380739962837:log-group:/aws/lambda/tf-next_tfn-deploy:*\"],\"Sid\":\"\"}],\"Version\":\"2012-10-17\"}",
            "policy_id": "ANPAVRJO6Y7KXSPDDM5VD",
            "tags": {},
            "tags_all": {}
          },
          "sensitive_attributes": [],
          "private": "bnVsbA==",
          "dependencies": [
            "module.tf_next.module.statics_deploy.module.deploy_trigger.aws_cloudwatch_log_group.lambda",
            "module.tf_next.module.statics_deploy.module.deploy_trigger.data.aws_arn.log_group_arn",
            "module.tf_next.module.statics_deploy.module.deploy_trigger.data.aws_cloudwatch_log_group.lambda",
            "module.tf_next.module.statics_deploy.module.deploy_trigger.data.aws_iam_policy_document.logs"
          ]
        }
      ]
    },
    {
      "module": "module.tf_next.module.statics_deploy.module.deploy_trigger",
      "mode": "managed",
      "type": "aws_iam_policy_attachment",
      "name": "additional_jsons",
      "provider": "provider[\"registry.terraform.io/hashicorp/aws\"]",
      "instances": [
        {
          "index_key": 0,
          "schema_version": 0,
          "attributes": {
            "groups": [],
            "id": "tf-next_tfn-deploy-0",
            "name": "tf-next_tfn-deploy-0",
            "policy_arn": "arn:aws:iam::380739962837:policy/tf-next_tfn-deploy-0",
            "roles": [
              "tf-next_tfn-deploy"
            ],
            "users": []
          },
          "sensitive_attributes": [],
          "private": "bnVsbA==",
          "dependencies": [
            "module.tf_next.aws_cloudfront_cache_policy.this",
            "module.tf_next.data.aws_cloudfront_cache_policy.managed_caching_optimized",
            "module.tf_next.data.aws_cloudfront_origin_request_policy.managed_all_viewer",
            "module.tf_next.data.aws_cloudfront_origin_request_policy.managed_cors_s3_origin",
            "module.tf_next.module.api_gateway.aws_apigatewayv2_api.this",
            "module.tf_next.module.cloudfront_main.aws_cloudfront_distribution.distribution",
            "module.tf_next.module.next_image.aws_cloudfront_cache_policy.this",
            "module.tf_next.module.next_image.aws_cloudfront_origin_request_policy.this",
            "module.tf_next.module.next_image.data.aws_region.current",
            "module.tf_next.module.next_image.module.api_gateway.aws_apigatewayv2_api.this",
            "module.tf_next.module.proxy.module.edge_proxy.aws_cloudwatch_log_group.lambda",
            "module.tf_next.module.proxy.module.edge_proxy.aws_iam_role.lambda",
            "module.tf_next.module.proxy.module.edge_proxy.aws_lambda_function.this",
            "module.tf_next.module.proxy.module.edge_proxy.aws_s3_bucket_object.lambda_package",
            "module.tf_next.module.proxy.module.edge_proxy.data.aws_iam_policy_document.assume_role",
            "module.tf_next.module.proxy.module.edge_proxy.data.external.archive_prepare",
            "module.tf_next.module.proxy.module.edge_proxy.local_file.archive_plan",
            "module.tf_next.module.proxy.module.edge_proxy.null_resource.archive",
            "module.tf_next.module.proxy.module.proxy_package.data.external.download",
            "module.tf_next.module.proxy.module.proxy_package.data.external.this",
            "module.tf_next.module.proxy_config.aws_cloudfront_distribution.distribution",
            "module.tf_next.module.proxy_config.aws_cloudfront_origin_access_identity.this",
            "module.tf_next.module.proxy_config.aws_s3_bucket.proxy_config_store",
            "module.tf_next.module.proxy_config.data.aws_cloudfront_cache_policy.managed_caching_optimized_for_uncompressed_objects",
            "module.tf_next.module.proxy_config.data.aws_cloudfront_origin_request_policy.managed_cors_s3_origin",
            "module.tf_next.module.statics_deploy.aws_cloudfront_origin_access_identity.this",
            "module.tf_next.module.statics_deploy.aws_s3_bucket.static_deploy",
            "module.tf_next.module.statics_deploy.aws_s3_bucket.static_upload",
            "module.tf_next.module.statics_deploy.aws_sqs_queue.this",
            "module.tf_next.module.statics_deploy.data.aws_iam_policy_document.access_sqs_queue",
            "module.tf_next.module.statics_deploy.data.aws_iam_policy_document.access_static_deploy",
            "module.tf_next.module.statics_deploy.data.aws_iam_policy_document.access_static_upload",
            "module.tf_next.module.statics_deploy.module.deploy_trigger.aws_iam_policy.additional_jsons",
            "module.tf_next.module.statics_deploy.module.deploy_trigger.aws_iam_role.lambda",
            "module.tf_next.module.statics_deploy.module.deploy_trigger.data.aws_iam_policy_document.assume_role"
          ]
        },
        {
          "index_key": 1,
          "schema_version": 0,
          "attributes": {
            "groups": [],
            "id": "tf-next_tfn-deploy-1",
            "name": "tf-next_tfn-deploy-1",
            "policy_arn": "arn:aws:iam::380739962837:policy/tf-next_tfn-deploy-1",
            "roles": [
              "tf-next_tfn-deploy"
            ],
            "users": []
          },
          "sensitive_attributes": [],
          "private": "bnVsbA==",
          "dependencies": [
            "module.tf_next.aws_cloudfront_cache_policy.this",
            "module.tf_next.data.aws_cloudfront_cache_policy.managed_caching_optimized",
            "module.tf_next.data.aws_cloudfront_origin_request_policy.managed_all_viewer",
            "module.tf_next.data.aws_cloudfront_origin_request_policy.managed_cors_s3_origin",
            "module.tf_next.module.api_gateway.aws_apigatewayv2_api.this",
            "module.tf_next.module.cloudfront_main.aws_cloudfront_distribution.distribution",
            "module.tf_next.module.next_image.aws_cloudfront_cache_policy.this",
            "module.tf_next.module.next_image.aws_cloudfront_origin_request_policy.this",
            "module.tf_next.module.next_image.data.aws_region.current",
            "module.tf_next.module.next_image.module.api_gateway.aws_apigatewayv2_api.this",
            "module.tf_next.module.proxy.module.edge_proxy.aws_cloudwatch_log_group.lambda",
            "module.tf_next.module.proxy.module.edge_proxy.aws_iam_role.lambda",
            "module.tf_next.module.proxy.module.edge_proxy.aws_lambda_function.this",
            "module.tf_next.module.proxy.module.edge_proxy.aws_s3_bucket_object.lambda_package",
            "module.tf_next.module.proxy.module.edge_proxy.data.aws_iam_policy_document.assume_role",
            "module.tf_next.module.proxy.module.edge_proxy.data.external.archive_prepare",
            "module.tf_next.module.proxy.module.edge_proxy.local_file.archive_plan",
            "module.tf_next.module.proxy.module.edge_proxy.null_resource.archive",
            "module.tf_next.module.proxy.module.proxy_package.data.external.download",
            "module.tf_next.module.proxy.module.proxy_package.data.external.this",
            "module.tf_next.module.proxy_config.aws_cloudfront_distribution.distribution",
            "module.tf_next.module.proxy_config.aws_cloudfront_origin_access_identity.this",
            "module.tf_next.module.proxy_config.aws_s3_bucket.proxy_config_store",
            "module.tf_next.module.proxy_config.data.aws_cloudfront_cache_policy.managed_caching_optimized_for_uncompressed_objects",
            "module.tf_next.module.proxy_config.data.aws_cloudfront_origin_request_policy.managed_cors_s3_origin",
            "module.tf_next.module.statics_deploy.aws_cloudfront_origin_access_identity.this",
            "module.tf_next.module.statics_deploy.aws_s3_bucket.static_deploy",
            "module.tf_next.module.statics_deploy.aws_s3_bucket.static_upload",
            "module.tf_next.module.statics_deploy.aws_sqs_queue.this",
            "module.tf_next.module.statics_deploy.data.aws_iam_policy_document.access_sqs_queue",
            "module.tf_next.module.statics_deploy.data.aws_iam_policy_document.access_static_deploy",
            "module.tf_next.module.statics_deploy.data.aws_iam_policy_document.access_static_upload",
            "module.tf_next.module.statics_deploy.module.deploy_trigger.aws_iam_policy.additional_jsons",
            "module.tf_next.module.statics_deploy.module.deploy_trigger.aws_iam_role.lambda",
            "module.tf_next.module.statics_deploy.module.deploy_trigger.data.aws_iam_policy_document.assume_role"
          ]
        },
        {
          "index_key": 2,
          "schema_version": 0,
          "attributes": {
            "groups": [],
            "id": "tf-next_tfn-deploy-2",
            "name": "tf-next_tfn-deploy-2",
            "policy_arn": "arn:aws:iam::380739962837:policy/tf-next_tfn-deploy-2",
            "roles": [
              "tf-next_tfn-deploy"
            ],
            "users": []
          },
          "sensitive_attributes": [],
          "private": "bnVsbA==",
          "dependencies": [
            "module.tf_next.aws_cloudfront_cache_policy.this",
            "module.tf_next.data.aws_cloudfront_cache_policy.managed_caching_optimized",
            "module.tf_next.data.aws_cloudfront_origin_request_policy.managed_all_viewer",
            "module.tf_next.data.aws_cloudfront_origin_request_policy.managed_cors_s3_origin",
            "module.tf_next.module.api_gateway.aws_apigatewayv2_api.this",
            "module.tf_next.module.cloudfront_main.aws_cloudfront_distribution.distribution",
            "module.tf_next.module.next_image.aws_cloudfront_cache_policy.this",
            "module.tf_next.module.next_image.aws_cloudfront_origin_request_policy.this",
            "module.tf_next.module.next_image.data.aws_region.current",
            "module.tf_next.module.next_image.module.api_gateway.aws_apigatewayv2_api.this",
            "module.tf_next.module.proxy.module.edge_proxy.aws_cloudwatch_log_group.lambda",
            "module.tf_next.module.proxy.module.edge_proxy.aws_iam_role.lambda",
            "module.tf_next.module.proxy.module.edge_proxy.aws_lambda_function.this",
            "module.tf_next.module.proxy.module.edge_proxy.aws_s3_bucket_object.lambda_package",
            "module.tf_next.module.proxy.module.edge_proxy.data.aws_iam_policy_document.assume_role",
            "module.tf_next.module.proxy.module.edge_proxy.data.external.archive_prepare",
            "module.tf_next.module.proxy.module.edge_proxy.local_file.archive_plan",
            "module.tf_next.module.proxy.module.edge_proxy.null_resource.archive",
            "module.tf_next.module.proxy.module.proxy_package.data.external.download",
            "module.tf_next.module.proxy.module.proxy_package.data.external.this",
            "module.tf_next.module.proxy_config.aws_cloudfront_distribution.distribution",
            "module.tf_next.module.proxy_config.aws_cloudfront_origin_access_identity.this",
            "module.tf_next.module.proxy_config.aws_s3_bucket.proxy_config_store",
            "module.tf_next.module.proxy_config.data.aws_cloudfront_cache_policy.managed_caching_optimized_for_uncompressed_objects",
            "module.tf_next.module.proxy_config.data.aws_cloudfront_origin_request_policy.managed_cors_s3_origin",
            "module.tf_next.module.statics_deploy.aws_cloudfront_origin_access_identity.this",
            "module.tf_next.module.statics_deploy.aws_s3_bucket.static_deploy",
            "module.tf_next.module.statics_deploy.aws_s3_bucket.static_upload",
            "module.tf_next.module.statics_deploy.aws_sqs_queue.this",
            "module.tf_next.module.statics_deploy.data.aws_iam_policy_document.access_sqs_queue",
            "module.tf_next.module.statics_deploy.data.aws_iam_policy_document.access_static_deploy",
            "module.tf_next.module.statics_deploy.data.aws_iam_policy_document.access_static_upload",
            "module.tf_next.module.statics_deploy.module.deploy_trigger.aws_iam_policy.additional_jsons",
            "module.tf_next.module.statics_deploy.module.deploy_trigger.aws_iam_role.lambda",
            "module.tf_next.module.statics_deploy.module.deploy_trigger.data.aws_iam_policy_document.assume_role"
          ]
        }
      ]
    },
    {
      "module": "module.tf_next.module.statics_deploy.module.deploy_trigger",
      "mode": "managed",
      "type": "aws_iam_policy_attachment",
      "name": "logs",
      "provider": "provider[\"registry.terraform.io/hashicorp/aws\"]",
      "instances": [
        {
          "index_key": 0,
          "schema_version": 0,
          "attributes": {
            "groups": [],
            "id": "tf-next_tfn-deploy-logs",
            "name": "tf-next_tfn-deploy-logs",
            "policy_arn": "arn:aws:iam::380739962837:policy/tf-next_tfn-deploy-logs",
            "roles": [
              "tf-next_tfn-deploy"
            ],
            "users": []
          },
          "sensitive_attributes": [],
          "private": "bnVsbA==",
          "dependencies": [
            "module.tf_next.module.statics_deploy.module.deploy_trigger.aws_cloudwatch_log_group.lambda",
            "module.tf_next.module.statics_deploy.module.deploy_trigger.aws_iam_policy.logs",
            "module.tf_next.module.statics_deploy.module.deploy_trigger.aws_iam_role.lambda",
            "module.tf_next.module.statics_deploy.module.deploy_trigger.data.aws_arn.log_group_arn",
            "module.tf_next.module.statics_deploy.module.deploy_trigger.data.aws_cloudwatch_log_group.lambda",
            "module.tf_next.module.statics_deploy.module.deploy_trigger.data.aws_iam_policy_document.assume_role",
            "module.tf_next.module.statics_deploy.module.deploy_trigger.data.aws_iam_policy_document.logs"
          ]
        }
      ]
    },
    {
      "module": "module.tf_next.module.statics_deploy.module.deploy_trigger",
      "mode": "managed",
      "type": "aws_iam_role",
      "name": "lambda",
      "provider": "provider[\"registry.terraform.io/hashicorp/aws\"]",
      "instances": [
        {
          "index_key": 0,
          "schema_version": 0,
          "attributes": {
            "arn": "arn:aws:iam::380739962837:role/tf-next_tfn-deploy",
            "assume_role_policy": "{\"Version\":\"2012-10-17\",\"Statement\":[{\"Sid\":\"\",\"Effect\":\"Allow\",\"Principal\":{\"Service\":\"lambda.amazonaws.com\"},\"Action\":\"sts:AssumeRole\"}]}",
            "create_date": "2022-02-01T02:01:30Z",
            "description": "",
            "force_detach_policies": true,
            "id": "tf-next_tfn-deploy",
            "inline_policy": [
              {
                "name": "",
                "policy": ""
              }
            ],
            "managed_policy_arns": [
              "arn:aws:iam::380739962837:policy/tf-next_tfn-deploy-0",
              "arn:aws:iam::380739962837:policy/tf-next_tfn-deploy-1",
              "arn:aws:iam::380739962837:policy/tf-next_tfn-deploy-2",
              "arn:aws:iam::380739962837:policy/tf-next_tfn-deploy-logs"
            ],
            "max_session_duration": 3600,
            "name": "tf-next_tfn-deploy",
            "name_prefix": "",
            "path": "/",
            "permissions_boundary": null,
            "tags": {},
            "tags_all": {},
            "unique_id": "AROAVRJO6Y7KURTYGV5JX"
          },
          "sensitive_attributes": [],
          "private": "bnVsbA==",
          "dependencies": [
            "module.tf_next.module.statics_deploy.module.deploy_trigger.data.aws_iam_policy_document.assume_role"
          ]
        }
      ]
    },
    {
      "module": "module.tf_next.module.statics_deploy.module.deploy_trigger",
      "mode": "managed",
      "type": "aws_lambda_event_source_mapping",
      "name": "this",
      "provider": "provider[\"registry.terraform.io/hashicorp/aws\"]",
      "instances": [
        {
          "index_key": "sqs_source",
          "schema_version": 0,
          "attributes": {
            "batch_size": 10,
            "bisect_batch_on_function_error": false,
            "destination_config": [],
            "enabled": true,
            "event_source_arn": "arn:aws:sqs:us-east-1:380739962837:tf-next20220201020129404100000003",
            "filter_criteria": [],
            "function_arn": "arn:aws:lambda:us-east-1:380739962837:function:tf-next_tfn-deploy",
            "function_name": "arn:aws:lambda:us-east-1:380739962837:function:tf-next_tfn-deploy",
            "function_response_types": [],
            "id": "f25a4d8e-d74d-401a-9e06-8a77794e211b",
            "last_modified": "2022-02-01T02:09:04Z",
            "last_processing_result": "",
            "maximum_batching_window_in_seconds": 0,
            "maximum_record_age_in_seconds": 0,
            "maximum_retry_attempts": 0,
            "parallelization_factor": 0,
            "queues": [],
            "self_managed_event_source": [],
            "source_access_configuration": [],
            "starting_position": "",
            "starting_position_timestamp": "",
            "state": "Enabled",
            "state_transition_reason": "USER_INITIATED",
            "topics": [],
            "tumbling_window_in_seconds": 0,
            "uuid": "f25a4d8e-d74d-401a-9e06-8a77794e211b"
          },
          "sensitive_attributes": [],
          "private": "bnVsbA==",
          "dependencies": [
            "module.tf_next.aws_cloudfront_cache_policy.this",
            "module.tf_next.data.aws_cloudfront_cache_policy.managed_caching_optimized",
            "module.tf_next.data.aws_cloudfront_origin_request_policy.managed_all_viewer",
            "module.tf_next.data.aws_cloudfront_origin_request_policy.managed_cors_s3_origin",
            "module.tf_next.module.api_gateway.aws_apigatewayv2_api.this",
            "module.tf_next.module.cloudfront_main.aws_cloudfront_distribution.distribution",
            "module.tf_next.module.next_image.aws_cloudfront_cache_policy.this",
            "module.tf_next.module.next_image.aws_cloudfront_origin_request_policy.this",
            "module.tf_next.module.next_image.data.aws_region.current",
            "module.tf_next.module.next_image.module.api_gateway.aws_apigatewayv2_api.this",
            "module.tf_next.module.proxy.module.edge_proxy.aws_cloudwatch_log_group.lambda",
            "module.tf_next.module.proxy.module.edge_proxy.aws_iam_role.lambda",
            "module.tf_next.module.proxy.module.edge_proxy.aws_lambda_function.this",
            "module.tf_next.module.proxy.module.edge_proxy.aws_s3_bucket_object.lambda_package",
            "module.tf_next.module.proxy.module.edge_proxy.data.aws_iam_policy_document.assume_role",
            "module.tf_next.module.proxy.module.edge_proxy.data.external.archive_prepare",
            "module.tf_next.module.proxy.module.edge_proxy.local_file.archive_plan",
            "module.tf_next.module.proxy.module.edge_proxy.null_resource.archive",
            "module.tf_next.module.proxy.module.proxy_package.data.external.download",
            "module.tf_next.module.proxy.module.proxy_package.data.external.this",
            "module.tf_next.module.proxy_config.aws_cloudfront_distribution.distribution",
            "module.tf_next.module.proxy_config.aws_cloudfront_origin_access_identity.this",
            "module.tf_next.module.proxy_config.aws_s3_bucket.proxy_config_store",
            "module.tf_next.module.proxy_config.data.aws_cloudfront_cache_policy.managed_caching_optimized_for_uncompressed_objects",
            "module.tf_next.module.proxy_config.data.aws_cloudfront_origin_request_policy.managed_cors_s3_origin",
            "module.tf_next.module.statics_deploy.aws_cloudfront_origin_access_identity.this",
            "module.tf_next.module.statics_deploy.aws_s3_bucket.static_deploy",
            "module.tf_next.module.statics_deploy.aws_sqs_queue.this",
            "module.tf_next.module.statics_deploy.module.deploy_trigger.aws_cloudwatch_log_group.lambda",
            "module.tf_next.module.statics_deploy.module.deploy_trigger.aws_iam_role.lambda",
            "module.tf_next.module.statics_deploy.module.deploy_trigger.aws_lambda_function.this",
            "module.tf_next.module.statics_deploy.module.deploy_trigger.aws_s3_bucket_object.lambda_package",
            "module.tf_next.module.statics_deploy.module.deploy_trigger.data.aws_iam_policy_document.assume_role",
            "module.tf_next.module.statics_deploy.module.deploy_trigger.data.external.archive_prepare",
            "module.tf_next.module.statics_deploy.module.deploy_trigger.local_file.archive_plan",
            "module.tf_next.module.statics_deploy.module.deploy_trigger.null_resource.archive",
            "module.tf_next.module.statics_deploy.module.lambda_content.data.external.download",
            "module.tf_next.module.statics_deploy.module.lambda_content.data.external.this"
          ]
        }
      ]
    },
    {
      "module": "module.tf_next.module.statics_deploy.module.deploy_trigger",
      "mode": "managed",
      "type": "aws_lambda_function",
      "name": "this",
      "provider": "provider[\"registry.terraform.io/hashicorp/aws\"]",
      "instances": [
        {
          "index_key": 0,
          "schema_version": 0,
          "attributes": {
            "architectures": [
              "x86_64"
            ],
            "arn": "arn:aws:lambda:us-east-1:380739962837:function:tf-next_tfn-deploy",
            "code_signing_config_arn": "",
            "dead_letter_config": [],
            "description": "Managed by Terraform Next.js",
            "environment": [
              {
                "variables": {
                  "DISTRIBUTION_ID": "E3L1GL1DQ3JA7L",
                  "EXPIRE_AFTER_DAYS": "30",
                  "NODE_ENV": "production",
                  "SQS_QUEUE_URL": "https://sqs.us-east-1.amazonaws.com/380739962837/tf-next20220201020129404100000003",
                  "TARGET_BUCKET": "tf-next-tfn-static20220201020130192500000007"
                }
              }
            ],
            "file_system_config": [],
            "filename": ".terraform/modules/tf_next.statics_deploy.lambda_content/download/@millihq/terraform-next-deploy-trigger/dist.zip",
            "function_name": "tf-next_tfn-deploy",
            "handler": "handler.handler",
            "id": "tf-next_tfn-deploy",
            "image_config": [],
            "image_uri": "",
            "invoke_arn": "arn:aws:apigateway:us-east-1:lambda:path/2015-03-31/functions/arn:aws:lambda:us-east-1:380739962837:function:tf-next_tfn-deploy/invocations",
            "kms_key_arn": "",
            "last_modified": "2022-02-01T02:09:02.088+0000",
            "layers": [],
            "memory_size": 1024,
            "package_type": "Zip",
            "publish": true,
            "qualified_arn": "arn:aws:lambda:us-east-1:380739962837:function:tf-next_tfn-deploy:1",
            "reserved_concurrent_executions": 1,
            "role": "arn:aws:iam::380739962837:role/tf-next_tfn-deploy",
            "runtime": "nodejs14.x",
            "s3_bucket": null,
            "s3_key": null,
            "s3_object_version": null,
            "signing_job_arn": "",
            "signing_profile_version_arn": "",
            "source_code_hash": "967k4b6r7m6trFU9m82lyFrRZeQQNPDJXnHuXbGqIZU=",
            "source_code_size": 181477,
            "tags": {},
            "tags_all": {},
            "timeout": 60,
            "timeouts": null,
            "tracing_config": [
              {
                "mode": "PassThrough"
              }
            ],
            "version": "1",
            "vpc_config": []
          },
          "sensitive_attributes": [],
          "private": "eyJlMmJmYjczMC1lY2FhLTExZTYtOGY4OC0zNDM2M2JjN2M0YzAiOnsiY3JlYXRlIjo2MDAwMDAwMDAwMDB9fQ==",
          "dependencies": [
            "module.tf_next.aws_cloudfront_cache_policy.this",
            "module.tf_next.data.aws_cloudfront_cache_policy.managed_caching_optimized",
            "module.tf_next.data.aws_cloudfront_origin_request_policy.managed_all_viewer",
            "module.tf_next.data.aws_cloudfront_origin_request_policy.managed_cors_s3_origin",
            "module.tf_next.module.api_gateway.aws_apigatewayv2_api.this",
            "module.tf_next.module.cloudfront_main.aws_cloudfront_distribution.distribution",
            "module.tf_next.module.next_image.aws_cloudfront_cache_policy.this",
            "module.tf_next.module.next_image.aws_cloudfront_origin_request_policy.this",
            "module.tf_next.module.next_image.data.aws_region.current",
            "module.tf_next.module.next_image.module.api_gateway.aws_apigatewayv2_api.this",
            "module.tf_next.module.proxy.module.edge_proxy.aws_cloudwatch_log_group.lambda",
            "module.tf_next.module.proxy.module.edge_proxy.aws_iam_role.lambda",
            "module.tf_next.module.proxy.module.edge_proxy.aws_lambda_function.this",
            "module.tf_next.module.proxy.module.edge_proxy.aws_s3_bucket_object.lambda_package",
            "module.tf_next.module.proxy.module.edge_proxy.data.aws_iam_policy_document.assume_role",
            "module.tf_next.module.proxy.module.edge_proxy.data.external.archive_prepare",
            "module.tf_next.module.proxy.module.edge_proxy.local_file.archive_plan",
            "module.tf_next.module.proxy.module.edge_proxy.null_resource.archive",
            "module.tf_next.module.proxy.module.proxy_package.data.external.download",
            "module.tf_next.module.proxy.module.proxy_package.data.external.this",
            "module.tf_next.module.proxy_config.aws_cloudfront_distribution.distribution",
            "module.tf_next.module.proxy_config.aws_cloudfront_origin_access_identity.this",
            "module.tf_next.module.proxy_config.aws_s3_bucket.proxy_config_store",
            "module.tf_next.module.proxy_config.data.aws_cloudfront_cache_policy.managed_caching_optimized_for_uncompressed_objects",
            "module.tf_next.module.proxy_config.data.aws_cloudfront_origin_request_policy.managed_cors_s3_origin",
            "module.tf_next.module.statics_deploy.aws_cloudfront_origin_access_identity.this",
            "module.tf_next.module.statics_deploy.aws_s3_bucket.static_deploy",
            "module.tf_next.module.statics_deploy.aws_sqs_queue.this",
            "module.tf_next.module.statics_deploy.module.deploy_trigger.aws_cloudwatch_log_group.lambda",
            "module.tf_next.module.statics_deploy.module.deploy_trigger.aws_iam_role.lambda",
            "module.tf_next.module.statics_deploy.module.deploy_trigger.aws_s3_bucket_object.lambda_package",
            "module.tf_next.module.statics_deploy.module.deploy_trigger.data.aws_iam_policy_document.assume_role",
            "module.tf_next.module.statics_deploy.module.deploy_trigger.data.external.archive_prepare",
            "module.tf_next.module.statics_deploy.module.deploy_trigger.local_file.archive_plan",
            "module.tf_next.module.statics_deploy.module.deploy_trigger.null_resource.archive",
            "module.tf_next.module.statics_deploy.module.lambda_content.data.external.download",
            "module.tf_next.module.statics_deploy.module.lambda_content.data.external.this"
          ]
        }
      ]
    },
    {
      "module": "module.tf_next.module.statics_deploy.module.deploy_trigger",
      "mode": "managed",
      "type": "aws_lambda_permission",
      "name": "current_version_triggers",
      "provider": "provider[\"registry.terraform.io/hashicorp/aws\"]",
      "instances": [
        {
          "index_key": "AllowExecutionFromS3Bucket",
          "schema_version": 0,
          "attributes": {
            "action": "lambda:InvokeFunction",
            "event_source_token": null,
            "function_name": "tf-next_tfn-deploy",
            "id": "AllowExecutionFromS3Bucket",
            "principal": "s3.amazonaws.com",
            "qualifier": "1",
            "source_account": null,
            "source_arn": "arn:aws:s3:::tf-next-tfn-deploy20220201020130713500000008",
            "statement_id": "AllowExecutionFromS3Bucket",
            "statement_id_prefix": null
          },
          "sensitive_attributes": [],
          "private": "bnVsbA==",
          "dependencies": [
            "module.tf_next.aws_cloudfront_cache_policy.this",
            "module.tf_next.data.aws_cloudfront_cache_policy.managed_caching_optimized",
            "module.tf_next.data.aws_cloudfront_origin_request_policy.managed_all_viewer",
            "module.tf_next.data.aws_cloudfront_origin_request_policy.managed_cors_s3_origin",
            "module.tf_next.module.api_gateway.aws_apigatewayv2_api.this",
            "module.tf_next.module.cloudfront_main.aws_cloudfront_distribution.distribution",
            "module.tf_next.module.next_image.aws_cloudfront_cache_policy.this",
            "module.tf_next.module.next_image.aws_cloudfront_origin_request_policy.this",
            "module.tf_next.module.next_image.data.aws_region.current",
            "module.tf_next.module.next_image.module.api_gateway.aws_apigatewayv2_api.this",
            "module.tf_next.module.proxy.module.edge_proxy.aws_cloudwatch_log_group.lambda",
            "module.tf_next.module.proxy.module.edge_proxy.aws_iam_role.lambda",
            "module.tf_next.module.proxy.module.edge_proxy.aws_lambda_function.this",
            "module.tf_next.module.proxy.module.edge_proxy.aws_s3_bucket_object.lambda_package",
            "module.tf_next.module.proxy.module.edge_proxy.data.aws_iam_policy_document.assume_role",
            "module.tf_next.module.proxy.module.edge_proxy.data.external.archive_prepare",
            "module.tf_next.module.proxy.module.edge_proxy.local_file.archive_plan",
            "module.tf_next.module.proxy.module.edge_proxy.null_resource.archive",
            "module.tf_next.module.proxy.module.proxy_package.data.external.download",
            "module.tf_next.module.proxy.module.proxy_package.data.external.this",
            "module.tf_next.module.proxy_config.aws_cloudfront_distribution.distribution",
            "module.tf_next.module.proxy_config.aws_cloudfront_origin_access_identity.this",
            "module.tf_next.module.proxy_config.aws_s3_bucket.proxy_config_store",
            "module.tf_next.module.proxy_config.data.aws_cloudfront_cache_policy.managed_caching_optimized_for_uncompressed_objects",
            "module.tf_next.module.proxy_config.data.aws_cloudfront_origin_request_policy.managed_cors_s3_origin",
            "module.tf_next.module.statics_deploy.aws_cloudfront_origin_access_identity.this",
            "module.tf_next.module.statics_deploy.aws_s3_bucket.static_deploy",
            "module.tf_next.module.statics_deploy.aws_s3_bucket.static_upload",
            "module.tf_next.module.statics_deploy.aws_sns_topic.this",
            "module.tf_next.module.statics_deploy.aws_sqs_queue.this",
            "module.tf_next.module.statics_deploy.module.deploy_trigger.aws_cloudwatch_log_group.lambda",
            "module.tf_next.module.statics_deploy.module.deploy_trigger.aws_iam_role.lambda",
            "module.tf_next.module.statics_deploy.module.deploy_trigger.aws_lambda_function.this",
            "module.tf_next.module.statics_deploy.module.deploy_trigger.aws_s3_bucket_object.lambda_package",
            "module.tf_next.module.statics_deploy.module.deploy_trigger.data.aws_iam_policy_document.assume_role",
            "module.tf_next.module.statics_deploy.module.deploy_trigger.data.external.archive_prepare",
            "module.tf_next.module.statics_deploy.module.deploy_trigger.local_file.archive_plan",
            "module.tf_next.module.statics_deploy.module.deploy_trigger.null_resource.archive",
            "module.tf_next.module.statics_deploy.module.lambda_content.data.external.download",
            "module.tf_next.module.statics_deploy.module.lambda_content.data.external.this"
          ]
        },
        {
          "index_key": "InvalidationQueue",
          "schema_version": 0,
          "attributes": {
            "action": "lambda:InvokeFunction",
            "event_source_token": null,
            "function_name": "tf-next_tfn-deploy",
            "id": "InvalidationQueue",
            "principal": "sqs.amazonaws.com",
            "qualifier": "1",
            "source_account": null,
            "source_arn": "arn:aws:sns:us-east-1:380739962837:tf-next20220201020129405600000004",
            "statement_id": "InvalidationQueue",
            "statement_id_prefix": null
          },
          "sensitive_attributes": [],
          "private": "bnVsbA==",
          "dependencies": [
            "module.tf_next.aws_cloudfront_cache_policy.this",
            "module.tf_next.data.aws_cloudfront_cache_policy.managed_caching_optimized",
            "module.tf_next.data.aws_cloudfront_origin_request_policy.managed_all_viewer",
            "module.tf_next.data.aws_cloudfront_origin_request_policy.managed_cors_s3_origin",
            "module.tf_next.module.api_gateway.aws_apigatewayv2_api.this",
            "module.tf_next.module.cloudfront_main.aws_cloudfront_distribution.distribution",
            "module.tf_next.module.next_image.aws_cloudfront_cache_policy.this",
            "module.tf_next.module.next_image.aws_cloudfront_origin_request_policy.this",
            "module.tf_next.module.next_image.data.aws_region.current",
            "module.tf_next.module.next_image.module.api_gateway.aws_apigatewayv2_api.this",
            "module.tf_next.module.proxy.module.edge_proxy.aws_cloudwatch_log_group.lambda",
            "module.tf_next.module.proxy.module.edge_proxy.aws_iam_role.lambda",
            "module.tf_next.module.proxy.module.edge_proxy.aws_lambda_function.this",
            "module.tf_next.module.proxy.module.edge_proxy.aws_s3_bucket_object.lambda_package",
            "module.tf_next.module.proxy.module.edge_proxy.data.aws_iam_policy_document.assume_role",
            "module.tf_next.module.proxy.module.edge_proxy.data.external.archive_prepare",
            "module.tf_next.module.proxy.module.edge_proxy.local_file.archive_plan",
            "module.tf_next.module.proxy.module.edge_proxy.null_resource.archive",
            "module.tf_next.module.proxy.module.proxy_package.data.external.download",
            "module.tf_next.module.proxy.module.proxy_package.data.external.this",
            "module.tf_next.module.proxy_config.aws_cloudfront_distribution.distribution",
            "module.tf_next.module.proxy_config.aws_cloudfront_origin_access_identity.this",
            "module.tf_next.module.proxy_config.aws_s3_bucket.proxy_config_store",
            "module.tf_next.module.proxy_config.data.aws_cloudfront_cache_policy.managed_caching_optimized_for_uncompressed_objects",
            "module.tf_next.module.proxy_config.data.aws_cloudfront_origin_request_policy.managed_cors_s3_origin",
            "module.tf_next.module.statics_deploy.aws_cloudfront_origin_access_identity.this",
            "module.tf_next.module.statics_deploy.aws_s3_bucket.static_deploy",
            "module.tf_next.module.statics_deploy.aws_s3_bucket.static_upload",
            "module.tf_next.module.statics_deploy.aws_sns_topic.this",
            "module.tf_next.module.statics_deploy.aws_sqs_queue.this",
            "module.tf_next.module.statics_deploy.module.deploy_trigger.aws_cloudwatch_log_group.lambda",
            "module.tf_next.module.statics_deploy.module.deploy_trigger.aws_iam_role.lambda",
            "module.tf_next.module.statics_deploy.module.deploy_trigger.aws_lambda_function.this",
            "module.tf_next.module.statics_deploy.module.deploy_trigger.aws_s3_bucket_object.lambda_package",
            "module.tf_next.module.statics_deploy.module.deploy_trigger.data.aws_iam_policy_document.assume_role",
            "module.tf_next.module.statics_deploy.module.deploy_trigger.data.external.archive_prepare",
            "module.tf_next.module.statics_deploy.module.deploy_trigger.local_file.archive_plan",
            "module.tf_next.module.statics_deploy.module.deploy_trigger.null_resource.archive",
            "module.tf_next.module.statics_deploy.module.lambda_content.data.external.download",
            "module.tf_next.module.statics_deploy.module.lambda_content.data.external.this"
          ]
        }
      ]
    },
    {
      "module": "module.tf_next.module.statics_deploy.module.deploy_trigger",
      "mode": "managed",
      "type": "aws_lambda_permission",
      "name": "unqualified_alias_triggers",
      "provider": "provider[\"registry.terraform.io/hashicorp/aws\"]",
      "instances": [
        {
          "index_key": "AllowExecutionFromS3Bucket",
          "schema_version": 0,
          "attributes": {
            "action": "lambda:InvokeFunction",
            "event_source_token": null,
            "function_name": "tf-next_tfn-deploy",
            "id": "AllowExecutionFromS3Bucket",
            "principal": "s3.amazonaws.com",
            "qualifier": "",
            "source_account": null,
            "source_arn": "arn:aws:s3:::tf-next-tfn-deploy20220201020130713500000008",
            "statement_id": "AllowExecutionFromS3Bucket",
            "statement_id_prefix": null
          },
          "sensitive_attributes": [],
          "private": "bnVsbA==",
          "dependencies": [
            "module.tf_next.aws_cloudfront_cache_policy.this",
            "module.tf_next.data.aws_cloudfront_cache_policy.managed_caching_optimized",
            "module.tf_next.data.aws_cloudfront_origin_request_policy.managed_all_viewer",
            "module.tf_next.data.aws_cloudfront_origin_request_policy.managed_cors_s3_origin",
            "module.tf_next.module.api_gateway.aws_apigatewayv2_api.this",
            "module.tf_next.module.cloudfront_main.aws_cloudfront_distribution.distribution",
            "module.tf_next.module.next_image.aws_cloudfront_cache_policy.this",
            "module.tf_next.module.next_image.aws_cloudfront_origin_request_policy.this",
            "module.tf_next.module.next_image.data.aws_region.current",
            "module.tf_next.module.next_image.module.api_gateway.aws_apigatewayv2_api.this",
            "module.tf_next.module.proxy.module.edge_proxy.aws_cloudwatch_log_group.lambda",
            "module.tf_next.module.proxy.module.edge_proxy.aws_iam_role.lambda",
            "module.tf_next.module.proxy.module.edge_proxy.aws_lambda_function.this",
            "module.tf_next.module.proxy.module.edge_proxy.aws_s3_bucket_object.lambda_package",
            "module.tf_next.module.proxy.module.edge_proxy.data.aws_iam_policy_document.assume_role",
            "module.tf_next.module.proxy.module.edge_proxy.data.external.archive_prepare",
            "module.tf_next.module.proxy.module.edge_proxy.local_file.archive_plan",
            "module.tf_next.module.proxy.module.edge_proxy.null_resource.archive",
            "module.tf_next.module.proxy.module.proxy_package.data.external.download",
            "module.tf_next.module.proxy.module.proxy_package.data.external.this",
            "module.tf_next.module.proxy_config.aws_cloudfront_distribution.distribution",
            "module.tf_next.module.proxy_config.aws_cloudfront_origin_access_identity.this",
            "module.tf_next.module.proxy_config.aws_s3_bucket.proxy_config_store",
            "module.tf_next.module.proxy_config.data.aws_cloudfront_cache_policy.managed_caching_optimized_for_uncompressed_objects",
            "module.tf_next.module.proxy_config.data.aws_cloudfront_origin_request_policy.managed_cors_s3_origin",
            "module.tf_next.module.statics_deploy.aws_cloudfront_origin_access_identity.this",
            "module.tf_next.module.statics_deploy.aws_s3_bucket.static_deploy",
            "module.tf_next.module.statics_deploy.aws_s3_bucket.static_upload",
            "module.tf_next.module.statics_deploy.aws_sns_topic.this",
            "module.tf_next.module.statics_deploy.aws_sqs_queue.this",
            "module.tf_next.module.statics_deploy.module.deploy_trigger.aws_cloudwatch_log_group.lambda",
            "module.tf_next.module.statics_deploy.module.deploy_trigger.aws_iam_role.lambda",
            "module.tf_next.module.statics_deploy.module.deploy_trigger.aws_lambda_function.this",
            "module.tf_next.module.statics_deploy.module.deploy_trigger.aws_s3_bucket_object.lambda_package",
            "module.tf_next.module.statics_deploy.module.deploy_trigger.data.aws_iam_policy_document.assume_role",
            "module.tf_next.module.statics_deploy.module.deploy_trigger.data.external.archive_prepare",
            "module.tf_next.module.statics_deploy.module.deploy_trigger.local_file.archive_plan",
            "module.tf_next.module.statics_deploy.module.deploy_trigger.null_resource.archive",
            "module.tf_next.module.statics_deploy.module.lambda_content.data.external.download",
            "module.tf_next.module.statics_deploy.module.lambda_content.data.external.this"
          ]
        },
        {
          "index_key": "InvalidationQueue",
          "schema_version": 0,
          "attributes": {
            "action": "lambda:InvokeFunction",
            "event_source_token": null,
            "function_name": "tf-next_tfn-deploy",
            "id": "InvalidationQueue",
            "principal": "sqs.amazonaws.com",
            "qualifier": "",
            "source_account": null,
            "source_arn": "arn:aws:sns:us-east-1:380739962837:tf-next20220201020129405600000004",
            "statement_id": "InvalidationQueue",
            "statement_id_prefix": null
          },
          "sensitive_attributes": [],
          "private": "bnVsbA==",
          "dependencies": [
            "module.tf_next.aws_cloudfront_cache_policy.this",
            "module.tf_next.data.aws_cloudfront_cache_policy.managed_caching_optimized",
            "module.tf_next.data.aws_cloudfront_origin_request_policy.managed_all_viewer",
            "module.tf_next.data.aws_cloudfront_origin_request_policy.managed_cors_s3_origin",
            "module.tf_next.module.api_gateway.aws_apigatewayv2_api.this",
            "module.tf_next.module.cloudfront_main.aws_cloudfront_distribution.distribution",
            "module.tf_next.module.next_image.aws_cloudfront_cache_policy.this",
            "module.tf_next.module.next_image.aws_cloudfront_origin_request_policy.this",
            "module.tf_next.module.next_image.data.aws_region.current",
            "module.tf_next.module.next_image.module.api_gateway.aws_apigatewayv2_api.this",
            "module.tf_next.module.proxy.module.edge_proxy.aws_cloudwatch_log_group.lambda",
            "module.tf_next.module.proxy.module.edge_proxy.aws_iam_role.lambda",
            "module.tf_next.module.proxy.module.edge_proxy.aws_lambda_function.this",
            "module.tf_next.module.proxy.module.edge_proxy.aws_s3_bucket_object.lambda_package",
            "module.tf_next.module.proxy.module.edge_proxy.data.aws_iam_policy_document.assume_role",
            "module.tf_next.module.proxy.module.edge_proxy.data.external.archive_prepare",
            "module.tf_next.module.proxy.module.edge_proxy.local_file.archive_plan",
            "module.tf_next.module.proxy.module.edge_proxy.null_resource.archive",
            "module.tf_next.module.proxy.module.proxy_package.data.external.download",
            "module.tf_next.module.proxy.module.proxy_package.data.external.this",
            "module.tf_next.module.proxy_config.aws_cloudfront_distribution.distribution",
            "module.tf_next.module.proxy_config.aws_cloudfront_origin_access_identity.this",
            "module.tf_next.module.proxy_config.aws_s3_bucket.proxy_config_store",
            "module.tf_next.module.proxy_config.data.aws_cloudfront_cache_policy.managed_caching_optimized_for_uncompressed_objects",
            "module.tf_next.module.proxy_config.data.aws_cloudfront_origin_request_policy.managed_cors_s3_origin",
            "module.tf_next.module.statics_deploy.aws_cloudfront_origin_access_identity.this",
            "module.tf_next.module.statics_deploy.aws_s3_bucket.static_deploy",
            "module.tf_next.module.statics_deploy.aws_s3_bucket.static_upload",
            "module.tf_next.module.statics_deploy.aws_sns_topic.this",
            "module.tf_next.module.statics_deploy.aws_sqs_queue.this",
            "module.tf_next.module.statics_deploy.module.deploy_trigger.aws_cloudwatch_log_group.lambda",
            "module.tf_next.module.statics_deploy.module.deploy_trigger.aws_iam_role.lambda",
            "module.tf_next.module.statics_deploy.module.deploy_trigger.aws_lambda_function.this",
            "module.tf_next.module.statics_deploy.module.deploy_trigger.aws_s3_bucket_object.lambda_package",
            "module.tf_next.module.statics_deploy.module.deploy_trigger.data.aws_iam_policy_document.assume_role",
            "module.tf_next.module.statics_deploy.module.deploy_trigger.data.external.archive_prepare",
            "module.tf_next.module.statics_deploy.module.deploy_trigger.local_file.archive_plan",
            "module.tf_next.module.statics_deploy.module.deploy_trigger.null_resource.archive",
            "module.tf_next.module.statics_deploy.module.lambda_content.data.external.download",
            "module.tf_next.module.statics_deploy.module.lambda_content.data.external.this"
          ]
        }
      ]
    },
    {
      "module": "module.tf_next.module.statics_deploy.module.lambda_content",
      "mode": "data",
      "type": "external",
      "name": "download",
      "provider": "provider[\"registry.terraform.io/hashicorp/external\"]",
      "instances": [
        {
          "index_key": 0,
          "schema_version": 0,
          "attributes": {
            "id": "-",
            "program": [
              "bash",
              ".terraform/modules/tf_next.statics_deploy.lambda_content/download.sh",
              "https://cdn.jsdelivr.net/npm/@millihq/terraform-next-deploy-trigger@0.11.3/dist.zip",
              ".terraform/modules/tf_next.statics_deploy.lambda_content/download/@millihq/terraform-next-deploy-trigger/dist.zip"
            ],
            "query": null,
            "result": {
              "path": ".terraform/modules/tf_next.statics_deploy.lambda_content/download/@millihq/terraform-next-deploy-trigger/dist.zip"
            },
            "working_dir": null
          },
          "sensitive_attributes": []
        }
      ]
    }
  ]
}
